// !$*UTF8*$!
{
	archiveVersion = 1;
	classes = {
	};
	objectVersion = 45;
	objects = {

/* Begin PBXBuildFile section */
		1DDD58160DA1D0A300B32029 /* MainMenu.xib in Resources */ = {isa = PBXBuildFile; fileRef = 1DDD58140DA1D0A300B32029 /* MainMenu.xib */; };
		660B7F5513BF60C2001ECF63 /* GameView.m in Sources */ = {isa = PBXBuildFile; fileRef = 660B7F5413BF60C2001ECF63 /* GameView.m */; };
		660B7FA113BF8EC8001ECF63 /* TileMap.m in Sources */ = {isa = PBXBuildFile; fileRef = 660B7FA013BF8EC8001ECF63 /* TileMap.m */; };
		660B7FA513BFBC31001ECF63 /* Test.psd in Resources */ = {isa = PBXBuildFile; fileRef = 660B7FA413BFBC31001ECF63 /* Test.psd */; };
		660B803713BFD4AB001ECF63 /* Room.m in Sources */ = {isa = PBXBuildFile; fileRef = 660B803613BFD4AB001ECF63 /* Room.m */; };
		660B803A13BFD4C0001ECF63 /* Test.plist in Resources */ = {isa = PBXBuildFile; fileRef = 660B803913BFD4C0001ECF63 /* Test.plist */; };
		660B803F13C0D88D001ECF63 /* Layer.m in Sources */ = {isa = PBXBuildFile; fileRef = 660B803E13C0D88D001ECF63 /* Layer.m */; };
		6677DDE813D2F51F00A43DF4 /* Collision Data.plist in Resources */ = {isa = PBXBuildFile; fileRef = 6677DDE613D2F51F00A43DF4 /* Collision Data.plist */; };
		6677DDE913D2F51F00A43DF4 /* Collision Shapes.psd in Resources */ = {isa = PBXBuildFile; fileRef = 6677DDE713D2F51F00A43DF4 /* Collision Shapes.psd */; };
		6677DE2F13D3085200A43DF4 /* Collision.m in Sources */ = {isa = PBXBuildFile; fileRef = 6677DE2E13D3085200A43DF4 /* Collision.m */; };
		66C75B8C13BE801C002D8411 /* AppDelegate.m in Sources */ = {isa = PBXBuildFile; fileRef = 66C75B8B13BE801C002D8411 /* AppDelegate.m */; };
		66C75BF413BE83A0002D8411 /* main.m in Sources */ = {isa = PBXBuildFile; fileRef = 66C75BF313BE83A0002D8411 /* main.m */; };
		66C75C3913BE83F8002D8411 /* chipmunk.c in Sources */ = {isa = PBXBuildFile; fileRef = 66C75C1813BE83F8002D8411 /* chipmunk.c */; };
		66C75C3A13BE83F8002D8411 /* CMakeLists.txt in Resources */ = {isa = PBXBuildFile; fileRef = 66C75C1913BE83F8002D8411 /* CMakeLists.txt */; };
		66C75C3B13BE83F8002D8411 /* cpConstraint.c in Sources */ = {isa = PBXBuildFile; fileRef = 66C75C1B13BE83F8002D8411 /* cpConstraint.c */; };
		66C75C3C13BE83F8002D8411 /* cpDampedRotarySpring.c in Sources */ = {isa = PBXBuildFile; fileRef = 66C75C1C13BE83F8002D8411 /* cpDampedRotarySpring.c */; };
		66C75C3D13BE83F8002D8411 /* cpDampedSpring.c in Sources */ = {isa = PBXBuildFile; fileRef = 66C75C1D13BE83F8002D8411 /* cpDampedSpring.c */; };
		66C75C3E13BE83F8002D8411 /* cpGearJoint.c in Sources */ = {isa = PBXBuildFile; fileRef = 66C75C1E13BE83F8002D8411 /* cpGearJoint.c */; };
		66C75C3F13BE83F8002D8411 /* cpGrooveJoint.c in Sources */ = {isa = PBXBuildFile; fileRef = 66C75C1F13BE83F8002D8411 /* cpGrooveJoint.c */; };
		66C75C4013BE83F8002D8411 /* cpPinJoint.c in Sources */ = {isa = PBXBuildFile; fileRef = 66C75C2013BE83F8002D8411 /* cpPinJoint.c */; };
		66C75C4113BE83F8002D8411 /* cpPivotJoint.c in Sources */ = {isa = PBXBuildFile; fileRef = 66C75C2113BE83F8002D8411 /* cpPivotJoint.c */; };
		66C75C4213BE83F8002D8411 /* cpRatchetJoint.c in Sources */ = {isa = PBXBuildFile; fileRef = 66C75C2213BE83F8002D8411 /* cpRatchetJoint.c */; };
		66C75C4313BE83F8002D8411 /* cpRotaryLimitJoint.c in Sources */ = {isa = PBXBuildFile; fileRef = 66C75C2313BE83F8002D8411 /* cpRotaryLimitJoint.c */; };
		66C75C4413BE83F8002D8411 /* cpSimpleMotor.c in Sources */ = {isa = PBXBuildFile; fileRef = 66C75C2413BE83F8002D8411 /* cpSimpleMotor.c */; };
		66C75C4513BE83F8002D8411 /* cpSlideJoint.c in Sources */ = {isa = PBXBuildFile; fileRef = 66C75C2513BE83F8002D8411 /* cpSlideJoint.c */; };
		66C75C4613BE83F8002D8411 /* cpArbiter.c in Sources */ = {isa = PBXBuildFile; fileRef = 66C75C2613BE83F8002D8411 /* cpArbiter.c */; };
		66C75C4713BE83F8002D8411 /* cpArray.c in Sources */ = {isa = PBXBuildFile; fileRef = 66C75C2713BE83F8002D8411 /* cpArray.c */; };
		66C75C4813BE83F8002D8411 /* cpBB.c in Sources */ = {isa = PBXBuildFile; fileRef = 66C75C2813BE83F8002D8411 /* cpBB.c */; };
		66C75C4913BE83F8002D8411 /* cpBBTree.c in Sources */ = {isa = PBXBuildFile; fileRef = 66C75C2913BE83F8002D8411 /* cpBBTree.c */; };
		66C75C4A13BE83F8002D8411 /* cpBody.c in Sources */ = {isa = PBXBuildFile; fileRef = 66C75C2A13BE83F8002D8411 /* cpBody.c */; };
		66C75C4B13BE83F8002D8411 /* cpCollision.c in Sources */ = {isa = PBXBuildFile; fileRef = 66C75C2B13BE83F8002D8411 /* cpCollision.c */; };
		66C75C4C13BE83F8002D8411 /* cpHashSet.c in Sources */ = {isa = PBXBuildFile; fileRef = 66C75C2C13BE83F8002D8411 /* cpHashSet.c */; };
		66C75C4D13BE83F8002D8411 /* cpPolyShape.c in Sources */ = {isa = PBXBuildFile; fileRef = 66C75C2D13BE83F8002D8411 /* cpPolyShape.c */; };
		66C75C4E13BE83F8002D8411 /* cpShape.c in Sources */ = {isa = PBXBuildFile; fileRef = 66C75C2E13BE83F8002D8411 /* cpShape.c */; };
		66C75C4F13BE83F8002D8411 /* cpSpace.c in Sources */ = {isa = PBXBuildFile; fileRef = 66C75C2F13BE83F8002D8411 /* cpSpace.c */; };
		66C75C5013BE83F8002D8411 /* cpSpaceComponent.c in Sources */ = {isa = PBXBuildFile; fileRef = 66C75C3013BE83F8002D8411 /* cpSpaceComponent.c */; };
		66C75C5113BE83F8002D8411 /* cpSpaceHash.c in Sources */ = {isa = PBXBuildFile; fileRef = 66C75C3113BE83F8002D8411 /* cpSpaceHash.c */; };
		66C75C5213BE83F8002D8411 /* cpSpaceQuery.c in Sources */ = {isa = PBXBuildFile; fileRef = 66C75C3213BE83F8002D8411 /* cpSpaceQuery.c */; };
		66C75C5313BE83F8002D8411 /* cpSpaceStep.c in Sources */ = {isa = PBXBuildFile; fileRef = 66C75C3313BE83F8002D8411 /* cpSpaceStep.c */; };
		66C75C5413BE83F8002D8411 /* cpSpatialIndex.c in Sources */ = {isa = PBXBuildFile; fileRef = 66C75C3413BE83F8002D8411 /* cpSpatialIndex.c */; };
		66C75C5513BE83F8002D8411 /* cpSweep1D.c in Sources */ = {isa = PBXBuildFile; fileRef = 66C75C3513BE83F8002D8411 /* cpSweep1D.c */; };
		66C75C5613BE83F8002D8411 /* cpVect.c in Sources */ = {isa = PBXBuildFile; fileRef = 66C75C3613BE83F8002D8411 /* cpVect.c */; };
		66C75C5713BE83F8002D8411 /* LICENSE.txt in Resources */ = {isa = PBXBuildFile; fileRef = 66C75C3713BE83F8002D8411 /* LICENSE.txt */; };
		66C75C8F13BE87EB002D8411 /* OpenGL.framework in Frameworks */ = {isa = PBXBuildFile; fileRef = 66C75C8E13BE87EA002D8411 /* OpenGL.framework */; };
		66CAD5A313CA2C4500798383 /* Player.m in Sources */ = {isa = PBXBuildFile; fileRef = 66CAD5A213CA2C4500798383 /* Player.m */; };
		66CAD5A613CA2EF600798383 /* GameObject.m in Sources */ = {isa = PBXBuildFile; fileRef = 66CAD5A513CA2EF600798383 /* GameObject.m */; };
		66CBE08D13C25AED00D73D1F /* FBO.m in Sources */ = {isa = PBXBuildFile; fileRef = 66CBE08C13C25AED00D73D1F /* FBO.m */; };
		66CBE0B713C26C8B00D73D1F /* Game.m in Sources */ = {isa = PBXBuildFile; fileRef = 66CBE0B613C26C8B00D73D1F /* Game.m */; };
		8D11072B0486CEB800E47090 /* InfoPlist.strings in Resources */ = {isa = PBXBuildFile; fileRef = 089C165CFE840E0CC02AAC07 /* InfoPlist.strings */; };
		8D11072F0486CEB800E47090 /* Cocoa.framework in Frameworks */ = {isa = PBXBuildFile; fileRef = 1058C7A1FEA54F0111CA2CBB /* Cocoa.framework */; };
/* End PBXBuildFile section */

/* Begin PBXFileReference section */
		089C165DFE840E0CC02AAC07 /* English */ = {isa = PBXFileReference; fileEncoding = 4; lastKnownFileType = text.plist.strings; name = English; path = English.lproj/InfoPlist.strings; sourceTree = "<group>"; };
		1058C7A1FEA54F0111CA2CBB /* Cocoa.framework */ = {isa = PBXFileReference; lastKnownFileType = wrapper.framework; name = Cocoa.framework; path = /System/Library/Frameworks/Cocoa.framework; sourceTree = "<absolute>"; };
		13E42FB307B3F0F600E4EEF1 /* CoreData.framework */ = {isa = PBXFileReference; lastKnownFileType = wrapper.framework; name = CoreData.framework; path = /System/Library/Frameworks/CoreData.framework; sourceTree = "<absolute>"; };
		1DDD58150DA1D0A300B32029 /* English */ = {isa = PBXFileReference; lastKnownFileType = file.xib; name = English; path = English.lproj/MainMenu.xib; sourceTree = "<group>"; };
		29B97324FDCFA39411CA2CEA /* AppKit.framework */ = {isa = PBXFileReference; lastKnownFileType = wrapper.framework; name = AppKit.framework; path = /System/Library/Frameworks/AppKit.framework; sourceTree = "<absolute>"; };
		29B97325FDCFA39411CA2CEA /* Foundation.framework */ = {isa = PBXFileReference; lastKnownFileType = wrapper.framework; name = Foundation.framework; path = /System/Library/Frameworks/Foundation.framework; sourceTree = "<absolute>"; };
		660B7F5313BF60C2001ECF63 /* GameView.h */ = {isa = PBXFileReference; fileEncoding = 4; lastKnownFileType = sourcecode.c.h; path = GameView.h; sourceTree = "<group>"; };
		660B7F5413BF60C2001ECF63 /* GameView.m */ = {isa = PBXFileReference; fileEncoding = 4; lastKnownFileType = sourcecode.c.objc; path = GameView.m; sourceTree = "<group>"; };
		660B7F9F13BF8EC8001ECF63 /* TileMap.h */ = {isa = PBXFileReference; fileEncoding = 4; lastKnownFileType = sourcecode.c.h; path = TileMap.h; sourceTree = "<group>"; };
		660B7FA013BF8EC8001ECF63 /* TileMap.m */ = {isa = PBXFileReference; fileEncoding = 4; lastKnownFileType = sourcecode.c.objc; path = TileMap.m; sourceTree = "<group>"; };
		660B7FA413BFBC31001ECF63 /* Test.psd */ = {isa = PBXFileReference; lastKnownFileType = file; path = Test.psd; sourceTree = "<group>"; };
		660B803513BFD4AB001ECF63 /* Room.h */ = {isa = PBXFileReference; fileEncoding = 4; lastKnownFileType = sourcecode.c.h; path = Room.h; sourceTree = "<group>"; };
		660B803613BFD4AB001ECF63 /* Room.m */ = {isa = PBXFileReference; fileEncoding = 4; lastKnownFileType = sourcecode.c.objc; path = Room.m; sourceTree = "<group>"; };
		660B803913BFD4C0001ECF63 /* Test.plist */ = {isa = PBXFileReference; fileEncoding = 4; lastKnownFileType = text.plist.xml; path = Test.plist; sourceTree = "<group>"; };
		660B803D13C0D88D001ECF63 /* Layer.h */ = {isa = PBXFileReference; fileEncoding = 4; lastKnownFileType = sourcecode.c.h; path = Layer.h; sourceTree = "<group>"; };
		660B803E13C0D88D001ECF63 /* Layer.m */ = {isa = PBXFileReference; fileEncoding = 4; lastKnownFileType = sourcecode.c.objc; path = Layer.m; sourceTree = "<group>"; };
		6677DDE613D2F51F00A43DF4 /* Collision Data.plist */ = {isa = PBXFileReference; fileEncoding = 4; lastKnownFileType = text.plist.xml; path = "Collision Data.plist"; sourceTree = "<group>"; };
		6677DDE713D2F51F00A43DF4 /* Collision Shapes.psd */ = {isa = PBXFileReference; lastKnownFileType = file; path = "Collision Shapes.psd"; sourceTree = "<group>"; };
		6677DE2D13D3085200A43DF4 /* Collision.h */ = {isa = PBXFileReference; fileEncoding = 4; lastKnownFileType = sourcecode.c.h; path = Collision.h; sourceTree = "<group>"; };
		6677DE2E13D3085200A43DF4 /* Collision.m */ = {isa = PBXFileReference; fileEncoding = 4; lastKnownFileType = sourcecode.c.objc; path = Collision.m; sourceTree = "<group>"; };
		66C75B8A13BE801C002D8411 /* AppDelegate.h */ = {isa = PBXFileReference; fileEncoding = 4; lastKnownFileType = sourcecode.c.h; path = AppDelegate.h; sourceTree = "<group>"; };
		66C75B8B13BE801C002D8411 /* AppDelegate.m */ = {isa = PBXFileReference; fileEncoding = 4; lastKnownFileType = sourcecode.c.objc; path = AppDelegate.m; sourceTree = "<group>"; };
		66C75B9213BE8060002D8411 /* Info.plist */ = {isa = PBXFileReference; fileEncoding = 4; lastKnownFileType = text.plist.xml; path = Info.plist; sourceTree = "<group>"; };
		66C75BF313BE83A0002D8411 /* main.m */ = {isa = PBXFileReference; fileEncoding = 4; lastKnownFileType = sourcecode.c.objc; path = main.m; sourceTree = "<group>"; };
		66C75BFD13BE83F8002D8411 /* chipmunk.h */ = {isa = PBXFileReference; fileEncoding = 4; lastKnownFileType = sourcecode.c.h; path = chipmunk.h; sourceTree = "<group>"; };
		66C75BFE13BE83F8002D8411 /* chipmunk_ffi.h */ = {isa = PBXFileReference; fileEncoding = 4; lastKnownFileType = sourcecode.c.h; path = chipmunk_ffi.h; sourceTree = "<group>"; };
		66C75BFF13BE83F8002D8411 /* chipmunk_private.h */ = {isa = PBXFileReference; fileEncoding = 4; lastKnownFileType = sourcecode.c.h; path = chipmunk_private.h; sourceTree = "<group>"; };
		66C75C0013BE83F8002D8411 /* chipmunk_types.h */ = {isa = PBXFileReference; fileEncoding = 4; lastKnownFileType = sourcecode.c.h; path = chipmunk_types.h; sourceTree = "<group>"; };
		66C75C0113BE83F8002D8411 /* chipmunk_unsafe.h */ = {isa = PBXFileReference; fileEncoding = 4; lastKnownFileType = sourcecode.c.h; path = chipmunk_unsafe.h; sourceTree = "<group>"; };
		66C75C0313BE83F8002D8411 /* cpConstraint.h */ = {isa = PBXFileReference; fileEncoding = 4; lastKnownFileType = sourcecode.c.h; path = cpConstraint.h; sourceTree = "<group>"; };
		66C75C0413BE83F8002D8411 /* cpDampedRotarySpring.h */ = {isa = PBXFileReference; fileEncoding = 4; lastKnownFileType = sourcecode.c.h; path = cpDampedRotarySpring.h; sourceTree = "<group>"; };
		66C75C0513BE83F8002D8411 /* cpDampedSpring.h */ = {isa = PBXFileReference; fileEncoding = 4; lastKnownFileType = sourcecode.c.h; path = cpDampedSpring.h; sourceTree = "<group>"; };
		66C75C0613BE83F8002D8411 /* cpGearJoint.h */ = {isa = PBXFileReference; fileEncoding = 4; lastKnownFileType = sourcecode.c.h; path = cpGearJoint.h; sourceTree = "<group>"; };
		66C75C0713BE83F8002D8411 /* cpGrooveJoint.h */ = {isa = PBXFileReference; fileEncoding = 4; lastKnownFileType = sourcecode.c.h; path = cpGrooveJoint.h; sourceTree = "<group>"; };
		66C75C0813BE83F8002D8411 /* cpPinJoint.h */ = {isa = PBXFileReference; fileEncoding = 4; lastKnownFileType = sourcecode.c.h; path = cpPinJoint.h; sourceTree = "<group>"; };
		66C75C0913BE83F8002D8411 /* cpPivotJoint.h */ = {isa = PBXFileReference; fileEncoding = 4; lastKnownFileType = sourcecode.c.h; path = cpPivotJoint.h; sourceTree = "<group>"; };
		66C75C0A13BE83F8002D8411 /* cpRatchetJoint.h */ = {isa = PBXFileReference; fileEncoding = 4; lastKnownFileType = sourcecode.c.h; path = cpRatchetJoint.h; sourceTree = "<group>"; };
		66C75C0B13BE83F8002D8411 /* cpRotaryLimitJoint.h */ = {isa = PBXFileReference; fileEncoding = 4; lastKnownFileType = sourcecode.c.h; path = cpRotaryLimitJoint.h; sourceTree = "<group>"; };
		66C75C0C13BE83F8002D8411 /* cpSimpleMotor.h */ = {isa = PBXFileReference; fileEncoding = 4; lastKnownFileType = sourcecode.c.h; path = cpSimpleMotor.h; sourceTree = "<group>"; };
		66C75C0D13BE83F8002D8411 /* cpSlideJoint.h */ = {isa = PBXFileReference; fileEncoding = 4; lastKnownFileType = sourcecode.c.h; path = cpSlideJoint.h; sourceTree = "<group>"; };
		66C75C0E13BE83F8002D8411 /* util.h */ = {isa = PBXFileReference; fileEncoding = 4; lastKnownFileType = sourcecode.c.h; path = util.h; sourceTree = "<group>"; };
		66C75C0F13BE83F8002D8411 /* cpArbiter.h */ = {isa = PBXFileReference; fileEncoding = 4; lastKnownFileType = sourcecode.c.h; path = cpArbiter.h; sourceTree = "<group>"; };
		66C75C1013BE83F8002D8411 /* cpBB.h */ = {isa = PBXFileReference; fileEncoding = 4; lastKnownFileType = sourcecode.c.h; path = cpBB.h; sourceTree = "<group>"; };
		66C75C1113BE83F8002D8411 /* cpBody.h */ = {isa = PBXFileReference; fileEncoding = 4; lastKnownFileType = sourcecode.c.h; path = cpBody.h; sourceTree = "<group>"; };
		66C75C1213BE83F8002D8411 /* cpPolyShape.h */ = {isa = PBXFileReference; fileEncoding = 4; lastKnownFileType = sourcecode.c.h; path = cpPolyShape.h; sourceTree = "<group>"; };
		66C75C1313BE83F8002D8411 /* cpShape.h */ = {isa = PBXFileReference; fileEncoding = 4; lastKnownFileType = sourcecode.c.h; path = cpShape.h; sourceTree = "<group>"; };
		66C75C1413BE83F8002D8411 /* cpSpace.h */ = {isa = PBXFileReference; fileEncoding = 4; lastKnownFileType = sourcecode.c.h; path = cpSpace.h; sourceTree = "<group>"; };
		66C75C1513BE83F8002D8411 /* cpSpatialIndex.h */ = {isa = PBXFileReference; fileEncoding = 4; lastKnownFileType = sourcecode.c.h; path = cpSpatialIndex.h; sourceTree = "<group>"; };
		66C75C1613BE83F8002D8411 /* cpVect.h */ = {isa = PBXFileReference; fileEncoding = 4; lastKnownFileType = sourcecode.c.h; path = cpVect.h; sourceTree = "<group>"; };
		66C75C1813BE83F8002D8411 /* chipmunk.c */ = {isa = PBXFileReference; fileEncoding = 4; lastKnownFileType = sourcecode.c.c; path = chipmunk.c; sourceTree = "<group>"; };
		66C75C1913BE83F8002D8411 /* CMakeLists.txt */ = {isa = PBXFileReference; fileEncoding = 4; lastKnownFileType = text; path = CMakeLists.txt; sourceTree = "<group>"; };
		66C75C1B13BE83F8002D8411 /* cpConstraint.c */ = {isa = PBXFileReference; fileEncoding = 4; lastKnownFileType = sourcecode.c.c; path = cpConstraint.c; sourceTree = "<group>"; };
		66C75C1C13BE83F8002D8411 /* cpDampedRotarySpring.c */ = {isa = PBXFileReference; fileEncoding = 4; lastKnownFileType = sourcecode.c.c; path = cpDampedRotarySpring.c; sourceTree = "<group>"; };
		66C75C1D13BE83F8002D8411 /* cpDampedSpring.c */ = {isa = PBXFileReference; fileEncoding = 4; lastKnownFileType = sourcecode.c.c; path = cpDampedSpring.c; sourceTree = "<group>"; };
		66C75C1E13BE83F8002D8411 /* cpGearJoint.c */ = {isa = PBXFileReference; fileEncoding = 4; lastKnownFileType = sourcecode.c.c; path = cpGearJoint.c; sourceTree = "<group>"; };
		66C75C1F13BE83F8002D8411 /* cpGrooveJoint.c */ = {isa = PBXFileReference; fileEncoding = 4; lastKnownFileType = sourcecode.c.c; path = cpGrooveJoint.c; sourceTree = "<group>"; };
		66C75C2013BE83F8002D8411 /* cpPinJoint.c */ = {isa = PBXFileReference; fileEncoding = 4; lastKnownFileType = sourcecode.c.c; path = cpPinJoint.c; sourceTree = "<group>"; };
		66C75C2113BE83F8002D8411 /* cpPivotJoint.c */ = {isa = PBXFileReference; fileEncoding = 4; lastKnownFileType = sourcecode.c.c; path = cpPivotJoint.c; sourceTree = "<group>"; };
		66C75C2213BE83F8002D8411 /* cpRatchetJoint.c */ = {isa = PBXFileReference; fileEncoding = 4; lastKnownFileType = sourcecode.c.c; path = cpRatchetJoint.c; sourceTree = "<group>"; };
		66C75C2313BE83F8002D8411 /* cpRotaryLimitJoint.c */ = {isa = PBXFileReference; fileEncoding = 4; lastKnownFileType = sourcecode.c.c; path = cpRotaryLimitJoint.c; sourceTree = "<group>"; };
		66C75C2413BE83F8002D8411 /* cpSimpleMotor.c */ = {isa = PBXFileReference; fileEncoding = 4; lastKnownFileType = sourcecode.c.c; path = cpSimpleMotor.c; sourceTree = "<group>"; };
		66C75C2513BE83F8002D8411 /* cpSlideJoint.c */ = {isa = PBXFileReference; fileEncoding = 4; lastKnownFileType = sourcecode.c.c; path = cpSlideJoint.c; sourceTree = "<group>"; };
		66C75C2613BE83F8002D8411 /* cpArbiter.c */ = {isa = PBXFileReference; fileEncoding = 4; lastKnownFileType = sourcecode.c.c; path = cpArbiter.c; sourceTree = "<group>"; };
		66C75C2713BE83F8002D8411 /* cpArray.c */ = {isa = PBXFileReference; fileEncoding = 4; lastKnownFileType = sourcecode.c.c; path = cpArray.c; sourceTree = "<group>"; };
		66C75C2813BE83F8002D8411 /* cpBB.c */ = {isa = PBXFileReference; fileEncoding = 4; lastKnownFileType = sourcecode.c.c; path = cpBB.c; sourceTree = "<group>"; };
		66C75C2913BE83F8002D8411 /* cpBBTree.c */ = {isa = PBXFileReference; fileEncoding = 4; lastKnownFileType = sourcecode.c.c; path = cpBBTree.c; sourceTree = "<group>"; };
		66C75C2A13BE83F8002D8411 /* cpBody.c */ = {isa = PBXFileReference; fileEncoding = 4; lastKnownFileType = sourcecode.c.c; path = cpBody.c; sourceTree = "<group>"; };
		66C75C2B13BE83F8002D8411 /* cpCollision.c */ = {isa = PBXFileReference; fileEncoding = 4; lastKnownFileType = sourcecode.c.c; path = cpCollision.c; sourceTree = "<group>"; };
		66C75C2C13BE83F8002D8411 /* cpHashSet.c */ = {isa = PBXFileReference; fileEncoding = 4; lastKnownFileType = sourcecode.c.c; path = cpHashSet.c; sourceTree = "<group>"; };
		66C75C2D13BE83F8002D8411 /* cpPolyShape.c */ = {isa = PBXFileReference; fileEncoding = 4; lastKnownFileType = sourcecode.c.c; path = cpPolyShape.c; sourceTree = "<group>"; };
		66C75C2E13BE83F8002D8411 /* cpShape.c */ = {isa = PBXFileReference; fileEncoding = 4; lastKnownFileType = sourcecode.c.c; path = cpShape.c; sourceTree = "<group>"; };
		66C75C2F13BE83F8002D8411 /* cpSpace.c */ = {isa = PBXFileReference; fileEncoding = 4; lastKnownFileType = sourcecode.c.c; path = cpSpace.c; sourceTree = "<group>"; };
		66C75C3013BE83F8002D8411 /* cpSpaceComponent.c */ = {isa = PBXFileReference; fileEncoding = 4; lastKnownFileType = sourcecode.c.c; path = cpSpaceComponent.c; sourceTree = "<group>"; };
		66C75C3113BE83F8002D8411 /* cpSpaceHash.c */ = {isa = PBXFileReference; fileEncoding = 4; lastKnownFileType = sourcecode.c.c; path = cpSpaceHash.c; sourceTree = "<group>"; };
		66C75C3213BE83F8002D8411 /* cpSpaceQuery.c */ = {isa = PBXFileReference; fileEncoding = 4; lastKnownFileType = sourcecode.c.c; path = cpSpaceQuery.c; sourceTree = "<group>"; };
		66C75C3313BE83F8002D8411 /* cpSpaceStep.c */ = {isa = PBXFileReference; fileEncoding = 4; lastKnownFileType = sourcecode.c.c; path = cpSpaceStep.c; sourceTree = "<group>"; };
		66C75C3413BE83F8002D8411 /* cpSpatialIndex.c */ = {isa = PBXFileReference; fileEncoding = 4; lastKnownFileType = sourcecode.c.c; path = cpSpatialIndex.c; sourceTree = "<group>"; };
		66C75C3513BE83F8002D8411 /* cpSweep1D.c */ = {isa = PBXFileReference; fileEncoding = 4; lastKnownFileType = sourcecode.c.c; path = cpSweep1D.c; sourceTree = "<group>"; };
		66C75C3613BE83F8002D8411 /* cpVect.c */ = {isa = PBXFileReference; fileEncoding = 4; lastKnownFileType = sourcecode.c.c; path = cpVect.c; sourceTree = "<group>"; };
		66C75C3713BE83F8002D8411 /* LICENSE.txt */ = {isa = PBXFileReference; fileEncoding = 4; lastKnownFileType = text; path = LICENSE.txt; sourceTree = "<group>"; };
		66C75C3813BE83F8002D8411 /* prime.h */ = {isa = PBXFileReference; fileEncoding = 4; lastKnownFileType = sourcecode.c.h; path = prime.h; sourceTree = "<group>"; };
		66C75C8E13BE87EA002D8411 /* OpenGL.framework */ = {isa = PBXFileReference; lastKnownFileType = wrapper.framework; name = OpenGL.framework; path = System/Library/Frameworks/OpenGL.framework; sourceTree = SDKROOT; };
		66CAD5A113CA2C4500798383 /* Player.h */ = {isa = PBXFileReference; fileEncoding = 4; lastKnownFileType = sourcecode.c.h; path = Player.h; sourceTree = "<group>"; };
		66CAD5A213CA2C4500798383 /* Player.m */ = {isa = PBXFileReference; fileEncoding = 4; lastKnownFileType = sourcecode.c.objc; path = Player.m; sourceTree = "<group>"; };
		66CAD5A413CA2EF600798383 /* GameObject.h */ = {isa = PBXFileReference; fileEncoding = 4; lastKnownFileType = sourcecode.c.h; path = GameObject.h; sourceTree = "<group>"; };
		66CAD5A513CA2EF600798383 /* GameObject.m */ = {isa = PBXFileReference; fileEncoding = 4; lastKnownFileType = sourcecode.c.objc; path = GameObject.m; sourceTree = "<group>"; };
		66CBE08B13C25AED00D73D1F /* FBO.h */ = {isa = PBXFileReference; fileEncoding = 4; lastKnownFileType = sourcecode.c.h; path = FBO.h; sourceTree = "<group>"; };
		66CBE08C13C25AED00D73D1F /* FBO.m */ = {isa = PBXFileReference; fileEncoding = 4; lastKnownFileType = sourcecode.c.objc; path = FBO.m; sourceTree = "<group>"; };
		66CBE0B513C26C8B00D73D1F /* Game.h */ = {isa = PBXFileReference; fileEncoding = 4; lastKnownFileType = sourcecode.c.h; path = Game.h; sourceTree = "<group>"; };
		66CBE0B613C26C8B00D73D1F /* Game.m */ = {isa = PBXFileReference; fileEncoding = 4; lastKnownFileType = sourcecode.c.objc; path = Game.m; sourceTree = "<group>"; };
		66CDF22313CB8EC80097FBF8 /* Constants.h */ = {isa = PBXFileReference; fileEncoding = 4; lastKnownFileType = sourcecode.c.h; path = Constants.h; sourceTree = "<group>"; };
		8D1107320486CEB800E47090 /* Your Story.app */ = {isa = PBXFileReference; explicitFileType = wrapper.application; includeInIndex = 0; path = "Your Story.app"; sourceTree = BUILT_PRODUCTS_DIR; };
/* End PBXFileReference section */

/* Begin PBXFrameworksBuildPhase section */
		8D11072E0486CEB800E47090 /* Frameworks */ = {
			isa = PBXFrameworksBuildPhase;
			buildActionMask = 2147483647;
			files = (
				8D11072F0486CEB800E47090 /* Cocoa.framework in Frameworks */,
				66C75C8F13BE87EB002D8411 /* OpenGL.framework in Frameworks */,
			);
			runOnlyForDeploymentPostprocessing = 0;
		};
/* End PBXFrameworksBuildPhase section */

/* Begin PBXGroup section */
		080E96DDFE201D6D7F000001 /* Classes */ = {
			isa = PBXGroup;
			children = (
				66C75B8A13BE801C002D8411 /* AppDelegate.h */,
				66C75B8B13BE801C002D8411 /* AppDelegate.m */,
				6677DE2D13D3085200A43DF4 /* Collision.h */,
				6677DE2E13D3085200A43DF4 /* Collision.m */,
				66CDF22313CB8EC80097FBF8 /* Constants.h */,
				66CBE08B13C25AED00D73D1F /* FBO.h */,
				66CBE08C13C25AED00D73D1F /* FBO.m */,
				66CBE0B513C26C8B00D73D1F /* Game.h */,
				66CBE0B613C26C8B00D73D1F /* Game.m */,
				66CAD5A413CA2EF600798383 /* GameObject.h */,
				66CAD5A513CA2EF600798383 /* GameObject.m */,
				660B7F5313BF60C2001ECF63 /* GameView.h */,
				660B7F5413BF60C2001ECF63 /* GameView.m */,
				660B803D13C0D88D001ECF63 /* Layer.h */,
				660B803E13C0D88D001ECF63 /* Layer.m */,
				66CAD5A113CA2C4500798383 /* Player.h */,
				66CAD5A213CA2C4500798383 /* Player.m */,
				660B803513BFD4AB001ECF63 /* Room.h */,
				660B803613BFD4AB001ECF63 /* Room.m */,
				660B7F9F13BF8EC8001ECF63 /* TileMap.h */,
				660B7FA013BF8EC8001ECF63 /* TileMap.m */,
			);
			path = Classes;
			sourceTree = "<group>";
		};
		1058C7A0FEA54F0111CA2CBB /* Linked Frameworks */ = {
			isa = PBXGroup;
			children = (
				1058C7A1FEA54F0111CA2CBB /* Cocoa.framework */,
			);
			name = "Linked Frameworks";
			sourceTree = "<group>";
		};
		1058C7A2FEA54F0111CA2CBB /* Other Frameworks */ = {
			isa = PBXGroup;
			children = (
				29B97324FDCFA39411CA2CEA /* AppKit.framework */,
				13E42FB307B3F0F600E4EEF1 /* CoreData.framework */,
				29B97325FDCFA39411CA2CEA /* Foundation.framework */,
				66C75C8E13BE87EA002D8411 /* OpenGL.framework */,
			);
			name = "Other Frameworks";
			sourceTree = "<group>";
		};
		19C28FACFE9D520D11CA2CBB /* Products */ = {
			isa = PBXGroup;
			children = (
				8D1107320486CEB800E47090 /* Your Story.app */,
			);
			name = Products;
			sourceTree = "<group>";
		};
		29B97314FDCFA39411CA2CEA /* Untitled */ = {
			isa = PBXGroup;
			children = (
				080E96DDFE201D6D7F000001 /* Classes */,
				29B97317FDCFA39411CA2CEA /* Crap */,
				29B97323FDCFA39411CA2CEA /* Frameworks */,
				66C75BB113BE8385002D8411 /* Other Sources */,
				19C28FACFE9D520D11CA2CBB /* Products */,
				660B7FA213BFBC31001ECF63 /* Resources */,
			);
			name = Untitled;
			sourceTree = "<group>";
		};
		29B97317FDCFA39411CA2CEA /* Crap */ = {
			isa = PBXGroup;
			children = (
				66C75B9213BE8060002D8411 /* Info.plist */,
				089C165CFE840E0CC02AAC07 /* InfoPlist.strings */,
				1DDD58140DA1D0A300B32029 /* MainMenu.xib */,
			);
			path = Crap;
			sourceTree = "<group>";
		};
		29B97323FDCFA39411CA2CEA /* Frameworks */ = {
			isa = PBXGroup;
			children = (
				1058C7A0FEA54F0111CA2CBB /* Linked Frameworks */,
				1058C7A2FEA54F0111CA2CBB /* Other Frameworks */,
			);
			name = Frameworks;
			sourceTree = "<group>";
		};
		660B7FA213BFBC31001ECF63 /* Resources */ = {
			isa = PBXGroup;
			children = (
				6677DDE513D2F51F00A43DF4 /* Collision */,
				660B803813BFD4AF001ECF63 /* Rooms */,
				660B7FA313BFBC31001ECF63 /* Tiles */,
			);
			path = Resources;
			sourceTree = "<group>";
		};
		660B7FA313BFBC31001ECF63 /* Tiles */ = {
			isa = PBXGroup;
			children = (
				660B7FA413BFBC31001ECF63 /* Test.psd */,
			);
			path = Tiles;
			sourceTree = "<group>";
		};
		660B803813BFD4AF001ECF63 /* Rooms */ = {
			isa = PBXGroup;
			children = (
				660B803913BFD4C0001ECF63 /* Test.plist */,
			);
			path = Rooms;
			sourceTree = "<group>";
		};
		6677DDE513D2F51F00A43DF4 /* Collision */ = {
			isa = PBXGroup;
			children = (
				6677DDE613D2F51F00A43DF4 /* Collision Data.plist */,
				6677DDE713D2F51F00A43DF4 /* Collision Shapes.psd */,
			);
			path = Collision;
			sourceTree = "<group>";
		};
		66C75BB113BE8385002D8411 /* Other Sources */ = {
			isa = PBXGroup;
			children = (
				66C75BFC13BE83F8002D8411 /* Chipmunk */,
				66C75BF313BE83A0002D8411 /* main.m */,
			);
			path = "Other Sources";
			sourceTree = "<group>";
		};
		66C75BFC13BE83F8002D8411 /* Chipmunk */ = {
			isa = PBXGroup;
			children = (
				66C75BFD13BE83F8002D8411 /* chipmunk.h */,
				66C75BFE13BE83F8002D8411 /* chipmunk_ffi.h */,
				66C75BFF13BE83F8002D8411 /* chipmunk_private.h */,
				66C75C0013BE83F8002D8411 /* chipmunk_types.h */,
				66C75C0113BE83F8002D8411 /* chipmunk_unsafe.h */,
				66C75C0213BE83F8002D8411 /* constraints */,
				66C75C0F13BE83F8002D8411 /* cpArbiter.h */,
				66C75C1013BE83F8002D8411 /* cpBB.h */,
				66C75C1113BE83F8002D8411 /* cpBody.h */,
				66C75C1213BE83F8002D8411 /* cpPolyShape.h */,
				66C75C1313BE83F8002D8411 /* cpShape.h */,
				66C75C1413BE83F8002D8411 /* cpSpace.h */,
				66C75C1513BE83F8002D8411 /* cpSpatialIndex.h */,
				66C75C1613BE83F8002D8411 /* cpVect.h */,
				66C75C1713BE83F8002D8411 /* src */,
			);
			path = Chipmunk;
			sourceTree = "<group>";
		};
		66C75C0213BE83F8002D8411 /* constraints */ = {
			isa = PBXGroup;
			children = (
				66C75C0313BE83F8002D8411 /* cpConstraint.h */,
				66C75C0413BE83F8002D8411 /* cpDampedRotarySpring.h */,
				66C75C0513BE83F8002D8411 /* cpDampedSpring.h */,
				66C75C0613BE83F8002D8411 /* cpGearJoint.h */,
				66C75C0713BE83F8002D8411 /* cpGrooveJoint.h */,
				66C75C0813BE83F8002D8411 /* cpPinJoint.h */,
				66C75C0913BE83F8002D8411 /* cpPivotJoint.h */,
				66C75C0A13BE83F8002D8411 /* cpRatchetJoint.h */,
				66C75C0B13BE83F8002D8411 /* cpRotaryLimitJoint.h */,
				66C75C0C13BE83F8002D8411 /* cpSimpleMotor.h */,
				66C75C0D13BE83F8002D8411 /* cpSlideJoint.h */,
				66C75C0E13BE83F8002D8411 /* util.h */,
			);
			path = constraints;
			sourceTree = "<group>";
		};
		66C75C1713BE83F8002D8411 /* src */ = {
			isa = PBXGroup;
			children = (
				66C75C1813BE83F8002D8411 /* chipmunk.c */,
				66C75C1913BE83F8002D8411 /* CMakeLists.txt */,
				66C75C1A13BE83F8002D8411 /* constraints */,
				66C75C2613BE83F8002D8411 /* cpArbiter.c */,
				66C75C2713BE83F8002D8411 /* cpArray.c */,
				66C75C2813BE83F8002D8411 /* cpBB.c */,
				66C75C2913BE83F8002D8411 /* cpBBTree.c */,
				66C75C2A13BE83F8002D8411 /* cpBody.c */,
				66C75C2B13BE83F8002D8411 /* cpCollision.c */,
				66C75C2C13BE83F8002D8411 /* cpHashSet.c */,
				66C75C2D13BE83F8002D8411 /* cpPolyShape.c */,
				66C75C2E13BE83F8002D8411 /* cpShape.c */,
				66C75C2F13BE83F8002D8411 /* cpSpace.c */,
				66C75C3013BE83F8002D8411 /* cpSpaceComponent.c */,
				66C75C3113BE83F8002D8411 /* cpSpaceHash.c */,
				66C75C3213BE83F8002D8411 /* cpSpaceQuery.c */,
				66C75C3313BE83F8002D8411 /* cpSpaceStep.c */,
				66C75C3413BE83F8002D8411 /* cpSpatialIndex.c */,
				66C75C3513BE83F8002D8411 /* cpSweep1D.c */,
				66C75C3613BE83F8002D8411 /* cpVect.c */,
				66C75C3713BE83F8002D8411 /* LICENSE.txt */,
				66C75C3813BE83F8002D8411 /* prime.h */,
			);
			path = src;
			sourceTree = "<group>";
		};
		66C75C1A13BE83F8002D8411 /* constraints */ = {
			isa = PBXGroup;
			children = (
				66C75C1B13BE83F8002D8411 /* cpConstraint.c */,
				66C75C1C13BE83F8002D8411 /* cpDampedRotarySpring.c */,
				66C75C1D13BE83F8002D8411 /* cpDampedSpring.c */,
				66C75C1E13BE83F8002D8411 /* cpGearJoint.c */,
				66C75C1F13BE83F8002D8411 /* cpGrooveJoint.c */,
				66C75C2013BE83F8002D8411 /* cpPinJoint.c */,
				66C75C2113BE83F8002D8411 /* cpPivotJoint.c */,
				66C75C2213BE83F8002D8411 /* cpRatchetJoint.c */,
				66C75C2313BE83F8002D8411 /* cpRotaryLimitJoint.c */,
				66C75C2413BE83F8002D8411 /* cpSimpleMotor.c */,
				66C75C2513BE83F8002D8411 /* cpSlideJoint.c */,
			);
			path = constraints;
			sourceTree = "<group>";
		};
/* End PBXGroup section */

/* Begin PBXNativeTarget section */
		8D1107260486CEB800E47090 /* Your Story */ = {
			isa = PBXNativeTarget;
			buildConfigurationList = C01FCF4A08A954540054247B /* Build configuration list for PBXNativeTarget "Your Story" */;
			buildPhases = (
				8D1107290486CEB800E47090 /* Resources */,
				8D11072C0486CEB800E47090 /* Sources */,
				8D11072E0486CEB800E47090 /* Frameworks */,
			);
			buildRules = (
			);
			dependencies = (
			);
			name = "Your Story";
			productInstallPath = "$(HOME)/Applications";
			productName = Untitled;
			productReference = 8D1107320486CEB800E47090 /* Your Story.app */;
			productType = "com.apple.product-type.application";
		};
/* End PBXNativeTarget section */

/* Begin PBXProject section */
		29B97313FDCFA39411CA2CEA /* Project object */ = {
			isa = PBXProject;
			attributes = {
				ORGANIZATIONNAME = "Max Williams";
			};
			buildConfigurationList = C01FCF4E08A954540054247B /* Build configuration list for PBXProject "Your Story" */;
			compatibilityVersion = "Xcode 3.1";
			developmentRegion = English;
			hasScannedForEncodings = 1;
			knownRegions = (
				English,
				Japanese,
				French,
				German,
			);
			mainGroup = 29B97314FDCFA39411CA2CEA /* Untitled */;
			projectDirPath = "";
			projectRoot = "";
			targets = (
				8D1107260486CEB800E47090 /* Your Story */,
			);
		};
/* End PBXProject section */

/* Begin PBXResourcesBuildPhase section */
		8D1107290486CEB800E47090 /* Resources */ = {
			isa = PBXResourcesBuildPhase;
			buildActionMask = 2147483647;
			files = (
				8D11072B0486CEB800E47090 /* InfoPlist.strings in Resources */,
				1DDD58160DA1D0A300B32029 /* MainMenu.xib in Resources */,
				66C75C3A13BE83F8002D8411 /* CMakeLists.txt in Resources */,
				66C75C5713BE83F8002D8411 /* LICENSE.txt in Resources */,
				660B7FA513BFBC31001ECF63 /* Test.psd in Resources */,
				660B803A13BFD4C0001ECF63 /* Test.plist in Resources */,
				6677DDE813D2F51F00A43DF4 /* Collision Data.plist in Resources */,
				6677DDE913D2F51F00A43DF4 /* Collision Shapes.psd in Resources */,
			);
			runOnlyForDeploymentPostprocessing = 0;
		};
/* End PBXResourcesBuildPhase section */

/* Begin PBXSourcesBuildPhase section */
		8D11072C0486CEB800E47090 /* Sources */ = {
			isa = PBXSourcesBuildPhase;
			buildActionMask = 2147483647;
			files = (
				66C75B8C13BE801C002D8411 /* AppDelegate.m in Sources */,
				66C75BF413BE83A0002D8411 /* main.m in Sources */,
				66C75C3913BE83F8002D8411 /* chipmunk.c in Sources */,
				66C75C3B13BE83F8002D8411 /* cpConstraint.c in Sources */,
				66C75C3C13BE83F8002D8411 /* cpDampedRotarySpring.c in Sources */,
				66C75C3D13BE83F8002D8411 /* cpDampedSpring.c in Sources */,
				66C75C3E13BE83F8002D8411 /* cpGearJoint.c in Sources */,
				66C75C3F13BE83F8002D8411 /* cpGrooveJoint.c in Sources */,
				66C75C4013BE83F8002D8411 /* cpPinJoint.c in Sources */,
				66C75C4113BE83F8002D8411 /* cpPivotJoint.c in Sources */,
				66C75C4213BE83F8002D8411 /* cpRatchetJoint.c in Sources */,
				66C75C4313BE83F8002D8411 /* cpRotaryLimitJoint.c in Sources */,
				66C75C4413BE83F8002D8411 /* cpSimpleMotor.c in Sources */,
				66C75C4513BE83F8002D8411 /* cpSlideJoint.c in Sources */,
				66C75C4613BE83F8002D8411 /* cpArbiter.c in Sources */,
				66C75C4713BE83F8002D8411 /* cpArray.c in Sources */,
				66C75C4813BE83F8002D8411 /* cpBB.c in Sources */,
				66C75C4913BE83F8002D8411 /* cpBBTree.c in Sources */,
				66C75C4A13BE83F8002D8411 /* cpBody.c in Sources */,
				66C75C4B13BE83F8002D8411 /* cpCollision.c in Sources */,
				66C75C4C13BE83F8002D8411 /* cpHashSet.c in Sources */,
				66C75C4D13BE83F8002D8411 /* cpPolyShape.c in Sources */,
				66C75C4E13BE83F8002D8411 /* cpShape.c in Sources */,
				66C75C4F13BE83F8002D8411 /* cpSpace.c in Sources */,
				66C75C5013BE83F8002D8411 /* cpSpaceComponent.c in Sources */,
				66C75C5113BE83F8002D8411 /* cpSpaceHash.c in Sources */,
				66C75C5213BE83F8002D8411 /* cpSpaceQuery.c in Sources */,
				66C75C5313BE83F8002D8411 /* cpSpaceStep.c in Sources */,
				66C75C5413BE83F8002D8411 /* cpSpatialIndex.c in Sources */,
				66C75C5513BE83F8002D8411 /* cpSweep1D.c in Sources */,
				66C75C5613BE83F8002D8411 /* cpVect.c in Sources */,
				660B7F5513BF60C2001ECF63 /* GameView.m in Sources */,
				660B7FA113BF8EC8001ECF63 /* TileMap.m in Sources */,
				660B803713BFD4AB001ECF63 /* Room.m in Sources */,
				660B803F13C0D88D001ECF63 /* Layer.m in Sources */,
				66CBE08D13C25AED00D73D1F /* FBO.m in Sources */,
				66CBE0B713C26C8B00D73D1F /* Game.m in Sources */,
				66CAD5A313CA2C4500798383 /* Player.m in Sources */,
				66CAD5A613CA2EF600798383 /* GameObject.m in Sources */,
				6677DE2F13D3085200A43DF4 /* Collision.m in Sources */,
			);
			runOnlyForDeploymentPostprocessing = 0;
		};
/* End PBXSourcesBuildPhase section */

/* Begin PBXVariantGroup section */
		089C165CFE840E0CC02AAC07 /* InfoPlist.strings */ = {
			isa = PBXVariantGroup;
			children = (
				089C165DFE840E0CC02AAC07 /* English */,
			);
			name = InfoPlist.strings;
			sourceTree = "<group>";
		};
		1DDD58140DA1D0A300B32029 /* MainMenu.xib */ = {
			isa = PBXVariantGroup;
			children = (
				1DDD58150DA1D0A300B32029 /* English */,
			);
			name = MainMenu.xib;
			sourceTree = "<group>";
		};
/* End PBXVariantGroup section */

/* Begin XCBuildConfiguration section */
		C01FCF4B08A954540054247B /* Debug */ = {
			isa = XCBuildConfiguration;
			buildSettings = {
				ALWAYS_SEARCH_USER_PATHS = NO;
				COPY_PHASE_STRIP = NO;
				GCC_DYNAMIC_NO_PIC = NO;
				GCC_ENABLE_FIX_AND_CONTINUE = YES;
				GCC_MODEL_TUNING = G5;
				GCC_OPTIMIZATION_LEVEL = 0;
				GCC_PRECOMPILE_PREFIX_HEADER = YES;
				GCC_PREFIX_HEADER = Crap/Prefix.pch;
				INFOPLIST_FILE = Crap/Info.plist;
				INSTALL_PATH = "$(HOME)/Applications";
				PRODUCT_NAME = "Your Story";
			};
			name = Debug;
		};
		C01FCF4C08A954540054247B /* Release */ = {
			isa = XCBuildConfiguration;
			buildSettings = {
				ALWAYS_SEARCH_USER_PATHS = NO;
				DEBUG_INFORMATION_FORMAT = "dwarf-with-dsym";
				GCC_MODEL_TUNING = G5;
				GCC_PRECOMPILE_PREFIX_HEADER = YES;
				GCC_PREFIX_HEADER = Crap/Prefix.pch;
				INFOPLIST_FILE = Crap/Info.plist;
				INSTALL_PATH = "$(HOME)/Applications";
				PRODUCT_NAME = "Your Story";
			};
			name = Release;
		};
		C01FCF4F08A954540054247B /* Debug */ = {
			isa = XCBuildConfiguration;
			buildSettings = {
				ARCHS = "$(ARCHS_STANDARD_32_64_BIT)";
				GCC_C_LANGUAGE_STANDARD = gnu99;
				GCC_ENABLE_OBJC_GC = supported;
				GCC_OPTIMIZATION_LEVEL = 0;
				GCC_TREAT_WARNINGS_AS_ERRORS = YES;
				GCC_VERSION = com.apple.compilers.llvm.clang.1_0;
				GCC_WARN_ABOUT_RETURN_TYPE = YES;
				GCC_WARN_UNUSED_VARIABLE = YES;
				INFOPLIST_OUTPUT_FORMAT = xml;
				ONLY_ACTIVE_ARCH = YES;
				PREBINDING = NO;
				SDKROOT = macosx10.5;
				STRINGS_FILE_OUTPUT_ENCODING = "UTF-8";
				SYMROOT = Build;
			};
			name = Debug;
		};
		C01FCF5008A954540054247B /* Release */ = {
			isa = XCBuildConfiguration;
			buildSettings = {
				ARCHS = "$(ARCHS_STANDARD_32_64_BIT)";
				GCC_C_LANGUAGE_STANDARD = gnu99;
				GCC_ENABLE_OBJC_GC = supported;
				GCC_TREAT_WARNINGS_AS_ERRORS = YES;
				GCC_VERSION = com.apple.compilers.llvm.clang.1_0;
				GCC_WARN_ABOUT_RETURN_TYPE = YES;
				GCC_WARN_UNUSED_VARIABLE = YES;
				INFOPLIST_OUTPUT_FORMAT = xml;
				PREBINDING = NO;
				SDKROOT = macosx10.5;
				STRINGS_FILE_OUTPUT_ENCODING = "UTF-8";
				SYMROOT = Build;
			};
			name = Release;
		};
/* End XCBuildConfiguration section */

/* Begin XCConfigurationList section */
		C01FCF4A08A954540054247B /* Build configuration list for PBXNativeTarget "Your Story" */ = {
			isa = XCConfigurationList;
			buildConfigurations = (
				C01FCF4B08A954540054247B /* Debug */,
				C01FCF4C08A954540054247B /* Release */,
			);
			defaultConfigurationIsVisible = 0;
			defaultConfigurationName = Release;
		};
		C01FCF4E08A954540054247B /* Build configuration list for PBXProject "Your Story" */ = {
			isa = XCConfigurationList;
			buildConfigurations = (
				C01FCF4F08A954540054247B /* Debug */,
				C01FCF5008A954540054247B /* Release */,
			);
			defaultConfigurationIsVisible = 0;
			defaultConfigurationName = Release;
		};
/* End XCConfigurationList section */
	};
	rootObject = 29B97313FDCFA39411CA2CEA /* Project object */;
}
