// !$*UTF8*$!
{
	archiveVersion = 1;
	classes = {
	};
	objectVersion = 45;
	objects = {

/* Begin PBXBuildFile section */
		1DDD58160DA1D0A300B32029 /* MainMenu.xib in Resources */ = {isa = PBXBuildFile; fileRef = 1DDD58140DA1D0A300B32029 /* MainMenu.xib */; };
		66011CDF13F89AFA009B2CBC /* MainSprites.psd in Resources */ = {isa = PBXBuildFile; fileRef = 66011CDE13F89AFA009B2CBC /* MainSprites.psd */; };
		660B7FA513BFBC31001ECF63 /* Test.psd in Resources */ = {isa = PBXBuildFile; fileRef = 660B7FA413BFBC31001ECF63 /* Test.psd */; };
		660B803A13BFD4C0001ECF63 /* Test.ysroom in Resources */ = {isa = PBXBuildFile; fileRef = 660B803913BFD4C0001ECF63 /* Test.ysroom */; };
		661D5FE2142EA3320083F1FC /* Message.m in Sources */ = {isa = PBXBuildFile; fileRef = 661D5FE1142EA3320083F1FC /* Message.m */; };
		6645D051141963D9001E7633 /* Moodier.psd in Resources */ = {isa = PBXBuildFile; fileRef = 6645D050141963D9001E7633 /* Moodier.psd */; };
		6645D06114196D44001E7633 /* AloneInTheDark.ysroom in Resources */ = {isa = PBXBuildFile; fileRef = 6645D06014196D44001E7633 /* AloneInTheDark.ysroom */; };
		6658F23413F08C40007588D1 /* UI.psd in Resources */ = {isa = PBXBuildFile; fileRef = 6658F23313F08C40007588D1 /* UI.psd */; };
		6675EFC9141C17A6003251AE /* Battery.m in Sources */ = {isa = PBXBuildFile; fileRef = 6675EFC8141C17A6003251AE /* Battery.m */; };
		6675EFCC141C190D003251AE /* Pickup.m in Sources */ = {isa = PBXBuildFile; fileRef = 6675EFCB141C190D003251AE /* Pickup.m */; };
		6675F007141C286E003251AE /* Shotgun.m in Sources */ = {isa = PBXBuildFile; fileRef = 6675F006141C286E003251AE /* Shotgun.m */; };
		6675F00A141C2875003251AE /* DoubleJump.m in Sources */ = {isa = PBXBuildFile; fileRef = 6675F009141C2875003251AE /* DoubleJump.m */; };
		6675F024141D2C7D003251AE /* Access.ysroom in Resources */ = {isa = PBXBuildFile; fileRef = 6675F023141D2C7D003251AE /* Access.ysroom */; };
		6675F039141D3448003251AE /* Door.m in Sources */ = {isa = PBXBuildFile; fileRef = 6675F038141D3448003251AE /* Door.m */; };
		6677DDE813D2F51F00A43DF4 /* Collision Data.plist in Resources */ = {isa = PBXBuildFile; fileRef = 6677DDE613D2F51F00A43DF4 /* Collision Data.plist */; };
		6677DDE913D2F51F00A43DF4 /* Collision Shapes.psd in Resources */ = {isa = PBXBuildFile; fileRef = 6677DDE713D2F51F00A43DF4 /* Collision Shapes.psd */; };
		66BF4C60140ED7B4007DC2AC /* FallTiles.psd in Resources */ = {isa = PBXBuildFile; fileRef = 66BF4C5F140ED7B4007DC2AC /* FallTiles.psd */; };
		66BF4C62140ED7BB007DC2AC /* TheFall.ysroom in Resources */ = {isa = PBXBuildFile; fileRef = 66BF4C61140ED7BB007DC2AC /* TheFall.ysroom */; };
		66C3D93213EE0809007CBD54 /* Another.ysroom in Resources */ = {isa = PBXBuildFile; fileRef = 66C3D93113EE0809007CBD54 /* Another.ysroom */; };
		66C3D93413EE0811007CBD54 /* WhoKnows.psd in Resources */ = {isa = PBXBuildFile; fileRef = 66C3D93313EE0811007CBD54 /* WhoKnows.psd */; };
		66C40C941416D2BC000043DD /* Warehouse.ysroom in Resources */ = {isa = PBXBuildFile; fileRef = 66C40C931416D2BC000043DD /* Warehouse.ysroom */; };
		66C66775141036E10049EC90 /* Climb.ysroom in Resources */ = {isa = PBXBuildFile; fileRef = 66C66774141036E10049EC90 /* Climb.ysroom */; };
		66C746041401AE5A00C6FE04 /* Jumper.m in Sources */ = {isa = PBXBuildFile; fileRef = 66C745DE1401AE5A00C6FE04 /* Jumper.m */; };
		66C746051401AE5A00C6FE04 /* Game+Editor.m in Sources */ = {isa = PBXBuildFile; fileRef = 66C745E11401AE5A00C6FE04 /* Game+Editor.m */; };
		66C746061401AE5A00C6FE04 /* Game.m in Sources */ = {isa = PBXBuildFile; fileRef = 66C745E31401AE5A00C6FE04 /* Game.m */; };
		66C746081401AE5A00C6FE04 /* Item.m in Sources */ = {isa = PBXBuildFile; fileRef = 66C745E81401AE5A00C6FE04 /* Item.m */; };
		66C746091401AE5A00C6FE04 /* PhysicsObject.m in Sources */ = {isa = PBXBuildFile; fileRef = 66C745EA1401AE5A00C6FE04 /* PhysicsObject.m */; };
		66C7460A1401AE5A00C6FE04 /* Collision.m in Sources */ = {isa = PBXBuildFile; fileRef = 66C745ED1401AE5A00C6FE04 /* Collision.m */; };
		66C7460B1401AE5A00C6FE04 /* FBO.m in Sources */ = {isa = PBXBuildFile; fileRef = 66C745EF1401AE5A00C6FE04 /* FBO.m */; };
		66C7460C1401AE5A00C6FE04 /* MainView.m in Sources */ = {isa = PBXBuildFile; fileRef = 66C745F11401AE5A00C6FE04 /* MainView.m */; };
		66C7460D1401AE5A00C6FE04 /* Sprite.m in Sources */ = {isa = PBXBuildFile; fileRef = 66C745F31401AE5A00C6FE04 /* Sprite.m */; };
		66C7460E1401AE5A00C6FE04 /* Texture.m in Sources */ = {isa = PBXBuildFile; fileRef = 66C745F51401AE5A00C6FE04 /* Texture.m */; };
		66C7460F1401AE5A00C6FE04 /* TileMap.m in Sources */ = {isa = PBXBuildFile; fileRef = 66C745F71401AE5A00C6FE04 /* TileMap.m */; };
		66C746101401AE5A00C6FE04 /* Character.m in Sources */ = {isa = PBXBuildFile; fileRef = 66C745FA1401AE5A00C6FE04 /* Character.m */; };
		66C746111401AE5A00C6FE04 /* Player.m in Sources */ = {isa = PBXBuildFile; fileRef = 66C745FC1401AE5A00C6FE04 /* Player.m */; };
		66C746121401AE5A00C6FE04 /* ItemLayer.m in Sources */ = {isa = PBXBuildFile; fileRef = 66C745FF1401AE5A00C6FE04 /* ItemLayer.m */; };
		66C746131401AE5A00C6FE04 /* Layer.m in Sources */ = {isa = PBXBuildFile; fileRef = 66C746011401AE5A00C6FE04 /* Layer.m */; };
		66C746141401AE5A00C6FE04 /* Room.m in Sources */ = {isa = PBXBuildFile; fileRef = 66C746031401AE5A00C6FE04 /* Room.m */; };
		66C746241401AF2000C6FE04 /* Game+Items.m in Sources */ = {isa = PBXBuildFile; fileRef = 66C746231401AF2000C6FE04 /* Game+Items.m */; };
		66C746291401B08F00C6FE04 /* Game+Input.m in Sources */ = {isa = PBXBuildFile; fileRef = 66C746281401B08F00C6FE04 /* Game+Input.m */; };
		66C7467F1401B76B00C6FE04 /* Game+Drawing.m in Sources */ = {isa = PBXBuildFile; fileRef = 66C7467E1401B76B00C6FE04 /* Game+Drawing.m */; };
		66C746B61401C14E00C6FE04 /* DamageArea.m in Sources */ = {isa = PBXBuildFile; fileRef = 66C746B51401C14E00C6FE04 /* DamageArea.m */; };
		66C756A7142FDD830001707C /* Friend.m in Sources */ = {isa = PBXBuildFile; fileRef = 66C756A6142FDD830001707C /* Friend.m */; };
		66C756B01430056A0001707C /* Purple.m in Sources */ = {isa = PBXBuildFile; fileRef = 66C756AF1430056A0001707C /* Purple.m */; };
		66C75B8C13BE801C002D8411 /* AppDelegate.m in Sources */ = {isa = PBXBuildFile; fileRef = 66C75B8B13BE801C002D8411 /* AppDelegate.m */; };
		66C75BF413BE83A0002D8411 /* main.m in Sources */ = {isa = PBXBuildFile; fileRef = 66C75BF313BE83A0002D8411 /* main.m */; };
		66C75C8F13BE87EB002D8411 /* OpenGL.framework in Frameworks */ = {isa = PBXBuildFile; fileRef = 66C75C8E13BE87EA002D8411 /* OpenGL.framework */; };
		66C7B0D61405B2EC0079E164 /* Connections.plist in Resources */ = {isa = PBXBuildFile; fileRef = 66C7B0D51405B2EC0079E164 /* Connections.plist */; };
		66C7D40E1426913A004D9A36 /* Parasprite.m in Sources */ = {isa = PBXBuildFile; fileRef = 66C7D40D1426913A004D9A36 /* Parasprite.m */; };
		66C95252142BF9A50059EFAA /* Font.m in Sources */ = {isa = PBXBuildFile; fileRef = 66C95251142BF9A50059EFAA /* Font.m */; };
		66CA1F9613FDC07D003DF8A2 /* ItemClasses.plist in Resources */ = {isa = PBXBuildFile; fileRef = 66CA1F9513FDC07D003DF8A2 /* ItemClasses.plist */; };
		66CA29D913EA15440022E906 /* Messing.ysroom in Resources */ = {isa = PBXBuildFile; fileRef = 66CA29D813EA15440022E906 /* Messing.ysroom */; };
		66CB1479140706840089FDDC /* Particle.m in Sources */ = {isa = PBXBuildFile; fileRef = 66CB1478140706840089FDDC /* Particle.m */; };
		66CB16D8140BE4DF0089FDDC /* Spawn.m in Sources */ = {isa = PBXBuildFile; fileRef = 66CB16D7140BE4DF0089FDDC /* Spawn.m */; };
		66CC26C01403024900252B96 /* Health.m in Sources */ = {isa = PBXBuildFile; fileRef = 66CC26BF1403024900252B96 /* Health.m */; };
		66CD4CF9142575D600D540D6 /* Fight.ysroom in Resources */ = {isa = PBXBuildFile; fileRef = 66CD4CF8142575D500D540D6 /* Fight.ysroom */; };
		66CD4CFD142582E500D540D6 /* Interior.psd in Resources */ = {isa = PBXBuildFile; fileRef = 66CD4CFC142582E500D540D6 /* Interior.psd */; };
		66CD97DB140060370089AFED /* ItemTiles.psd in Resources */ = {isa = PBXBuildFile; fileRef = 66CD97DA140060370089AFED /* ItemTiles.psd */; };
		66CDA229142E490D0043B2E3 /* Geneva9.plist in Resources */ = {isa = PBXBuildFile; fileRef = 66CDA228142E490D0043B2E3 /* Geneva9.plist */; };
		66CDA22B142E4A000043B2E3 /* Fonts.psd in Resources */ = {isa = PBXBuildFile; fileRef = 66CDA22A142E4A000043B2E3 /* Fonts.psd */; };
		66CDA233142E4D790043B2E3 /* Chicago12.plist in Resources */ = {isa = PBXBuildFile; fileRef = 66CDA232142E4D790043B2E3 /* Chicago12.plist */; };
		66CF2BF414141EA500B79F26 /* VillagePeople.ysroom in Resources */ = {isa = PBXBuildFile; fileRef = 66CF2BF314141EA500B79F26 /* VillagePeople.ysroom */; };
		66DFE4EE14280EE800B07AF0 /* light-spread.psd in Resources */ = {isa = PBXBuildFile; fileRef = 66DFE4ED14280EE800B07AF0 /* light-spread.psd */; };
		66DFE4FB1428105900B07AF0 /* StripLight.m in Sources */ = {isa = PBXBuildFile; fileRef = 66DFE4FA1428105900B07AF0 /* StripLight.m */; };
		8D11072B0486CEB800E47090 /* InfoPlist.strings in Resources */ = {isa = PBXBuildFile; fileRef = 089C165CFE840E0CC02AAC07 /* InfoPlist.strings */; };
		8D11072F0486CEB800E47090 /* Cocoa.framework in Frameworks */ = {isa = PBXBuildFile; fileRef = 1058C7A1FEA54F0111CA2CBB /* Cocoa.framework */; };
		D33DF40D140DF7ED003FA5EB /* Music.m in Sources */ = {isa = PBXBuildFile; fileRef = D33DF40C140DF7ED003FA5EB /* Music.m */; };
		D34FF3AF140AC77C00BF9C33 /* Sound.m in Sources */ = {isa = PBXBuildFile; fileRef = D34FF3AE140AC77C00BF9C33 /* Sound.m */; };
		D34FF3B1140AC83400BF9C33 /* OpenAL.framework in Frameworks */ = {isa = PBXBuildFile; fileRef = D34FF3B0140AC83400BF9C33 /* OpenAL.framework */; };
		D34FF3B6140B134500BF9C33 /* Creepy.ogg in Resources */ = {isa = PBXBuildFile; fileRef = D34FF3B3140B134500BF9C33 /* Creepy.ogg */; };
		D34FF3B7140B134500BF9C33 /* PlayerJump.ogg in Resources */ = {isa = PBXBuildFile; fileRef = D34FF3B4140B134500BF9C33 /* PlayerJump.ogg */; };
		D34FF3B8140B134500BF9C33 /* PlayerLand.ogg in Resources */ = {isa = PBXBuildFile; fileRef = D34FF3B5140B134500BF9C33 /* PlayerLand.ogg */; };
		D34FF3C0140B1D5F00BF9C33 /* Heart.ogg in Resources */ = {isa = PBXBuildFile; fileRef = D34FF3BC140B1D5F00BF9C33 /* Heart.ogg */; };
		D34FF3C1140B1D5F00BF9C33 /* JumperJump.ogg in Resources */ = {isa = PBXBuildFile; fileRef = D34FF3BD140B1D5F00BF9C33 /* JumperJump.ogg */; };
		D34FF3C2140B1D5F00BF9C33 /* PlayerHit.ogg in Resources */ = {isa = PBXBuildFile; fileRef = D34FF3BE140B1D5F00BF9C33 /* PlayerHit.ogg */; };
		D34FF3C3140B1D5F00BF9C33 /* PlayerShotgun.ogg in Resources */ = {isa = PBXBuildFile; fileRef = D34FF3BF140B1D5F00BF9C33 /* PlayerShotgun.ogg */; };
		D34FF430140C5F0C00BF9C33 /* libTileVectorizer.a in Frameworks */ = {isa = PBXBuildFile; fileRef = D3BA942713FE61010005173B /* libTileVectorizer.a */; };
		D370023C14021319005C3A57 /* light-point.psd in Resources */ = {isa = PBXBuildFile; fileRef = D370023B14021319005C3A57 /* light-point.psd */; };
		D3915D9E140C6404003F072D /* libogg.a in Frameworks */ = {isa = PBXBuildFile; fileRef = D3915D95140C6404003F072D /* libogg.a */; };
		D3915D9F140C6404003F072D /* libvorbis.a in Frameworks */ = {isa = PBXBuildFile; fileRef = D3915D9A140C6404003F072D /* libvorbis.a */; };
		D3915DA0140C6404003F072D /* libvorbisfile.a in Frameworks */ = {isa = PBXBuildFile; fileRef = D3915D9B140C6404003F072D /* libvorbisfile.a */; };
		D3BA93CD13FB11360005173B /* ChipmunkDebugDraw.c in Sources */ = {isa = PBXBuildFile; fileRef = D3BA93CB13FB11360005173B /* ChipmunkDebugDraw.c */; };
		D3DE5417140E03E800A40532 /* test_music.ogg in Resources */ = {isa = PBXBuildFile; fileRef = D3DE5415140E03E800A40532 /* test_music.ogg */; };
		D3DE5716140E153800A40532 /* libChipmunk.a in Frameworks */ = {isa = PBXBuildFile; fileRef = D3DE5715140E153800A40532 /* libChipmunk.a */; };
/* End PBXBuildFile section */

/* Begin PBXContainerItemProxy section */
		D3DE570D140E152F00A40532 /* PBXContainerItemProxy */ = {
			isa = PBXContainerItemProxy;
			containerPortal = D3DE5703140E152E00A40532 /* Chipmunk6.xcodeproj */;
			proxyType = 2;
			remoteGlobalIDString = D3E5F0490AA32FDE004E361B;
			remoteInfo = ChipmunkDemo;
		};
		D3DE570F140E152F00A40532 /* PBXContainerItemProxy */ = {
			isa = PBXContainerItemProxy;
			containerPortal = D3DE5703140E152E00A40532 /* Chipmunk6.xcodeproj */;
			proxyType = 2;
			remoteGlobalIDString = D34963BB0B56CAA300CAD239;
			remoteInfo = ChipmunkStatic;
		};
		D3DE5711140E152F00A40532 /* PBXContainerItemProxy */ = {
			isa = PBXContainerItemProxy;
			containerPortal = D3DE5703140E152E00A40532 /* Chipmunk6.xcodeproj */;
			proxyType = 2;
			remoteGlobalIDString = D3C3787A11063B1B003EF1D9;
			remoteInfo = "ChipmunkStatic-iPhone";
		};
		D3DE5713140E153400A40532 /* PBXContainerItemProxy */ = {
			isa = PBXContainerItemProxy;
			containerPortal = D3DE5703140E152E00A40532 /* Chipmunk6.xcodeproj */;
			proxyType = 1;
			remoteGlobalIDString = D34963BA0B56CAA300CAD239;
			remoteInfo = ChipmunkStatic;
		};
/* End PBXContainerItemProxy section */

/* Begin PBXCopyFilesBuildPhase section */
		D34FF3B9140B137E00BF9C33 /* CopyFiles */ = {
			isa = PBXCopyFilesBuildPhase;
			buildActionMask = 2147483647;
			dstPath = "";
			dstSubfolderSpec = 10;
			files = (
			);
			runOnlyForDeploymentPostprocessing = 0;
		};
/* End PBXCopyFilesBuildPhase section */

/* Begin PBXFileReference section */
		089C165DFE840E0CC02AAC07 /* English */ = {isa = PBXFileReference; fileEncoding = 4; lastKnownFileType = text.plist.strings; name = English; path = English.lproj/InfoPlist.strings; sourceTree = "<group>"; };
		1058C7A1FEA54F0111CA2CBB /* Cocoa.framework */ = {isa = PBXFileReference; lastKnownFileType = wrapper.framework; name = Cocoa.framework; path = /System/Library/Frameworks/Cocoa.framework; sourceTree = "<absolute>"; };
		13E42FB307B3F0F600E4EEF1 /* CoreData.framework */ = {isa = PBXFileReference; lastKnownFileType = wrapper.framework; name = CoreData.framework; path = /System/Library/Frameworks/CoreData.framework; sourceTree = "<absolute>"; };
		1DDD58150DA1D0A300B32029 /* English */ = {isa = PBXFileReference; lastKnownFileType = file.xib; name = English; path = English.lproj/MainMenu.xib; sourceTree = "<group>"; };
		29B97324FDCFA39411CA2CEA /* AppKit.framework */ = {isa = PBXFileReference; lastKnownFileType = wrapper.framework; name = AppKit.framework; path = /System/Library/Frameworks/AppKit.framework; sourceTree = "<absolute>"; };
		29B97325FDCFA39411CA2CEA /* Foundation.framework */ = {isa = PBXFileReference; lastKnownFileType = wrapper.framework; name = Foundation.framework; path = /System/Library/Frameworks/Foundation.framework; sourceTree = "<absolute>"; };
		66011CDE13F89AFA009B2CBC /* MainSprites.psd */ = {isa = PBXFileReference; lastKnownFileType = file; path = MainSprites.psd; sourceTree = "<group>"; };
		660B7FA413BFBC31001ECF63 /* Test.psd */ = {isa = PBXFileReference; lastKnownFileType = file; path = Test.psd; sourceTree = "<group>"; };
		660B803913BFD4C0001ECF63 /* Test.ysroom */ = {isa = PBXFileReference; fileEncoding = 4; lastKnownFileType = text.xml; path = Test.ysroom; sourceTree = "<group>"; };
		661D5FE0142EA3320083F1FC /* Message.h */ = {isa = PBXFileReference; fileEncoding = 4; lastKnownFileType = sourcecode.c.h; path = Message.h; sourceTree = "<group>"; };
		661D5FE1142EA3320083F1FC /* Message.m */ = {isa = PBXFileReference; fileEncoding = 4; lastKnownFileType = sourcecode.c.objc; path = Message.m; sourceTree = "<group>"; };
		6645D050141963D9001E7633 /* Moodier.psd */ = {isa = PBXFileReference; lastKnownFileType = file; path = Moodier.psd; sourceTree = "<group>"; };
		6645D06014196D44001E7633 /* AloneInTheDark.ysroom */ = {isa = PBXFileReference; fileEncoding = 4; lastKnownFileType = text.xml; path = AloneInTheDark.ysroom; sourceTree = "<group>"; };
		6658F23313F08C40007588D1 /* UI.psd */ = {isa = PBXFileReference; lastKnownFileType = file; path = UI.psd; sourceTree = "<group>"; };
		6675EFC7141C17A6003251AE /* Battery.h */ = {isa = PBXFileReference; fileEncoding = 4; lastKnownFileType = sourcecode.c.h; path = Battery.h; sourceTree = "<group>"; };
		6675EFC8141C17A6003251AE /* Battery.m */ = {isa = PBXFileReference; fileEncoding = 4; lastKnownFileType = sourcecode.c.objc; path = Battery.m; sourceTree = "<group>"; };
		6675EFCA141C190D003251AE /* Pickup.h */ = {isa = PBXFileReference; fileEncoding = 4; lastKnownFileType = sourcecode.c.h; path = Pickup.h; sourceTree = "<group>"; };
		6675EFCB141C190D003251AE /* Pickup.m */ = {isa = PBXFileReference; fileEncoding = 4; lastKnownFileType = sourcecode.c.objc; path = Pickup.m; sourceTree = "<group>"; };
		6675F005141C286E003251AE /* Shotgun.h */ = {isa = PBXFileReference; fileEncoding = 4; lastKnownFileType = sourcecode.c.h; path = Shotgun.h; sourceTree = "<group>"; };
		6675F006141C286E003251AE /* Shotgun.m */ = {isa = PBXFileReference; fileEncoding = 4; lastKnownFileType = sourcecode.c.objc; path = Shotgun.m; sourceTree = "<group>"; };
		6675F008141C2875003251AE /* DoubleJump.h */ = {isa = PBXFileReference; fileEncoding = 4; lastKnownFileType = sourcecode.c.h; path = DoubleJump.h; sourceTree = "<group>"; };
		6675F009141C2875003251AE /* DoubleJump.m */ = {isa = PBXFileReference; fileEncoding = 4; lastKnownFileType = sourcecode.c.objc; path = DoubleJump.m; sourceTree = "<group>"; };
		6675F023141D2C7D003251AE /* Access.ysroom */ = {isa = PBXFileReference; fileEncoding = 4; lastKnownFileType = text.xml; path = Access.ysroom; sourceTree = "<group>"; };
		6675F037141D3448003251AE /* Door.h */ = {isa = PBXFileReference; fileEncoding = 4; lastKnownFileType = sourcecode.c.h; path = Door.h; sourceTree = "<group>"; };
		6675F038141D3448003251AE /* Door.m */ = {isa = PBXFileReference; fileEncoding = 4; lastKnownFileType = sourcecode.c.objc; path = Door.m; sourceTree = "<group>"; };
		6677DDE613D2F51F00A43DF4 /* Collision Data.plist */ = {isa = PBXFileReference; fileEncoding = 4; lastKnownFileType = text.plist.xml; path = "Collision Data.plist"; sourceTree = "<group>"; };
		6677DDE713D2F51F00A43DF4 /* Collision Shapes.psd */ = {isa = PBXFileReference; lastKnownFileType = file; path = "Collision Shapes.psd"; sourceTree = "<group>"; };
		66BF4C5F140ED7B4007DC2AC /* FallTiles.psd */ = {isa = PBXFileReference; lastKnownFileType = file; path = FallTiles.psd; sourceTree = "<group>"; };
		66BF4C61140ED7BB007DC2AC /* TheFall.ysroom */ = {isa = PBXFileReference; fileEncoding = 4; lastKnownFileType = text.xml; path = TheFall.ysroom; sourceTree = "<group>"; };
		66C3D93113EE0809007CBD54 /* Another.ysroom */ = {isa = PBXFileReference; fileEncoding = 4; lastKnownFileType = text.xml; path = Another.ysroom; sourceTree = "<group>"; };
		66C3D93313EE0811007CBD54 /* WhoKnows.psd */ = {isa = PBXFileReference; lastKnownFileType = file; path = WhoKnows.psd; sourceTree = "<group>"; };
		66C40C931416D2BC000043DD /* Warehouse.ysroom */ = {isa = PBXFileReference; fileEncoding = 4; lastKnownFileType = text.xml; path = Warehouse.ysroom; sourceTree = "<group>"; };
		66C66774141036E10049EC90 /* Climb.ysroom */ = {isa = PBXFileReference; fileEncoding = 4; lastKnownFileType = text.xml; path = Climb.ysroom; sourceTree = "<group>"; };
		66C745DD1401AE5A00C6FE04 /* Jumper.h */ = {isa = PBXFileReference; fileEncoding = 4; lastKnownFileType = sourcecode.c.h; path = Jumper.h; sourceTree = "<group>"; };
		66C745DE1401AE5A00C6FE04 /* Jumper.m */ = {isa = PBXFileReference; fileEncoding = 4; lastKnownFileType = sourcecode.c.objc; path = Jumper.m; sourceTree = "<group>"; };
		66C745E01401AE5A00C6FE04 /* Game+Editor.h */ = {isa = PBXFileReference; fileEncoding = 4; lastKnownFileType = sourcecode.c.h; path = "Game+Editor.h"; sourceTree = "<group>"; };
		66C745E11401AE5A00C6FE04 /* Game+Editor.m */ = {isa = PBXFileReference; fileEncoding = 4; lastKnownFileType = sourcecode.c.objc; path = "Game+Editor.m"; sourceTree = "<group>"; };
		66C745E21401AE5A00C6FE04 /* Game.h */ = {isa = PBXFileReference; fileEncoding = 4; lastKnownFileType = sourcecode.c.h; path = Game.h; sourceTree = "<group>"; };
		66C745E31401AE5A00C6FE04 /* Game.m */ = {isa = PBXFileReference; fileEncoding = 4; lastKnownFileType = sourcecode.c.objc; path = Game.m; sourceTree = "<group>"; };
		66C745E71401AE5A00C6FE04 /* Item.h */ = {isa = PBXFileReference; fileEncoding = 4; lastKnownFileType = sourcecode.c.h; path = Item.h; sourceTree = "<group>"; };
		66C745E81401AE5A00C6FE04 /* Item.m */ = {isa = PBXFileReference; fileEncoding = 4; lastKnownFileType = sourcecode.c.objc; path = Item.m; sourceTree = "<group>"; };
		66C745E91401AE5A00C6FE04 /* PhysicsObject.h */ = {isa = PBXFileReference; fileEncoding = 4; lastKnownFileType = sourcecode.c.h; path = PhysicsObject.h; sourceTree = "<group>"; };
		66C745EA1401AE5A00C6FE04 /* PhysicsObject.m */ = {isa = PBXFileReference; fileEncoding = 4; lastKnownFileType = sourcecode.c.objc; path = PhysicsObject.m; sourceTree = "<group>"; };
		66C745EC1401AE5A00C6FE04 /* Collision.h */ = {isa = PBXFileReference; fileEncoding = 4; lastKnownFileType = sourcecode.c.h; path = Collision.h; sourceTree = "<group>"; };
		66C745ED1401AE5A00C6FE04 /* Collision.m */ = {isa = PBXFileReference; fileEncoding = 4; lastKnownFileType = sourcecode.c.objc; path = Collision.m; sourceTree = "<group>"; };
		66C745EE1401AE5A00C6FE04 /* FBO.h */ = {isa = PBXFileReference; fileEncoding = 4; lastKnownFileType = sourcecode.c.h; path = FBO.h; sourceTree = "<group>"; };
		66C745EF1401AE5A00C6FE04 /* FBO.m */ = {isa = PBXFileReference; fileEncoding = 4; lastKnownFileType = sourcecode.c.objc; path = FBO.m; sourceTree = "<group>"; };
		66C745F01401AE5A00C6FE04 /* MainView.h */ = {isa = PBXFileReference; fileEncoding = 4; lastKnownFileType = sourcecode.c.h; path = MainView.h; sourceTree = "<group>"; };
		66C745F11401AE5A00C6FE04 /* MainView.m */ = {isa = PBXFileReference; fileEncoding = 4; lastKnownFileType = sourcecode.c.objc; path = MainView.m; sourceTree = "<group>"; };
		66C745F21401AE5A00C6FE04 /* Sprite.h */ = {isa = PBXFileReference; fileEncoding = 4; lastKnownFileType = sourcecode.c.h; path = Sprite.h; sourceTree = "<group>"; };
		66C745F31401AE5A00C6FE04 /* Sprite.m */ = {isa = PBXFileReference; fileEncoding = 4; lastKnownFileType = sourcecode.c.objc; path = Sprite.m; sourceTree = "<group>"; };
		66C745F41401AE5A00C6FE04 /* Texture.h */ = {isa = PBXFileReference; fileEncoding = 4; lastKnownFileType = sourcecode.c.h; path = Texture.h; sourceTree = "<group>"; };
		66C745F51401AE5A00C6FE04 /* Texture.m */ = {isa = PBXFileReference; fileEncoding = 4; lastKnownFileType = sourcecode.c.objc; path = Texture.m; sourceTree = "<group>"; };
		66C745F61401AE5A00C6FE04 /* TileMap.h */ = {isa = PBXFileReference; fileEncoding = 4; lastKnownFileType = sourcecode.c.h; path = TileMap.h; sourceTree = "<group>"; };
		66C745F71401AE5A00C6FE04 /* TileMap.m */ = {isa = PBXFileReference; fileEncoding = 4; lastKnownFileType = sourcecode.c.objc; path = TileMap.m; sourceTree = "<group>"; };
		66C745F91401AE5A00C6FE04 /* Character.h */ = {isa = PBXFileReference; fileEncoding = 4; lastKnownFileType = sourcecode.c.h; path = Character.h; sourceTree = "<group>"; };
		66C745FA1401AE5A00C6FE04 /* Character.m */ = {isa = PBXFileReference; fileEncoding = 4; lastKnownFileType = sourcecode.c.objc; path = Character.m; sourceTree = "<group>"; };
		66C745FB1401AE5A00C6FE04 /* Player.h */ = {isa = PBXFileReference; fileEncoding = 4; lastKnownFileType = sourcecode.c.h; path = Player.h; sourceTree = "<group>"; };
		66C745FC1401AE5A00C6FE04 /* Player.m */ = {isa = PBXFileReference; fileEncoding = 4; lastKnownFileType = sourcecode.c.objc; path = Player.m; sourceTree = "<group>"; };
		66C745FE1401AE5A00C6FE04 /* ItemLayer.h */ = {isa = PBXFileReference; fileEncoding = 4; lastKnownFileType = sourcecode.c.h; path = ItemLayer.h; sourceTree = "<group>"; };
		66C745FF1401AE5A00C6FE04 /* ItemLayer.m */ = {isa = PBXFileReference; fileEncoding = 4; lastKnownFileType = sourcecode.c.objc; path = ItemLayer.m; sourceTree = "<group>"; };
		66C746001401AE5A00C6FE04 /* Layer.h */ = {isa = PBXFileReference; fileEncoding = 4; lastKnownFileType = sourcecode.c.h; path = Layer.h; sourceTree = "<group>"; };
		66C746011401AE5A00C6FE04 /* Layer.m */ = {isa = PBXFileReference; fileEncoding = 4; lastKnownFileType = sourcecode.c.objc; path = Layer.m; sourceTree = "<group>"; };
		66C746021401AE5A00C6FE04 /* Room.h */ = {isa = PBXFileReference; fileEncoding = 4; lastKnownFileType = sourcecode.c.h; path = Room.h; sourceTree = "<group>"; };
		66C746031401AE5A00C6FE04 /* Room.m */ = {isa = PBXFileReference; fileEncoding = 4; lastKnownFileType = sourcecode.c.objc; path = Room.m; sourceTree = "<group>"; };
		66C746171401AE8400C6FE04 /* Types.h */ = {isa = PBXFileReference; fileEncoding = 4; lastKnownFileType = sourcecode.c.h; path = Types.h; sourceTree = "<group>"; };
		66C746221401AF2000C6FE04 /* Game+Items.h */ = {isa = PBXFileReference; fileEncoding = 4; lastKnownFileType = sourcecode.c.h; path = "Game+Items.h"; sourceTree = "<group>"; };
		66C746231401AF2000C6FE04 /* Game+Items.m */ = {isa = PBXFileReference; fileEncoding = 4; lastKnownFileType = sourcecode.c.objc; path = "Game+Items.m"; sourceTree = "<group>"; };
		66C746271401B08F00C6FE04 /* Game+Input.h */ = {isa = PBXFileReference; fileEncoding = 4; lastKnownFileType = sourcecode.c.h; path = "Game+Input.h"; sourceTree = "<group>"; };
		66C746281401B08F00C6FE04 /* Game+Input.m */ = {isa = PBXFileReference; fileEncoding = 4; lastKnownFileType = sourcecode.c.objc; path = "Game+Input.m"; sourceTree = "<group>"; };
		66C7467D1401B76B00C6FE04 /* Game+Drawing.h */ = {isa = PBXFileReference; fileEncoding = 4; lastKnownFileType = sourcecode.c.h; path = "Game+Drawing.h"; sourceTree = "<group>"; };
		66C7467E1401B76B00C6FE04 /* Game+Drawing.m */ = {isa = PBXFileReference; fileEncoding = 4; lastKnownFileType = sourcecode.c.objc; path = "Game+Drawing.m"; sourceTree = "<group>"; };
		66C746B41401C14E00C6FE04 /* DamageArea.h */ = {isa = PBXFileReference; fileEncoding = 4; lastKnownFileType = sourcecode.c.h; path = DamageArea.h; sourceTree = "<group>"; };
		66C746B51401C14E00C6FE04 /* DamageArea.m */ = {isa = PBXFileReference; fileEncoding = 4; lastKnownFileType = sourcecode.c.objc; path = DamageArea.m; sourceTree = "<group>"; };
		66C756A5142FDD820001707C /* Friend.h */ = {isa = PBXFileReference; fileEncoding = 4; lastKnownFileType = sourcecode.c.h; path = Friend.h; sourceTree = "<group>"; };
		66C756A6142FDD830001707C /* Friend.m */ = {isa = PBXFileReference; fileEncoding = 4; lastKnownFileType = sourcecode.c.objc; path = Friend.m; sourceTree = "<group>"; };
		66C756AE1430056A0001707C /* Purple.h */ = {isa = PBXFileReference; fileEncoding = 4; lastKnownFileType = sourcecode.c.h; path = Purple.h; sourceTree = "<group>"; };
		66C756AF1430056A0001707C /* Purple.m */ = {isa = PBXFileReference; fileEncoding = 4; lastKnownFileType = sourcecode.c.objc; path = Purple.m; sourceTree = "<group>"; };
		66C75B8A13BE801C002D8411 /* AppDelegate.h */ = {isa = PBXFileReference; fileEncoding = 4; lastKnownFileType = sourcecode.c.h; path = AppDelegate.h; sourceTree = "<group>"; };
		66C75B8B13BE801C002D8411 /* AppDelegate.m */ = {isa = PBXFileReference; fileEncoding = 4; lastKnownFileType = sourcecode.c.objc; path = AppDelegate.m; sourceTree = "<group>"; };
		66C75B9213BE8060002D8411 /* Info.plist */ = {isa = PBXFileReference; fileEncoding = 4; lastKnownFileType = text.plist.xml; path = Info.plist; sourceTree = "<group>"; };
		66C75BF313BE83A0002D8411 /* main.m */ = {isa = PBXFileReference; fileEncoding = 4; lastKnownFileType = sourcecode.c.objc; path = main.m; sourceTree = "<group>"; };
		66C75C8E13BE87EA002D8411 /* OpenGL.framework */ = {isa = PBXFileReference; lastKnownFileType = wrapper.framework; name = OpenGL.framework; path = System/Library/Frameworks/OpenGL.framework; sourceTree = SDKROOT; };
		66C7B0D51405B2EC0079E164 /* Connections.plist */ = {isa = PBXFileReference; fileEncoding = 4; lastKnownFileType = text.plist.xml; path = Connections.plist; sourceTree = "<group>"; };
		66C7D40C1426913A004D9A36 /* Parasprite.h */ = {isa = PBXFileReference; fileEncoding = 4; lastKnownFileType = sourcecode.c.h; path = Parasprite.h; sourceTree = "<group>"; };
		66C7D40D1426913A004D9A36 /* Parasprite.m */ = {isa = PBXFileReference; fileEncoding = 4; lastKnownFileType = sourcecode.c.objc; path = Parasprite.m; sourceTree = "<group>"; };
		66C95250142BF9A50059EFAA /* Font.h */ = {isa = PBXFileReference; fileEncoding = 4; lastKnownFileType = sourcecode.c.h; path = Font.h; sourceTree = "<group>"; };
		66C95251142BF9A50059EFAA /* Font.m */ = {isa = PBXFileReference; fileEncoding = 4; lastKnownFileType = sourcecode.c.objc; path = Font.m; sourceTree = "<group>"; };
		66CA1F9513FDC07D003DF8A2 /* ItemClasses.plist */ = {isa = PBXFileReference; fileEncoding = 4; lastKnownFileType = text.plist.xml; path = ItemClasses.plist; sourceTree = "<group>"; };
		66CA29D813EA15440022E906 /* Messing.ysroom */ = {isa = PBXFileReference; fileEncoding = 4; lastKnownFileType = text.xml; path = Messing.ysroom; sourceTree = "<group>"; };
		66CB1477140706840089FDDC /* Particle.h */ = {isa = PBXFileReference; fileEncoding = 4; lastKnownFileType = sourcecode.c.h; path = Particle.h; sourceTree = "<group>"; };
		66CB1478140706840089FDDC /* Particle.m */ = {isa = PBXFileReference; fileEncoding = 4; lastKnownFileType = sourcecode.c.objc; path = Particle.m; sourceTree = "<group>"; };
		66CB14B7140714EC0089FDDC /* RandomTools.h */ = {isa = PBXFileReference; fileEncoding = 4; lastKnownFileType = sourcecode.c.h; path = RandomTools.h; sourceTree = "<group>"; };
		66CB16D6140BE4DF0089FDDC /* Spawn.h */ = {isa = PBXFileReference; fileEncoding = 4; lastKnownFileType = sourcecode.c.h; path = Spawn.h; sourceTree = "<group>"; };
		66CB16D7140BE4DF0089FDDC /* Spawn.m */ = {isa = PBXFileReference; fileEncoding = 4; lastKnownFileType = sourcecode.c.objc; path = Spawn.m; sourceTree = "<group>"; };
		66CC26BE1403024900252B96 /* Health.h */ = {isa = PBXFileReference; fileEncoding = 4; lastKnownFileType = sourcecode.c.h; path = Health.h; sourceTree = "<group>"; };
		66CC26BF1403024900252B96 /* Health.m */ = {isa = PBXFileReference; fileEncoding = 4; lastKnownFileType = sourcecode.c.objc; path = Health.m; sourceTree = "<group>"; };
		66CD4CF8142575D500D540D6 /* Fight.ysroom */ = {isa = PBXFileReference; fileEncoding = 4; lastKnownFileType = text.xml; path = Fight.ysroom; sourceTree = "<group>"; };
		66CD4CFC142582E500D540D6 /* Interior.psd */ = {isa = PBXFileReference; lastKnownFileType = file; path = Interior.psd; sourceTree = "<group>"; };
		66CD97DA140060370089AFED /* ItemTiles.psd */ = {isa = PBXFileReference; lastKnownFileType = file; path = ItemTiles.psd; sourceTree = "<group>"; };
		66CDA228142E490D0043B2E3 /* Geneva9.plist */ = {isa = PBXFileReference; fileEncoding = 4; lastKnownFileType = text.plist.xml; path = Geneva9.plist; sourceTree = "<group>"; };
		66CDA22A142E4A000043B2E3 /* Fonts.psd */ = {isa = PBXFileReference; lastKnownFileType = file; path = Fonts.psd; sourceTree = "<group>"; };
		66CDA232142E4D790043B2E3 /* Chicago12.plist */ = {isa = PBXFileReference; fileEncoding = 4; lastKnownFileType = text.plist.xml; path = Chicago12.plist; sourceTree = "<group>"; };
		66CDF22313CB8EC80097FBF8 /* Constants.h */ = {isa = PBXFileReference; fileEncoding = 4; lastKnownFileType = sourcecode.c.h; path = Constants.h; sourceTree = "<group>"; };
		66CF2BF314141EA500B79F26 /* VillagePeople.ysroom */ = {isa = PBXFileReference; fileEncoding = 4; lastKnownFileType = text.xml; path = VillagePeople.ysroom; sourceTree = "<group>"; };
		66DFE4ED14280EE800B07AF0 /* light-spread.psd */ = {isa = PBXFileReference; lastKnownFileType = file; path = "light-spread.psd"; sourceTree = "<group>"; };
		66DFE4F91428105900B07AF0 /* StripLight.h */ = {isa = PBXFileReference; fileEncoding = 4; lastKnownFileType = sourcecode.c.h; path = StripLight.h; sourceTree = "<group>"; };
		66DFE4FA1428105900B07AF0 /* StripLight.m */ = {isa = PBXFileReference; fileEncoding = 4; lastKnownFileType = sourcecode.c.objc; path = StripLight.m; sourceTree = "<group>"; };
		8D1107320486CEB800E47090 /* Your Story.app */ = {isa = PBXFileReference; explicitFileType = wrapper.application; includeInIndex = 0; path = "Your Story.app"; sourceTree = BUILT_PRODUCTS_DIR; };
		D33DF40B140DF7ED003FA5EB /* Music.h */ = {isa = PBXFileReference; fileEncoding = 4; lastKnownFileType = sourcecode.c.h; path = Music.h; sourceTree = "<group>"; };
		D33DF40C140DF7ED003FA5EB /* Music.m */ = {isa = PBXFileReference; fileEncoding = 4; lastKnownFileType = sourcecode.c.objc; path = Music.m; sourceTree = "<group>"; };
		D34FF3AD140AC77C00BF9C33 /* Sound.h */ = {isa = PBXFileReference; fileEncoding = 4; lastKnownFileType = sourcecode.c.h; path = Sound.h; sourceTree = "<group>"; };
		D34FF3AE140AC77C00BF9C33 /* Sound.m */ = {isa = PBXFileReference; fileEncoding = 4; lastKnownFileType = sourcecode.c.objc; path = Sound.m; sourceTree = "<group>"; };
		D34FF3B0140AC83400BF9C33 /* OpenAL.framework */ = {isa = PBXFileReference; lastKnownFileType = wrapper.framework; name = OpenAL.framework; path = /System/Library/Frameworks/OpenAL.framework; sourceTree = "<absolute>"; };
		D34FF3B3140B134500BF9C33 /* Creepy.ogg */ = {isa = PBXFileReference; lastKnownFileType = file; path = Creepy.ogg; sourceTree = "<group>"; };
		D34FF3B4140B134500BF9C33 /* PlayerJump.ogg */ = {isa = PBXFileReference; lastKnownFileType = file; path = PlayerJump.ogg; sourceTree = "<group>"; };
		D34FF3B5140B134500BF9C33 /* PlayerLand.ogg */ = {isa = PBXFileReference; lastKnownFileType = file; path = PlayerLand.ogg; sourceTree = "<group>"; };
		D34FF3BC140B1D5F00BF9C33 /* Heart.ogg */ = {isa = PBXFileReference; lastKnownFileType = file; path = Heart.ogg; sourceTree = "<group>"; };
		D34FF3BD140B1D5F00BF9C33 /* JumperJump.ogg */ = {isa = PBXFileReference; lastKnownFileType = file; path = JumperJump.ogg; sourceTree = "<group>"; };
		D34FF3BE140B1D5F00BF9C33 /* PlayerHit.ogg */ = {isa = PBXFileReference; lastKnownFileType = file; path = PlayerHit.ogg; sourceTree = "<group>"; };
		D34FF3BF140B1D5F00BF9C33 /* PlayerShotgun.ogg */ = {isa = PBXFileReference; lastKnownFileType = file; path = PlayerShotgun.ogg; sourceTree = "<group>"; };
		D370023B14021319005C3A57 /* light-point.psd */ = {isa = PBXFileReference; lastKnownFileType = file; path = "light-point.psd"; sourceTree = "<group>"; };
		D3915D95140C6404003F072D /* libogg.a */ = {isa = PBXFileReference; lastKnownFileType = archive.ar; path = libogg.a; sourceTree = "<group>"; };
		D3915D96140C6404003F072D /* ogg.h */ = {isa = PBXFileReference; fileEncoding = 4; lastKnownFileType = sourcecode.c.h; path = ogg.h; sourceTree = "<group>"; };
		D3915D97140C6404003F072D /* os_types.h */ = {isa = PBXFileReference; fileEncoding = 4; lastKnownFileType = sourcecode.c.h; path = os_types.h; sourceTree = "<group>"; };
		D3915D99140C6404003F072D /* codec.h */ = {isa = PBXFileReference; fileEncoding = 4; lastKnownFileType = sourcecode.c.h; path = codec.h; sourceTree = "<group>"; };
		D3915D9A140C6404003F072D /* libvorbis.a */ = {isa = PBXFileReference; lastKnownFileType = archive.ar; path = libvorbis.a; sourceTree = "<group>"; };
		D3915D9B140C6404003F072D /* libvorbisfile.a */ = {isa = PBXFileReference; lastKnownFileType = archive.ar; path = libvorbisfile.a; sourceTree = "<group>"; };
		D3915D9C140C6404003F072D /* vorbisenc.h */ = {isa = PBXFileReference; fileEncoding = 4; lastKnownFileType = sourcecode.c.h; path = vorbisenc.h; sourceTree = "<group>"; };
		D3915D9D140C6404003F072D /* vorbisfile.h */ = {isa = PBXFileReference; fileEncoding = 4; lastKnownFileType = sourcecode.c.h; path = vorbisfile.h; sourceTree = "<group>"; };
		D3BA93CB13FB11360005173B /* ChipmunkDebugDraw.c */ = {isa = PBXFileReference; fileEncoding = 4; lastKnownFileType = sourcecode.c.c; path = ChipmunkDebugDraw.c; sourceTree = "<group>"; };
		D3BA93CC13FB11360005173B /* ChipmunkDebugDraw.h */ = {isa = PBXFileReference; fileEncoding = 4; lastKnownFileType = sourcecode.c.h; path = ChipmunkDebugDraw.h; sourceTree = "<group>"; };
		D3BA942713FE61010005173B /* libTileVectorizer.a */ = {isa = PBXFileReference; lastKnownFileType = archive.ar; path = libTileVectorizer.a; sourceTree = "<group>"; };
		D3DE5415140E03E800A40532 /* test_music.ogg */ = {isa = PBXFileReference; lastKnownFileType = file; path = test_music.ogg; sourceTree = "<group>"; };
		D3DE5703140E152E00A40532 /* Chipmunk6.xcodeproj */ = {isa = PBXFileReference; lastKnownFileType = "wrapper.pb-project"; name = Chipmunk6.xcodeproj; path = submodules/Chipmunk/macosx/Chipmunk6.xcodeproj; sourceTree = "<group>"; };
		D3DE5715140E153800A40532 /* libChipmunk.a */ = {isa = PBXFileReference; explicitFileType = archive.ar; name = libChipmunk.a; path = "/Users/slembcke/Development/Your-Story/submodules/Chipmunk/macosx/build/Debug/libChipmunk.a"; sourceTree = "<absolute>"; };
/* End PBXFileReference section */

/* Begin PBXFrameworksBuildPhase section */
		8D11072E0486CEB800E47090 /* Frameworks */ = {
			isa = PBXFrameworksBuildPhase;
			buildActionMask = 2147483647;
			files = (
				D3DE5716140E153800A40532 /* libChipmunk.a in Frameworks */,
				D34FF3B1140AC83400BF9C33 /* OpenAL.framework in Frameworks */,
				D34FF430140C5F0C00BF9C33 /* libTileVectorizer.a in Frameworks */,
				8D11072F0486CEB800E47090 /* Cocoa.framework in Frameworks */,
				66C75C8F13BE87EB002D8411 /* OpenGL.framework in Frameworks */,
				D3915D9E140C6404003F072D /* libogg.a in Frameworks */,
				D3915D9F140C6404003F072D /* libvorbis.a in Frameworks */,
				D3915DA0140C6404003F072D /* libvorbisfile.a in Frameworks */,
			);
			runOnlyForDeploymentPostprocessing = 0;
		};
/* End PBXFrameworksBuildPhase section */

/* Begin PBXGroup section */
		080E96DDFE201D6D7F000001 /* Classes */ = {
			isa = PBXGroup;
			children = (
				D34FF3AC140AC76800BF9C33 /* Audio */,
				66C745DC1401AE5A00C6FE04 /* Enemies */,
				66C756A4142FDD640001707C /* Friends */,
				66C745DF1401AE5A00C6FE04 /* Game */,
				66C745E41401AE5A00C6FE04 /* Game Classes */,
				66C745EB1401AE5A00C6FE04 /* Graphics */,
				66CC26BD1403022300252B96 /* Pickups */,
				66C745F81401AE5A00C6FE04 /* Player */,
				66C745FD1401AE5A00C6FE04 /* Structure */,
				66C75B8A13BE801C002D8411 /* AppDelegate.h */,
				66C75B8B13BE801C002D8411 /* AppDelegate.m */,
				66CDF22313CB8EC80097FBF8 /* Constants.h */,
				66C746171401AE8400C6FE04 /* Types.h */,
				66CB14B7140714EC0089FDDC /* RandomTools.h */,
			);
			path = Classes;
			sourceTree = "<group>";
		};
		1058C7A0FEA54F0111CA2CBB /* Linked Frameworks */ = {
			isa = PBXGroup;
			children = (
				1058C7A1FEA54F0111CA2CBB /* Cocoa.framework */,
			);
			name = "Linked Frameworks";
			sourceTree = "<group>";
		};
		1058C7A2FEA54F0111CA2CBB /* Other Frameworks */ = {
			isa = PBXGroup;
			children = (
				D34FF3B0140AC83400BF9C33 /* OpenAL.framework */,
				29B97324FDCFA39411CA2CEA /* AppKit.framework */,
				13E42FB307B3F0F600E4EEF1 /* CoreData.framework */,
				29B97325FDCFA39411CA2CEA /* Foundation.framework */,
				66C75C8E13BE87EA002D8411 /* OpenGL.framework */,
			);
			name = "Other Frameworks";
			sourceTree = "<group>";
		};
		19C28FACFE9D520D11CA2CBB /* Products */ = {
			isa = PBXGroup;
			children = (
				8D1107320486CEB800E47090 /* Your Story.app */,
			);
			name = Products;
			sourceTree = "<group>";
		};
		29B97314FDCFA39411CA2CEA /* Untitled */ = {
			isa = PBXGroup;
			children = (
				D3DE5715140E153800A40532 /* libChipmunk.a */,
				080E96DDFE201D6D7F000001 /* Classes */,
				66C75BB113BE8385002D8411 /* Other Sources */,
				660B7FA213BFBC31001ECF63 /* Resources */,
				D3915D92140C6404003F072D /* ogv */,
				D3DE5702140E151900A40532 /* Submodules */,
				29B97323FDCFA39411CA2CEA /* Frameworks */,
				29B97317FDCFA39411CA2CEA /* Crap */,
				19C28FACFE9D520D11CA2CBB /* Products */,
			);
			name = Untitled;
			sourceTree = "<group>";
		};
		29B97317FDCFA39411CA2CEA /* Crap */ = {
			isa = PBXGroup;
			children = (
				66C75B9213BE8060002D8411 /* Info.plist */,
				089C165CFE840E0CC02AAC07 /* InfoPlist.strings */,
				1DDD58140DA1D0A300B32029 /* MainMenu.xib */,
			);
			path = Crap;
			sourceTree = "<group>";
		};
		29B97323FDCFA39411CA2CEA /* Frameworks */ = {
			isa = PBXGroup;
			children = (
				1058C7A0FEA54F0111CA2CBB /* Linked Frameworks */,
				1058C7A2FEA54F0111CA2CBB /* Other Frameworks */,
			);
			name = Frameworks;
			sourceTree = "<group>";
		};
		66011CDD13F89AFA009B2CBC /* Sprites */ = {
			isa = PBXGroup;
			children = (
				66011CDE13F89AFA009B2CBC /* MainSprites.psd */,
			);
			path = Sprites;
			sourceTree = "<group>";
		};
		660B7FA213BFBC31001ECF63 /* Resources */ = {
			isa = PBXGroup;
			children = (
				66CDA212142E43B50043B2E3 /* Fonts */,
				D3DE5413140E03E800A40532 /* Music */,
				D34FF3B2140B134500BF9C33 /* Sounds */,
				66011CDD13F89AFA009B2CBC /* Sprites */,
				6677DDE513D2F51F00A43DF4 /* Stuff */,
				660B803813BFD4AF001ECF63 /* Rooms */,
				660B7FA313BFBC31001ECF63 /* Tiles */,
			);
			path = Resources;
			sourceTree = "<group>";
		};
		660B7FA313BFBC31001ECF63 /* Tiles */ = {
			isa = PBXGroup;
			children = (
				6645D050141963D9001E7633 /* Moodier.psd */,
				66CD97DA140060370089AFED /* ItemTiles.psd */,
				66BF4C5F140ED7B4007DC2AC /* FallTiles.psd */,
				66CD4CFC142582E500D540D6 /* Interior.psd */,
				66C3D93313EE0811007CBD54 /* WhoKnows.psd */,
				660B7FA413BFBC31001ECF63 /* Test.psd */,
				6658F23313F08C40007588D1 /* UI.psd */,
			);
			path = Tiles;
			sourceTree = "<group>";
		};
		660B803813BFD4AF001ECF63 /* Rooms */ = {
			isa = PBXGroup;
			children = (
				6675F023141D2C7D003251AE /* Access.ysroom */,
				66C3D93113EE0809007CBD54 /* Another.ysroom */,
				66CA29D813EA15440022E906 /* Messing.ysroom */,
				66BF4C61140ED7BB007DC2AC /* TheFall.ysroom */,
				66C66774141036E10049EC90 /* Climb.ysroom */,
				66CD4CF8142575D500D540D6 /* Fight.ysroom */,
				66CF2BF314141EA500B79F26 /* VillagePeople.ysroom */,
				6645D06014196D44001E7633 /* AloneInTheDark.ysroom */,
				66C40C931416D2BC000043DD /* Warehouse.ysroom */,
				660B803913BFD4C0001ECF63 /* Test.ysroom */,
			);
			path = Rooms;
			sourceTree = "<group>";
		};
		6677DDE513D2F51F00A43DF4 /* Stuff */ = {
			isa = PBXGroup;
			children = (
				66DFE4ED14280EE800B07AF0 /* light-spread.psd */,
				D370023B14021319005C3A57 /* light-point.psd */,
				6677DDE613D2F51F00A43DF4 /* Collision Data.plist */,
				66CA1F9513FDC07D003DF8A2 /* ItemClasses.plist */,
				6677DDE713D2F51F00A43DF4 /* Collision Shapes.psd */,
				66C7B0D51405B2EC0079E164 /* Connections.plist */,
			);
			path = Stuff;
			sourceTree = "<group>";
		};
		66C745DC1401AE5A00C6FE04 /* Enemies */ = {
			isa = PBXGroup;
			children = (
				66C745DD1401AE5A00C6FE04 /* Jumper.h */,
				66C745DE1401AE5A00C6FE04 /* Jumper.m */,
				66C7D40C1426913A004D9A36 /* Parasprite.h */,
				66C7D40D1426913A004D9A36 /* Parasprite.m */,
			);
			path = Enemies;
			sourceTree = "<group>";
		};
		66C745DF1401AE5A00C6FE04 /* Game */ = {
			isa = PBXGroup;
			children = (
				66C745E01401AE5A00C6FE04 /* Game+Editor.h */,
				66C745E11401AE5A00C6FE04 /* Game+Editor.m */,
				66C745E21401AE5A00C6FE04 /* Game.h */,
				66C745E31401AE5A00C6FE04 /* Game.m */,
				66C746221401AF2000C6FE04 /* Game+Items.h */,
				66C746231401AF2000C6FE04 /* Game+Items.m */,
				66C746271401B08F00C6FE04 /* Game+Input.h */,
				66C746281401B08F00C6FE04 /* Game+Input.m */,
				66C7467D1401B76B00C6FE04 /* Game+Drawing.h */,
				66C7467E1401B76B00C6FE04 /* Game+Drawing.m */,
			);
			path = Game;
			sourceTree = "<group>";
		};
		66C745E41401AE5A00C6FE04 /* Game Classes */ = {
			isa = PBXGroup;
			children = (
				66C745E71401AE5A00C6FE04 /* Item.h */,
				66C745E81401AE5A00C6FE04 /* Item.m */,
				66C745E91401AE5A00C6FE04 /* PhysicsObject.h */,
				66C745EA1401AE5A00C6FE04 /* PhysicsObject.m */,
				6675F037141D3448003251AE /* Door.h */,
				6675F038141D3448003251AE /* Door.m */,
				66DFE4F91428105900B07AF0 /* StripLight.h */,
				66DFE4FA1428105900B07AF0 /* StripLight.m */,
				661D5FE0142EA3320083F1FC /* Message.h */,
				661D5FE1142EA3320083F1FC /* Message.m */,
			);
			path = "Game Classes";
			sourceTree = "<group>";
		};
		66C745EB1401AE5A00C6FE04 /* Graphics */ = {
			isa = PBXGroup;
			children = (
				66C745EC1401AE5A00C6FE04 /* Collision.h */,
				66C745ED1401AE5A00C6FE04 /* Collision.m */,
				66C745EE1401AE5A00C6FE04 /* FBO.h */,
				66C745EF1401AE5A00C6FE04 /* FBO.m */,
				66C95250142BF9A50059EFAA /* Font.h */,
				66C95251142BF9A50059EFAA /* Font.m */,
				66C745F01401AE5A00C6FE04 /* MainView.h */,
				66C745F11401AE5A00C6FE04 /* MainView.m */,
				66CB1477140706840089FDDC /* Particle.h */,
				66CB1478140706840089FDDC /* Particle.m */,
				66C745F21401AE5A00C6FE04 /* Sprite.h */,
				66C745F31401AE5A00C6FE04 /* Sprite.m */,
				66C745F41401AE5A00C6FE04 /* Texture.h */,
				66C745F51401AE5A00C6FE04 /* Texture.m */,
				66C745F61401AE5A00C6FE04 /* TileMap.h */,
				66C745F71401AE5A00C6FE04 /* TileMap.m */,
			);
			path = Graphics;
			sourceTree = "<group>";
		};
		66C745F81401AE5A00C6FE04 /* Player */ = {
			isa = PBXGroup;
			children = (
				66C745FB1401AE5A00C6FE04 /* Player.h */,
				66C745FC1401AE5A00C6FE04 /* Player.m */,
				66C745F91401AE5A00C6FE04 /* Character.h */,
				66C745FA1401AE5A00C6FE04 /* Character.m */,
				66C746B41401C14E00C6FE04 /* DamageArea.h */,
				66C746B51401C14E00C6FE04 /* DamageArea.m */,
				66CB16D6140BE4DF0089FDDC /* Spawn.h */,
				66CB16D7140BE4DF0089FDDC /* Spawn.m */,
			);
			path = Player;
			sourceTree = "<group>";
		};
		66C745FD1401AE5A00C6FE04 /* Structure */ = {
			isa = PBXGroup;
			children = (
				66C745FE1401AE5A00C6FE04 /* ItemLayer.h */,
				66C745FF1401AE5A00C6FE04 /* ItemLayer.m */,
				66C746001401AE5A00C6FE04 /* Layer.h */,
				66C746011401AE5A00C6FE04 /* Layer.m */,
				66C746021401AE5A00C6FE04 /* Room.h */,
				66C746031401AE5A00C6FE04 /* Room.m */,
			);
			path = Structure;
			sourceTree = "<group>";
		};
		66C756A4142FDD640001707C /* Friends */ = {
			isa = PBXGroup;
			children = (
				66C756A5142FDD820001707C /* Friend.h */,
				66C756A6142FDD830001707C /* Friend.m */,
				66C756AE1430056A0001707C /* Purple.h */,
				66C756AF1430056A0001707C /* Purple.m */,
			);
			path = Friends;
			sourceTree = "<group>";
		};
		66C75BB113BE8385002D8411 /* Other Sources */ = {
			isa = PBXGroup;
			children = (
				D3BA942713FE61010005173B /* libTileVectorizer.a */,
				D3BA93CC13FB11360005173B /* ChipmunkDebugDraw.h */,
				D3BA93CB13FB11360005173B /* ChipmunkDebugDraw.c */,
				66C75BF313BE83A0002D8411 /* main.m */,
			);
			path = "Other Sources";
			sourceTree = "<group>";
		};
		66CC26BD1403022300252B96 /* Pickups */ = {
			isa = PBXGroup;
			children = (
				6675F008141C2875003251AE /* DoubleJump.h */,
				6675F009141C2875003251AE /* DoubleJump.m */,
				6675EFCA141C190D003251AE /* Pickup.h */,
				6675EFCB141C190D003251AE /* Pickup.m */,
				66CC26BE1403024900252B96 /* Health.h */,
				66CC26BF1403024900252B96 /* Health.m */,
				6675EFC7141C17A6003251AE /* Battery.h */,
				6675EFC8141C17A6003251AE /* Battery.m */,
				6675F005141C286E003251AE /* Shotgun.h */,
				6675F006141C286E003251AE /* Shotgun.m */,
			);
			path = Pickups;
			sourceTree = "<group>";
		};
		66CDA212142E43B50043B2E3 /* Fonts */ = {
			isa = PBXGroup;
			children = (
				66CDA232142E4D790043B2E3 /* Chicago12.plist */,
				66CDA22A142E4A000043B2E3 /* Fonts.psd */,
				66CDA228142E490D0043B2E3 /* Geneva9.plist */,
			);
			path = Fonts;
			sourceTree = "<group>";
		};
		D34FF3AC140AC76800BF9C33 /* Audio */ = {
			isa = PBXGroup;
			children = (
				D34FF3AD140AC77C00BF9C33 /* Sound.h */,
				D34FF3AE140AC77C00BF9C33 /* Sound.m */,
				D33DF40B140DF7ED003FA5EB /* Music.h */,
				D33DF40C140DF7ED003FA5EB /* Music.m */,
			);
			name = Audio;
			sourceTree = "<group>";
		};
		D34FF3B2140B134500BF9C33 /* Sounds */ = {
			isa = PBXGroup;
			children = (
				D34FF3BC140B1D5F00BF9C33 /* Heart.ogg */,
				D34FF3BD140B1D5F00BF9C33 /* JumperJump.ogg */,
				D34FF3BE140B1D5F00BF9C33 /* PlayerHit.ogg */,
				D34FF3BF140B1D5F00BF9C33 /* PlayerShotgun.ogg */,
				D34FF3B3140B134500BF9C33 /* Creepy.ogg */,
				D34FF3B4140B134500BF9C33 /* PlayerJump.ogg */,
				D34FF3B5140B134500BF9C33 /* PlayerLand.ogg */,
			);
			path = Sounds;
			sourceTree = "<group>";
		};
		D3915D92140C6404003F072D /* ogv */ = {
			isa = PBXGroup;
			children = (
				D3915D93140C6404003F072D /* ogg */,
				D3915D98140C6404003F072D /* vorbis */,
			);
			path = ogv;
			sourceTree = "<group>";
		};
		D3915D93140C6404003F072D /* ogg */ = {
			isa = PBXGroup;
			children = (
				D3915D95140C6404003F072D /* libogg.a */,
				D3915D96140C6404003F072D /* ogg.h */,
				D3915D97140C6404003F072D /* os_types.h */,
			);
			path = ogg;
			sourceTree = "<group>";
		};
		D3915D98140C6404003F072D /* vorbis */ = {
			isa = PBXGroup;
			children = (
				D3915D99140C6404003F072D /* codec.h */,
				D3915D9A140C6404003F072D /* libvorbis.a */,
				D3915D9B140C6404003F072D /* libvorbisfile.a */,
				D3915D9C140C6404003F072D /* vorbisenc.h */,
				D3915D9D140C6404003F072D /* vorbisfile.h */,
			);
			path = vorbis;
			sourceTree = "<group>";
		};
		D3DE5413140E03E800A40532 /* Music */ = {
			isa = PBXGroup;
			children = (
				D3DE5415140E03E800A40532 /* test_music.ogg */,
			);
			path = Music;
			sourceTree = "<group>";
		};
		D3DE5702140E151900A40532 /* Submodules */ = {
			isa = PBXGroup;
			children = (
				D3DE5703140E152E00A40532 /* Chipmunk6.xcodeproj */,
			);
			name = Submodules;
			sourceTree = "<group>";
		};
		D3DE5704140E152E00A40532 /* Products */ = {
			isa = PBXGroup;
			children = (
				D3DE570E140E152F00A40532 /* ChipmunkDemo.app */,
				D3DE5710140E152F00A40532 /* libChipmunk.a */,
				D3DE5712140E152F00A40532 /* libChipmunk-iPhone.a */,
			);
			name = Products;
			sourceTree = "<group>";
		};
/* End PBXGroup section */

/* Begin PBXNativeTarget section */
		8D1107260486CEB800E47090 /* Your Story */ = {
			isa = PBXNativeTarget;
			buildConfigurationList = C01FCF4A08A954540054247B /* Build configuration list for PBXNativeTarget "Your Story" */;
			buildPhases = (
				8D1107290486CEB800E47090 /* Resources */,
				8D11072C0486CEB800E47090 /* Sources */,
				8D11072E0486CEB800E47090 /* Frameworks */,
				D34FF3B9140B137E00BF9C33 /* CopyFiles */,
			);
			buildRules = (
			);
			dependencies = (
				D3DE5714140E153400A40532 /* PBXTargetDependency */,
			);
			name = "Your Story";
			productInstallPath = "$(HOME)/Applications";
			productName = Untitled;
			productReference = 8D1107320486CEB800E47090 /* Your Story.app */;
			productType = "com.apple.product-type.application";
		};
/* End PBXNativeTarget section */

/* Begin PBXProject section */
		29B97313FDCFA39411CA2CEA /* Project object */ = {
			isa = PBXProject;
			attributes = {
				ORGANIZATIONNAME = "Max Williams";
			};
			buildConfigurationList = C01FCF4E08A954540054247B /* Build configuration list for PBXProject "Your Story" */;
			compatibilityVersion = "Xcode 3.1";
			developmentRegion = English;
			hasScannedForEncodings = 1;
			knownRegions = (
				English,
				Japanese,
				French,
				German,
			);
			mainGroup = 29B97314FDCFA39411CA2CEA /* Untitled */;
			projectDirPath = "";
			projectReferences = (
				{
					ProductGroup = D3DE5704140E152E00A40532 /* Products */;
					ProjectRef = D3DE5703140E152E00A40532 /* Chipmunk6.xcodeproj */;
				},
			);
			projectRoot = "";
			targets = (
				8D1107260486CEB800E47090 /* Your Story */,
			);
		};
/* End PBXProject section */

/* Begin PBXReferenceProxy section */
		D3DE570E140E152F00A40532 /* ChipmunkDemo.app */ = {
			isa = PBXReferenceProxy;
			fileType = wrapper.application;
			path = ChipmunkDemo.app;
			remoteRef = D3DE570D140E152F00A40532 /* PBXContainerItemProxy */;
			sourceTree = BUILT_PRODUCTS_DIR;
		};
		D3DE5710140E152F00A40532 /* libChipmunk.a */ = {
			isa = PBXReferenceProxy;
			fileType = archive.ar;
			path = libChipmunk.a;
			remoteRef = D3DE570F140E152F00A40532 /* PBXContainerItemProxy */;
			sourceTree = BUILT_PRODUCTS_DIR;
		};
		D3DE5712140E152F00A40532 /* libChipmunk-iPhone.a */ = {
			isa = PBXReferenceProxy;
			fileType = archive.ar;
			path = "libChipmunk-iPhone.a";
			remoteRef = D3DE5711140E152F00A40532 /* PBXContainerItemProxy */;
			sourceTree = BUILT_PRODUCTS_DIR;
		};
/* End PBXReferenceProxy section */

/* Begin PBXResourcesBuildPhase section */
		8D1107290486CEB800E47090 /* Resources */ = {
			isa = PBXResourcesBuildPhase;
			buildActionMask = 2147483647;
			files = (
				8D11072B0486CEB800E47090 /* InfoPlist.strings in Resources */,
				1DDD58160DA1D0A300B32029 /* MainMenu.xib in Resources */,
				660B7FA513BFBC31001ECF63 /* Test.psd in Resources */,
				660B803A13BFD4C0001ECF63 /* Test.ysroom in Resources */,
				6677DDE813D2F51F00A43DF4 /* Collision Data.plist in Resources */,
				6677DDE913D2F51F00A43DF4 /* Collision Shapes.psd in Resources */,
				66CA29D913EA15440022E906 /* Messing.ysroom in Resources */,
				66C3D93213EE0809007CBD54 /* Another.ysroom in Resources */,
				66C3D93413EE0811007CBD54 /* WhoKnows.psd in Resources */,
				6658F23413F08C40007588D1 /* UI.psd in Resources */,
				66011CDF13F89AFA009B2CBC /* MainSprites.psd in Resources */,
				66CA1F9613FDC07D003DF8A2 /* ItemClasses.plist in Resources */,
				66CD97DB140060370089AFED /* ItemTiles.psd in Resources */,
				D370023C14021319005C3A57 /* light-point.psd in Resources */,
				66C7B0D61405B2EC0079E164 /* Connections.plist in Resources */,
				D34FF3B6140B134500BF9C33 /* Creepy.ogg in Resources */,
				D34FF3B7140B134500BF9C33 /* PlayerJump.ogg in Resources */,
				D34FF3B8140B134500BF9C33 /* PlayerLand.ogg in Resources */,
				D34FF3C0140B1D5F00BF9C33 /* Heart.ogg in Resources */,
				D34FF3C1140B1D5F00BF9C33 /* JumperJump.ogg in Resources */,
				D34FF3C2140B1D5F00BF9C33 /* PlayerHit.ogg in Resources */,
				D34FF3C3140B1D5F00BF9C33 /* PlayerShotgun.ogg in Resources */,
				D3DE5417140E03E800A40532 /* test_music.ogg in Resources */,
				66BF4C60140ED7B4007DC2AC /* FallTiles.psd in Resources */,
				66BF4C62140ED7BB007DC2AC /* TheFall.ysroom in Resources */,
				66C66775141036E10049EC90 /* Climb.ysroom in Resources */,
				66CF2BF414141EA500B79F26 /* VillagePeople.ysroom in Resources */,
				66C40C941416D2BC000043DD /* Warehouse.ysroom in Resources */,
				6645D051141963D9001E7633 /* Moodier.psd in Resources */,
				6645D06114196D44001E7633 /* AloneInTheDark.ysroom in Resources */,
				6675F024141D2C7D003251AE /* Access.ysroom in Resources */,
				66CD4CF9142575D600D540D6 /* Fight.ysroom in Resources */,
				66CD4CFD142582E500D540D6 /* Interior.psd in Resources */,
				66DFE4EE14280EE800B07AF0 /* light-spread.psd in Resources */,
				66CDA229142E490D0043B2E3 /* Geneva9.plist in Resources */,
				66CDA22B142E4A000043B2E3 /* Fonts.psd in Resources */,
				66CDA233142E4D790043B2E3 /* Chicago12.plist in Resources */,
			);
			runOnlyForDeploymentPostprocessing = 0;
		};
/* End PBXResourcesBuildPhase section */

/* Begin PBXSourcesBuildPhase section */
		8D11072C0486CEB800E47090 /* Sources */ = {
			isa = PBXSourcesBuildPhase;
			buildActionMask = 2147483647;
			files = (
				66C75B8C13BE801C002D8411 /* AppDelegate.m in Sources */,
				66C75BF413BE83A0002D8411 /* main.m in Sources */,
				D3BA93CD13FB11360005173B /* ChipmunkDebugDraw.c in Sources */,
				66C746041401AE5A00C6FE04 /* Jumper.m in Sources */,
				66C746051401AE5A00C6FE04 /* Game+Editor.m in Sources */,
				66C746061401AE5A00C6FE04 /* Game.m in Sources */,
				66C746081401AE5A00C6FE04 /* Item.m in Sources */,
				66C746091401AE5A00C6FE04 /* PhysicsObject.m in Sources */,
				66C7460A1401AE5A00C6FE04 /* Collision.m in Sources */,
				66C7460B1401AE5A00C6FE04 /* FBO.m in Sources */,
				66C7460C1401AE5A00C6FE04 /* MainView.m in Sources */,
				66C7460D1401AE5A00C6FE04 /* Sprite.m in Sources */,
				66C7460E1401AE5A00C6FE04 /* Texture.m in Sources */,
				66C7460F1401AE5A00C6FE04 /* TileMap.m in Sources */,
				66C746101401AE5A00C6FE04 /* Character.m in Sources */,
				66C746111401AE5A00C6FE04 /* Player.m in Sources */,
				66C746121401AE5A00C6FE04 /* ItemLayer.m in Sources */,
				66C746131401AE5A00C6FE04 /* Layer.m in Sources */,
				66C746141401AE5A00C6FE04 /* Room.m in Sources */,
				66C746241401AF2000C6FE04 /* Game+Items.m in Sources */,
				66C746291401B08F00C6FE04 /* Game+Input.m in Sources */,
				66C7467F1401B76B00C6FE04 /* Game+Drawing.m in Sources */,
				66C746B61401C14E00C6FE04 /* DamageArea.m in Sources */,
				66CC26C01403024900252B96 /* Health.m in Sources */,
				66CB1479140706840089FDDC /* Particle.m in Sources */,
				66CB16D8140BE4DF0089FDDC /* Spawn.m in Sources */,
				D34FF3AF140AC77C00BF9C33 /* Sound.m in Sources */,
				D33DF40D140DF7ED003FA5EB /* Music.m in Sources */,
				6675EFC9141C17A6003251AE /* Battery.m in Sources */,
				6675EFCC141C190D003251AE /* Pickup.m in Sources */,
				6675F007141C286E003251AE /* Shotgun.m in Sources */,
				6675F00A141C2875003251AE /* DoubleJump.m in Sources */,
				6675F039141D3448003251AE /* Door.m in Sources */,
				66C7D40E1426913A004D9A36 /* Parasprite.m in Sources */,
				66DFE4FB1428105900B07AF0 /* StripLight.m in Sources */,
				66C95252142BF9A50059EFAA /* Font.m in Sources */,
				661D5FE2142EA3320083F1FC /* Message.m in Sources */,
				66C756A7142FDD830001707C /* Friend.m in Sources */,
				66C756B01430056A0001707C /* Purple.m in Sources */,
			);
			runOnlyForDeploymentPostprocessing = 0;
		};
/* End PBXSourcesBuildPhase section */

/* Begin PBXTargetDependency section */
		D3DE5714140E153400A40532 /* PBXTargetDependency */ = {
			isa = PBXTargetDependency;
			name = ChipmunkStatic;
			targetProxy = D3DE5713140E153400A40532 /* PBXContainerItemProxy */;
		};
/* End PBXTargetDependency section */

/* Begin PBXVariantGroup section */
		089C165CFE840E0CC02AAC07 /* InfoPlist.strings */ = {
			isa = PBXVariantGroup;
			children = (
				089C165DFE840E0CC02AAC07 /* English */,
			);
			name = InfoPlist.strings;
			sourceTree = "<group>";
		};
		1DDD58140DA1D0A300B32029 /* MainMenu.xib */ = {
			isa = PBXVariantGroup;
			children = (
				1DDD58150DA1D0A300B32029 /* English */,
			);
			name = MainMenu.xib;
			sourceTree = "<group>";
		};
/* End PBXVariantGroup section */

/* Begin XCBuildConfiguration section */
		C01FCF4B08A954540054247B /* Debug */ = {
			isa = XCBuildConfiguration;
			buildSettings = {
				COPY_PHASE_STRIP = NO;
				GCC_DYNAMIC_NO_PIC = NO;
				GCC_ENABLE_FIX_AND_CONTINUE = YES;
				GCC_MODEL_TUNING = G5;
				GCC_OPTIMIZATION_LEVEL = 0;
				GCC_PRECOMPILE_PREFIX_HEADER = YES;
				GCC_PREFIX_HEADER = Crap/Prefix.pch;
				HEADER_SEARCH_PATHS = (
					"\"$(SRCROOT)/ogv\"",
					"\"$(SRCROOT)/submodules/Chipmunk/include/chipmunk\"",
				);
				INFOPLIST_FILE = Crap/Info.plist;
				INSTALL_PATH = "$(HOME)/Applications";
				LIBRARY_SEARCH_PATHS = (
					"$(inherited)",
					"\"$(SRCROOT)/Other Sources\"",
					"\"$(SRCROOT)/ogv/ogg\"",
					"\"$(SRCROOT)/ogv/vorbis\"",
					"\"$(SRCROOT)/submodules/Chipmunk/msvc/glut/lib\"",
					"\"$(SRCROOT)\"",
					"\"$(SRCROOT)/submodules/Chipmunk/macosx/build/Debug\"",
				);
				OTHER_CFLAGS = (
					"-DCP_COLLISION_TYPE_TYPE=\"void*\"",
					"-DCP_GROUP_TYPE=\"void*\"",
				);
				PRODUCT_NAME = "Your Story";
			};
			name = Debug;
		};
		C01FCF4C08A954540054247B /* Release */ = {
			isa = XCBuildConfiguration;
			buildSettings = {
				DEBUG_INFORMATION_FORMAT = "dwarf-with-dsym";
				GCC_MODEL_TUNING = G5;
				GCC_PRECOMPILE_PREFIX_HEADER = YES;
				GCC_PREFIX_HEADER = Crap/Prefix.pch;
				HEADER_SEARCH_PATHS = (
					"\"$(SRCROOT)/ogv\"",
					"\"$(SRCROOT)/submodules/Chipmunk/include/chipmunk\"",
				);
				INFOPLIST_FILE = Crap/Info.plist;
				INSTALL_PATH = "$(HOME)/Applications";
				LIBRARY_SEARCH_PATHS = (
					"$(inherited)",
					"\"$(SRCROOT)/Other Sources\"",
					"\"$(SRCROOT)/ogv/ogg\"",
					"\"$(SRCROOT)/ogv/vorbis\"",
					"\"$(SRCROOT)/submodules/Chipmunk/msvc/glut/lib\"",
					"\"$(SRCROOT)\"",
					"\"$(SRCROOT)/submodules/Chipmunk/macosx/build/Debug\"",
				);
				OTHER_CFLAGS = (
					"-DCP_COLLISION_TYPE_TYPE=\"void*\"",
					"-DCP_GROUP_TYPE=\"void*\"",
				);
				PRODUCT_NAME = "Your Story";
			};
			name = Release;
		};
		C01FCF4F08A954540054247B /* Debug */ = {
			isa = XCBuildConfiguration;
			buildSettings = {
				ARCHS = "$(ARCHS_STANDARD_32_64_BIT)";
				GCC_C_LANGUAGE_STANDARD = gnu99;
				GCC_ENABLE_OBJC_GC = required;
				GCC_OPTIMIZATION_LEVEL = 0;
				GCC_TREAT_WARNINGS_AS_ERRORS = YES;
				GCC_VERSION = com.apple.compilers.llvm.clang.1_0;
				GCC_WARN_ABOUT_RETURN_TYPE = YES;
				GCC_WARN_UNUSED_VARIABLE = YES;
				HEADER_SEARCH_PATHS = (
					"\"$(SRCROOT)/ogv\"",
					"\"$(SRCROOT)/submodules/Chipmunk/include\"",
				);
				INFOPLIST_OUTPUT_FORMAT = xml;
				PREBINDING = NO;
				SDKROOT = "";
				STRINGS_FILE_OUTPUT_ENCODING = "UTF-8";
				SYMROOT = Build;
			};
			name = Debug;
		};
		C01FCF5008A954540054247B /* Release */ = {
			isa = XCBuildConfiguration;
			buildSettings = {
				ARCHS = "$(ARCHS_STANDARD_32_64_BIT)";
				GCC_C_LANGUAGE_STANDARD = gnu99;
				GCC_ENABLE_OBJC_GC = required;
				GCC_TREAT_WARNINGS_AS_ERRORS = YES;
				GCC_VERSION = com.apple.compilers.llvm.clang.1_0;
				GCC_WARN_ABOUT_RETURN_TYPE = YES;
				GCC_WARN_UNUSED_VARIABLE = YES;
				HEADER_SEARCH_PATHS = (
					"\"$(SRCROOT)/ogv\"",
					"\"$(SRCROOT)/submodules/Chipmunk/include\"",
				);
				INFOPLIST_OUTPUT_FORMAT = xml;
				PREBINDING = NO;
				SDKROOT = "";
				STRINGS_FILE_OUTPUT_ENCODING = "UTF-8";
				SYMROOT = Build;
			};
			name = Release;
		};
/* End XCBuildConfiguration section */

/* Begin XCConfigurationList section */
		C01FCF4A08A954540054247B /* Build configuration list for PBXNativeTarget "Your Story" */ = {
			isa = XCConfigurationList;
			buildConfigurations = (
				C01FCF4B08A954540054247B /* Debug */,
				C01FCF4C08A954540054247B /* Release */,
			);
			defaultConfigurationIsVisible = 0;
			defaultConfigurationName = Release;
		};
		C01FCF4E08A954540054247B /* Build configuration list for PBXProject "Your Story" */ = {
			isa = XCConfigurationList;
			buildConfigurations = (
				C01FCF4F08A954540054247B /* Debug */,
				C01FCF5008A954540054247B /* Release */,
			);
			defaultConfigurationIsVisible = 0;
			defaultConfigurationName = Release;
		};
/* End XCConfigurationList section */
	};
	rootObject = 29B97313FDCFA39411CA2CEA /* Project object */;
}
