// !$*UTF8*$!
{
	archiveVersion = 1;
	classes = {
	};
	objectVersion = 45;
	objects = {

/* Begin PBXBuildFile section */
		1DDD58160DA1D0A300B32029 /* MainMenu.xib in Resources */ = {isa = PBXBuildFile; fileRef = 1DDD58140DA1D0A300B32029 /* MainMenu.xib */; };
		66011CDF13F89AFA009B2CBC /* MainSprites.psd in Resources */ = {isa = PBXBuildFile; fileRef = 66011CDE13F89AFA009B2CBC /* MainSprites.psd */; };
		660B7FA513BFBC31001ECF63 /* Test.psd in Resources */ = {isa = PBXBuildFile; fileRef = 660B7FA413BFBC31001ECF63 /* Test.psd */; };
		660B803A13BFD4C0001ECF63 /* Test.ysroom in Resources */ = {isa = PBXBuildFile; fileRef = 660B803913BFD4C0001ECF63 /* Test.ysroom */; };
		6658F23413F08C40007588D1 /* UI.psd in Resources */ = {isa = PBXBuildFile; fileRef = 6658F23313F08C40007588D1 /* UI.psd */; };
		6677DDE813D2F51F00A43DF4 /* Collision Data.plist in Resources */ = {isa = PBXBuildFile; fileRef = 6677DDE613D2F51F00A43DF4 /* Collision Data.plist */; };
		6677DDE913D2F51F00A43DF4 /* Collision Shapes.psd in Resources */ = {isa = PBXBuildFile; fileRef = 6677DDE713D2F51F00A43DF4 /* Collision Shapes.psd */; };
		66C3D93213EE0809007CBD54 /* Another.ysroom in Resources */ = {isa = PBXBuildFile; fileRef = 66C3D93113EE0809007CBD54 /* Another.ysroom */; };
		66C3D93413EE0811007CBD54 /* WhoKnows.psd in Resources */ = {isa = PBXBuildFile; fileRef = 66C3D93313EE0811007CBD54 /* WhoKnows.psd */; };
		66C746041401AE5A00C6FE04 /* Jumper.m in Sources */ = {isa = PBXBuildFile; fileRef = 66C745DE1401AE5A00C6FE04 /* Jumper.m */; };
		66C746051401AE5A00C6FE04 /* Game+Editor.m in Sources */ = {isa = PBXBuildFile; fileRef = 66C745E11401AE5A00C6FE04 /* Game+Editor.m */; };
		66C746061401AE5A00C6FE04 /* Game.m in Sources */ = {isa = PBXBuildFile; fileRef = 66C745E31401AE5A00C6FE04 /* Game.m */; };
		66C746081401AE5A00C6FE04 /* Item.m in Sources */ = {isa = PBXBuildFile; fileRef = 66C745E81401AE5A00C6FE04 /* Item.m */; };
		66C746091401AE5A00C6FE04 /* PhysicsObject.m in Sources */ = {isa = PBXBuildFile; fileRef = 66C745EA1401AE5A00C6FE04 /* PhysicsObject.m */; };
		66C7460A1401AE5A00C6FE04 /* Collision.m in Sources */ = {isa = PBXBuildFile; fileRef = 66C745ED1401AE5A00C6FE04 /* Collision.m */; };
		66C7460B1401AE5A00C6FE04 /* FBO.m in Sources */ = {isa = PBXBuildFile; fileRef = 66C745EF1401AE5A00C6FE04 /* FBO.m */; };
		66C7460C1401AE5A00C6FE04 /* MainView.m in Sources */ = {isa = PBXBuildFile; fileRef = 66C745F11401AE5A00C6FE04 /* MainView.m */; };
		66C7460D1401AE5A00C6FE04 /* Sprite.m in Sources */ = {isa = PBXBuildFile; fileRef = 66C745F31401AE5A00C6FE04 /* Sprite.m */; };
		66C7460E1401AE5A00C6FE04 /* Texture.m in Sources */ = {isa = PBXBuildFile; fileRef = 66C745F51401AE5A00C6FE04 /* Texture.m */; };
		66C7460F1401AE5A00C6FE04 /* TileMap.m in Sources */ = {isa = PBXBuildFile; fileRef = 66C745F71401AE5A00C6FE04 /* TileMap.m */; };
		66C746101401AE5A00C6FE04 /* Character.m in Sources */ = {isa = PBXBuildFile; fileRef = 66C745FA1401AE5A00C6FE04 /* Character.m */; };
		66C746111401AE5A00C6FE04 /* Player.m in Sources */ = {isa = PBXBuildFile; fileRef = 66C745FC1401AE5A00C6FE04 /* Player.m */; };
		66C746121401AE5A00C6FE04 /* ItemLayer.m in Sources */ = {isa = PBXBuildFile; fileRef = 66C745FF1401AE5A00C6FE04 /* ItemLayer.m */; };
		66C746131401AE5A00C6FE04 /* Layer.m in Sources */ = {isa = PBXBuildFile; fileRef = 66C746011401AE5A00C6FE04 /* Layer.m */; };
		66C746141401AE5A00C6FE04 /* Room.m in Sources */ = {isa = PBXBuildFile; fileRef = 66C746031401AE5A00C6FE04 /* Room.m */; };
		66C746241401AF2000C6FE04 /* Game+Items.m in Sources */ = {isa = PBXBuildFile; fileRef = 66C746231401AF2000C6FE04 /* Game+Items.m */; };
		66C746291401B08F00C6FE04 /* Game+Input.m in Sources */ = {isa = PBXBuildFile; fileRef = 66C746281401B08F00C6FE04 /* Game+Input.m */; };
		66C7467F1401B76B00C6FE04 /* Game+Drawing.m in Sources */ = {isa = PBXBuildFile; fileRef = 66C7467E1401B76B00C6FE04 /* Game+Drawing.m */; };
		66C746B61401C14E00C6FE04 /* DamageArea.m in Sources */ = {isa = PBXBuildFile; fileRef = 66C746B51401C14E00C6FE04 /* DamageArea.m */; };
		66C75B8C13BE801C002D8411 /* AppDelegate.m in Sources */ = {isa = PBXBuildFile; fileRef = 66C75B8B13BE801C002D8411 /* AppDelegate.m */; };
		66C75BF413BE83A0002D8411 /* main.m in Sources */ = {isa = PBXBuildFile; fileRef = 66C75BF313BE83A0002D8411 /* main.m */; };
		66C75C3913BE83F8002D8411 /* chipmunk.c in Sources */ = {isa = PBXBuildFile; fileRef = 66C75C1813BE83F8002D8411 /* chipmunk.c */; };
		66C75C3A13BE83F8002D8411 /* CMakeLists.txt in Resources */ = {isa = PBXBuildFile; fileRef = 66C75C1913BE83F8002D8411 /* CMakeLists.txt */; };
		66C75C3B13BE83F8002D8411 /* cpConstraint.c in Sources */ = {isa = PBXBuildFile; fileRef = 66C75C1B13BE83F8002D8411 /* cpConstraint.c */; };
		66C75C3C13BE83F8002D8411 /* cpDampedRotarySpring.c in Sources */ = {isa = PBXBuildFile; fileRef = 66C75C1C13BE83F8002D8411 /* cpDampedRotarySpring.c */; };
		66C75C3D13BE83F8002D8411 /* cpDampedSpring.c in Sources */ = {isa = PBXBuildFile; fileRef = 66C75C1D13BE83F8002D8411 /* cpDampedSpring.c */; };
		66C75C3E13BE83F8002D8411 /* cpGearJoint.c in Sources */ = {isa = PBXBuildFile; fileRef = 66C75C1E13BE83F8002D8411 /* cpGearJoint.c */; };
		66C75C3F13BE83F8002D8411 /* cpGrooveJoint.c in Sources */ = {isa = PBXBuildFile; fileRef = 66C75C1F13BE83F8002D8411 /* cpGrooveJoint.c */; };
		66C75C4013BE83F8002D8411 /* cpPinJoint.c in Sources */ = {isa = PBXBuildFile; fileRef = 66C75C2013BE83F8002D8411 /* cpPinJoint.c */; };
		66C75C4113BE83F8002D8411 /* cpPivotJoint.c in Sources */ = {isa = PBXBuildFile; fileRef = 66C75C2113BE83F8002D8411 /* cpPivotJoint.c */; };
		66C75C4213BE83F8002D8411 /* cpRatchetJoint.c in Sources */ = {isa = PBXBuildFile; fileRef = 66C75C2213BE83F8002D8411 /* cpRatchetJoint.c */; };
		66C75C4313BE83F8002D8411 /* cpRotaryLimitJoint.c in Sources */ = {isa = PBXBuildFile; fileRef = 66C75C2313BE83F8002D8411 /* cpRotaryLimitJoint.c */; };
		66C75C4413BE83F8002D8411 /* cpSimpleMotor.c in Sources */ = {isa = PBXBuildFile; fileRef = 66C75C2413BE83F8002D8411 /* cpSimpleMotor.c */; };
		66C75C4513BE83F8002D8411 /* cpSlideJoint.c in Sources */ = {isa = PBXBuildFile; fileRef = 66C75C2513BE83F8002D8411 /* cpSlideJoint.c */; };
		66C75C4613BE83F8002D8411 /* cpArbiter.c in Sources */ = {isa = PBXBuildFile; fileRef = 66C75C2613BE83F8002D8411 /* cpArbiter.c */; };
		66C75C4713BE83F8002D8411 /* cpArray.c in Sources */ = {isa = PBXBuildFile; fileRef = 66C75C2713BE83F8002D8411 /* cpArray.c */; };
		66C75C4813BE83F8002D8411 /* cpBB.c in Sources */ = {isa = PBXBuildFile; fileRef = 66C75C2813BE83F8002D8411 /* cpBB.c */; };
		66C75C4913BE83F8002D8411 /* cpBBTree.c in Sources */ = {isa = PBXBuildFile; fileRef = 66C75C2913BE83F8002D8411 /* cpBBTree.c */; };
		66C75C4A13BE83F8002D8411 /* cpBody.c in Sources */ = {isa = PBXBuildFile; fileRef = 66C75C2A13BE83F8002D8411 /* cpBody.c */; };
		66C75C4B13BE83F8002D8411 /* cpCollision.c in Sources */ = {isa = PBXBuildFile; fileRef = 66C75C2B13BE83F8002D8411 /* cpCollision.c */; };
		66C75C4C13BE83F8002D8411 /* cpHashSet.c in Sources */ = {isa = PBXBuildFile; fileRef = 66C75C2C13BE83F8002D8411 /* cpHashSet.c */; };
		66C75C4D13BE83F8002D8411 /* cpPolyShape.c in Sources */ = {isa = PBXBuildFile; fileRef = 66C75C2D13BE83F8002D8411 /* cpPolyShape.c */; };
		66C75C4E13BE83F8002D8411 /* cpShape.c in Sources */ = {isa = PBXBuildFile; fileRef = 66C75C2E13BE83F8002D8411 /* cpShape.c */; };
		66C75C4F13BE83F8002D8411 /* cpSpace.c in Sources */ = {isa = PBXBuildFile; fileRef = 66C75C2F13BE83F8002D8411 /* cpSpace.c */; };
		66C75C5013BE83F8002D8411 /* cpSpaceComponent.c in Sources */ = {isa = PBXBuildFile; fileRef = 66C75C3013BE83F8002D8411 /* cpSpaceComponent.c */; };
		66C75C5113BE83F8002D8411 /* cpSpaceHash.c in Sources */ = {isa = PBXBuildFile; fileRef = 66C75C3113BE83F8002D8411 /* cpSpaceHash.c */; };
		66C75C5213BE83F8002D8411 /* cpSpaceQuery.c in Sources */ = {isa = PBXBuildFile; fileRef = 66C75C3213BE83F8002D8411 /* cpSpaceQuery.c */; };
		66C75C5313BE83F8002D8411 /* cpSpaceStep.c in Sources */ = {isa = PBXBuildFile; fileRef = 66C75C3313BE83F8002D8411 /* cpSpaceStep.c */; };
		66C75C5413BE83F8002D8411 /* cpSpatialIndex.c in Sources */ = {isa = PBXBuildFile; fileRef = 66C75C3413BE83F8002D8411 /* cpSpatialIndex.c */; };
		66C75C5513BE83F8002D8411 /* cpSweep1D.c in Sources */ = {isa = PBXBuildFile; fileRef = 66C75C3513BE83F8002D8411 /* cpSweep1D.c */; };
		66C75C5613BE83F8002D8411 /* cpVect.c in Sources */ = {isa = PBXBuildFile; fileRef = 66C75C3613BE83F8002D8411 /* cpVect.c */; };
		66C75C5713BE83F8002D8411 /* LICENSE.txt in Resources */ = {isa = PBXBuildFile; fileRef = 66C75C3713BE83F8002D8411 /* LICENSE.txt */; };
		66C75C8F13BE87EB002D8411 /* OpenGL.framework in Frameworks */ = {isa = PBXBuildFile; fileRef = 66C75C8E13BE87EA002D8411 /* OpenGL.framework */; };
		66C7B0D61405B2EC0079E164 /* Connections.plist in Resources */ = {isa = PBXBuildFile; fileRef = 66C7B0D51405B2EC0079E164 /* Connections.plist */; };
		66CA1F9613FDC07D003DF8A2 /* ItemClasses.plist in Resources */ = {isa = PBXBuildFile; fileRef = 66CA1F9513FDC07D003DF8A2 /* ItemClasses.plist */; };
		66CA29D913EA15440022E906 /* Messing.ysroom in Resources */ = {isa = PBXBuildFile; fileRef = 66CA29D813EA15440022E906 /* Messing.ysroom */; };
		66CB1479140706840089FDDC /* Particle.m in Sources */ = {isa = PBXBuildFile; fileRef = 66CB1478140706840089FDDC /* Particle.m */; };
		66CB16D8140BE4DF0089FDDC /* Spawn.m in Sources */ = {isa = PBXBuildFile; fileRef = 66CB16D7140BE4DF0089FDDC /* Spawn.m */; };
		66CC26C01403024900252B96 /* Health.m in Sources */ = {isa = PBXBuildFile; fileRef = 66CC26BF1403024900252B96 /* Health.m */; };
		66CD97DB140060370089AFED /* ItemTiles.psd in Resources */ = {isa = PBXBuildFile; fileRef = 66CD97DA140060370089AFED /* ItemTiles.psd */; };
		8D11072B0486CEB800E47090 /* InfoPlist.strings in Resources */ = {isa = PBXBuildFile; fileRef = 089C165CFE840E0CC02AAC07 /* InfoPlist.strings */; };
		8D11072F0486CEB800E47090 /* Cocoa.framework in Frameworks */ = {isa = PBXBuildFile; fileRef = 1058C7A1FEA54F0111CA2CBB /* Cocoa.framework */; };
		D34FF3A9140AC6F000BF9C33 /* Ogg.framework in Frameworks */ = {isa = PBXBuildFile; fileRef = D34FF3A7140AC6F000BF9C33 /* Ogg.framework */; };
		D34FF3AA140AC6F000BF9C33 /* Vorbis.framework in Frameworks */ = {isa = PBXBuildFile; fileRef = D34FF3A8140AC6F000BF9C33 /* Vorbis.framework */; };
		D34FF3AF140AC77C00BF9C33 /* Sound.m in Sources */ = {isa = PBXBuildFile; fileRef = D34FF3AE140AC77C00BF9C33 /* Sound.m */; };
		D34FF3B1140AC83400BF9C33 /* OpenAL.framework in Frameworks */ = {isa = PBXBuildFile; fileRef = D34FF3B0140AC83400BF9C33 /* OpenAL.framework */; };
		D34FF3B6140B134500BF9C33 /* Creepy.ogg in Resources */ = {isa = PBXBuildFile; fileRef = D34FF3B3140B134500BF9C33 /* Creepy.ogg */; };
		D34FF3B7140B134500BF9C33 /* PlayerJump.ogg in Resources */ = {isa = PBXBuildFile; fileRef = D34FF3B4140B134500BF9C33 /* PlayerJump.ogg */; };
		D34FF3B8140B134500BF9C33 /* PlayerLand.ogg in Resources */ = {isa = PBXBuildFile; fileRef = D34FF3B5140B134500BF9C33 /* PlayerLand.ogg */; };
		D34FF3BA140B138900BF9C33 /* Ogg.framework in CopyFiles */ = {isa = PBXBuildFile; fileRef = D34FF3A7140AC6F000BF9C33 /* Ogg.framework */; };
		D34FF3BB140B138900BF9C33 /* Vorbis.framework in CopyFiles */ = {isa = PBXBuildFile; fileRef = D34FF3A8140AC6F000BF9C33 /* Vorbis.framework */; };
		D34FF3C0140B1D5F00BF9C33 /* Heart.ogg in Resources */ = {isa = PBXBuildFile; fileRef = D34FF3BC140B1D5F00BF9C33 /* Heart.ogg */; };
		D34FF3C1140B1D5F00BF9C33 /* JumperJump.ogg in Resources */ = {isa = PBXBuildFile; fileRef = D34FF3BD140B1D5F00BF9C33 /* JumperJump.ogg */; };
		D34FF3C2140B1D5F00BF9C33 /* PlayerHit.ogg in Resources */ = {isa = PBXBuildFile; fileRef = D34FF3BE140B1D5F00BF9C33 /* PlayerHit.ogg */; };
		D34FF3C3140B1D5F00BF9C33 /* PlayerShotgun.ogg in Resources */ = {isa = PBXBuildFile; fileRef = D34FF3BF140B1D5F00BF9C33 /* PlayerShotgun.ogg */; };
		D370023C14021319005C3A57 /* light-point.psd in Resources */ = {isa = PBXBuildFile; fileRef = D370023B14021319005C3A57 /* light-point.psd */; };
		D3BA93CD13FB11360005173B /* ChipmunkDebugDraw.c in Sources */ = {isa = PBXBuildFile; fileRef = D3BA93CB13FB11360005173B /* ChipmunkDebugDraw.c */; };
		D3BA942813FE61010005173B /* libTileVectorizer.a in Frameworks */ = {isa = PBXBuildFile; fileRef = D3BA942713FE61010005173B /* libTileVectorizer.a */; };
/* End PBXBuildFile section */

/* Begin PBXCopyFilesBuildPhase section */
		D34FF3B9140B137E00BF9C33 /* CopyFiles */ = {
			isa = PBXCopyFilesBuildPhase;
			buildActionMask = 2147483647;
			dstPath = "";
			dstSubfolderSpec = 10;
			files = (
				D34FF3BA140B138900BF9C33 /* Ogg.framework in CopyFiles */,
				D34FF3BB140B138900BF9C33 /* Vorbis.framework in CopyFiles */,
			);
			runOnlyForDeploymentPostprocessing = 0;
		};
/* End PBXCopyFilesBuildPhase section */

/* Begin PBXFileReference section */
		089C165DFE840E0CC02AAC07 /* English */ = {isa = PBXFileReference; fileEncoding = 4; lastKnownFileType = text.plist.strings; name = English; path = English.lproj/InfoPlist.strings; sourceTree = "<group>"; };
		1058C7A1FEA54F0111CA2CBB /* Cocoa.framework */ = {isa = PBXFileReference; lastKnownFileType = wrapper.framework; name = Cocoa.framework; path = /System/Library/Frameworks/Cocoa.framework; sourceTree = "<absolute>"; };
		13E42FB307B3F0F600E4EEF1 /* CoreData.framework */ = {isa = PBXFileReference; lastKnownFileType = wrapper.framework; name = CoreData.framework; path = /System/Library/Frameworks/CoreData.framework; sourceTree = "<absolute>"; };
		1DDD58150DA1D0A300B32029 /* English */ = {isa = PBXFileReference; lastKnownFileType = file.xib; name = English; path = English.lproj/MainMenu.xib; sourceTree = "<group>"; };
		29B97324FDCFA39411CA2CEA /* AppKit.framework */ = {isa = PBXFileReference; lastKnownFileType = wrapper.framework; name = AppKit.framework; path = /System/Library/Frameworks/AppKit.framework; sourceTree = "<absolute>"; };
		29B97325FDCFA39411CA2CEA /* Foundation.framework */ = {isa = PBXFileReference; lastKnownFileType = wrapper.framework; name = Foundation.framework; path = /System/Library/Frameworks/Foundation.framework; sourceTree = "<absolute>"; };
		66011CDE13F89AFA009B2CBC /* MainSprites.psd */ = {isa = PBXFileReference; lastKnownFileType = file; path = MainSprites.psd; sourceTree = "<group>"; };
		660B7FA413BFBC31001ECF63 /* Test.psd */ = {isa = PBXFileReference; lastKnownFileType = file; path = Test.psd; sourceTree = "<group>"; };
		660B803913BFD4C0001ECF63 /* Test.ysroom */ = {isa = PBXFileReference; fileEncoding = 4; lastKnownFileType = text.xml; path = Test.ysroom; sourceTree = "<group>"; };
		6658F23313F08C40007588D1 /* UI.psd */ = {isa = PBXFileReference; lastKnownFileType = file; path = UI.psd; sourceTree = "<group>"; };
		6677DDE613D2F51F00A43DF4 /* Collision Data.plist */ = {isa = PBXFileReference; fileEncoding = 4; lastKnownFileType = text.plist.xml; path = "Collision Data.plist"; sourceTree = "<group>"; };
		6677DDE713D2F51F00A43DF4 /* Collision Shapes.psd */ = {isa = PBXFileReference; lastKnownFileType = file; path = "Collision Shapes.psd"; sourceTree = "<group>"; };
		66C3D93113EE0809007CBD54 /* Another.ysroom */ = {isa = PBXFileReference; fileEncoding = 4; lastKnownFileType = text.xml; path = Another.ysroom; sourceTree = "<group>"; };
		66C3D93313EE0811007CBD54 /* WhoKnows.psd */ = {isa = PBXFileReference; lastKnownFileType = file; path = WhoKnows.psd; sourceTree = "<group>"; };
		66C745DD1401AE5A00C6FE04 /* Jumper.h */ = {isa = PBXFileReference; fileEncoding = 4; lastKnownFileType = sourcecode.c.h; path = Jumper.h; sourceTree = "<group>"; };
		66C745DE1401AE5A00C6FE04 /* Jumper.m */ = {isa = PBXFileReference; fileEncoding = 4; lastKnownFileType = sourcecode.c.objc; path = Jumper.m; sourceTree = "<group>"; };
		66C745E01401AE5A00C6FE04 /* Game+Editor.h */ = {isa = PBXFileReference; fileEncoding = 4; lastKnownFileType = sourcecode.c.h; path = "Game+Editor.h"; sourceTree = "<group>"; };
		66C745E11401AE5A00C6FE04 /* Game+Editor.m */ = {isa = PBXFileReference; fileEncoding = 4; lastKnownFileType = sourcecode.c.objc; path = "Game+Editor.m"; sourceTree = "<group>"; };
		66C745E21401AE5A00C6FE04 /* Game.h */ = {isa = PBXFileReference; fileEncoding = 4; lastKnownFileType = sourcecode.c.h; path = Game.h; sourceTree = "<group>"; };
		66C745E31401AE5A00C6FE04 /* Game.m */ = {isa = PBXFileReference; fileEncoding = 4; lastKnownFileType = sourcecode.c.objc; path = Game.m; sourceTree = "<group>"; };
		66C745E71401AE5A00C6FE04 /* Item.h */ = {isa = PBXFileReference; fileEncoding = 4; lastKnownFileType = sourcecode.c.h; path = Item.h; sourceTree = "<group>"; };
		66C745E81401AE5A00C6FE04 /* Item.m */ = {isa = PBXFileReference; fileEncoding = 4; lastKnownFileType = sourcecode.c.objc; path = Item.m; sourceTree = "<group>"; };
		66C745E91401AE5A00C6FE04 /* PhysicsObject.h */ = {isa = PBXFileReference; fileEncoding = 4; lastKnownFileType = sourcecode.c.h; path = PhysicsObject.h; sourceTree = "<group>"; };
		66C745EA1401AE5A00C6FE04 /* PhysicsObject.m */ = {isa = PBXFileReference; fileEncoding = 4; lastKnownFileType = sourcecode.c.objc; path = PhysicsObject.m; sourceTree = "<group>"; };
		66C745EC1401AE5A00C6FE04 /* Collision.h */ = {isa = PBXFileReference; fileEncoding = 4; lastKnownFileType = sourcecode.c.h; path = Collision.h; sourceTree = "<group>"; };
		66C745ED1401AE5A00C6FE04 /* Collision.m */ = {isa = PBXFileReference; fileEncoding = 4; lastKnownFileType = sourcecode.c.objc; path = Collision.m; sourceTree = "<group>"; };
		66C745EE1401AE5A00C6FE04 /* FBO.h */ = {isa = PBXFileReference; fileEncoding = 4; lastKnownFileType = sourcecode.c.h; path = FBO.h; sourceTree = "<group>"; };
		66C745EF1401AE5A00C6FE04 /* FBO.m */ = {isa = PBXFileReference; fileEncoding = 4; lastKnownFileType = sourcecode.c.objc; path = FBO.m; sourceTree = "<group>"; };
		66C745F01401AE5A00C6FE04 /* MainView.h */ = {isa = PBXFileReference; fileEncoding = 4; lastKnownFileType = sourcecode.c.h; path = MainView.h; sourceTree = "<group>"; };
		66C745F11401AE5A00C6FE04 /* MainView.m */ = {isa = PBXFileReference; fileEncoding = 4; lastKnownFileType = sourcecode.c.objc; path = MainView.m; sourceTree = "<group>"; };
		66C745F21401AE5A00C6FE04 /* Sprite.h */ = {isa = PBXFileReference; fileEncoding = 4; lastKnownFileType = sourcecode.c.h; path = Sprite.h; sourceTree = "<group>"; };
		66C745F31401AE5A00C6FE04 /* Sprite.m */ = {isa = PBXFileReference; fileEncoding = 4; lastKnownFileType = sourcecode.c.objc; path = Sprite.m; sourceTree = "<group>"; };
		66C745F41401AE5A00C6FE04 /* Texture.h */ = {isa = PBXFileReference; fileEncoding = 4; lastKnownFileType = sourcecode.c.h; path = Texture.h; sourceTree = "<group>"; };
		66C745F51401AE5A00C6FE04 /* Texture.m */ = {isa = PBXFileReference; fileEncoding = 4; lastKnownFileType = sourcecode.c.objc; path = Texture.m; sourceTree = "<group>"; };
		66C745F61401AE5A00C6FE04 /* TileMap.h */ = {isa = PBXFileReference; fileEncoding = 4; lastKnownFileType = sourcecode.c.h; path = TileMap.h; sourceTree = "<group>"; };
		66C745F71401AE5A00C6FE04 /* TileMap.m */ = {isa = PBXFileReference; fileEncoding = 4; lastKnownFileType = sourcecode.c.objc; path = TileMap.m; sourceTree = "<group>"; };
		66C745F91401AE5A00C6FE04 /* Character.h */ = {isa = PBXFileReference; fileEncoding = 4; lastKnownFileType = sourcecode.c.h; path = Character.h; sourceTree = "<group>"; };
		66C745FA1401AE5A00C6FE04 /* Character.m */ = {isa = PBXFileReference; fileEncoding = 4; lastKnownFileType = sourcecode.c.objc; path = Character.m; sourceTree = "<group>"; };
		66C745FB1401AE5A00C6FE04 /* Player.h */ = {isa = PBXFileReference; fileEncoding = 4; lastKnownFileType = sourcecode.c.h; path = Player.h; sourceTree = "<group>"; };
		66C745FC1401AE5A00C6FE04 /* Player.m */ = {isa = PBXFileReference; fileEncoding = 4; lastKnownFileType = sourcecode.c.objc; path = Player.m; sourceTree = "<group>"; };
		66C745FE1401AE5A00C6FE04 /* ItemLayer.h */ = {isa = PBXFileReference; fileEncoding = 4; lastKnownFileType = sourcecode.c.h; path = ItemLayer.h; sourceTree = "<group>"; };
		66C745FF1401AE5A00C6FE04 /* ItemLayer.m */ = {isa = PBXFileReference; fileEncoding = 4; lastKnownFileType = sourcecode.c.objc; path = ItemLayer.m; sourceTree = "<group>"; };
		66C746001401AE5A00C6FE04 /* Layer.h */ = {isa = PBXFileReference; fileEncoding = 4; lastKnownFileType = sourcecode.c.h; path = Layer.h; sourceTree = "<group>"; };
		66C746011401AE5A00C6FE04 /* Layer.m */ = {isa = PBXFileReference; fileEncoding = 4; lastKnownFileType = sourcecode.c.objc; path = Layer.m; sourceTree = "<group>"; };
		66C746021401AE5A00C6FE04 /* Room.h */ = {isa = PBXFileReference; fileEncoding = 4; lastKnownFileType = sourcecode.c.h; path = Room.h; sourceTree = "<group>"; };
		66C746031401AE5A00C6FE04 /* Room.m */ = {isa = PBXFileReference; fileEncoding = 4; lastKnownFileType = sourcecode.c.objc; path = Room.m; sourceTree = "<group>"; };
		66C746171401AE8400C6FE04 /* Types.h */ = {isa = PBXFileReference; fileEncoding = 4; lastKnownFileType = sourcecode.c.h; path = Types.h; sourceTree = "<group>"; };
		66C746221401AF2000C6FE04 /* Game+Items.h */ = {isa = PBXFileReference; fileEncoding = 4; lastKnownFileType = sourcecode.c.h; path = "Game+Items.h"; sourceTree = "<group>"; };
		66C746231401AF2000C6FE04 /* Game+Items.m */ = {isa = PBXFileReference; fileEncoding = 4; lastKnownFileType = sourcecode.c.objc; path = "Game+Items.m"; sourceTree = "<group>"; };
		66C746271401B08F00C6FE04 /* Game+Input.h */ = {isa = PBXFileReference; fileEncoding = 4; lastKnownFileType = sourcecode.c.h; path = "Game+Input.h"; sourceTree = "<group>"; };
		66C746281401B08F00C6FE04 /* Game+Input.m */ = {isa = PBXFileReference; fileEncoding = 4; lastKnownFileType = sourcecode.c.objc; path = "Game+Input.m"; sourceTree = "<group>"; };
		66C7467D1401B76B00C6FE04 /* Game+Drawing.h */ = {isa = PBXFileReference; fileEncoding = 4; lastKnownFileType = sourcecode.c.h; path = "Game+Drawing.h"; sourceTree = "<group>"; };
		66C7467E1401B76B00C6FE04 /* Game+Drawing.m */ = {isa = PBXFileReference; fileEncoding = 4; lastKnownFileType = sourcecode.c.objc; path = "Game+Drawing.m"; sourceTree = "<group>"; };
		66C746B41401C14E00C6FE04 /* DamageArea.h */ = {isa = PBXFileReference; fileEncoding = 4; lastKnownFileType = sourcecode.c.h; path = DamageArea.h; sourceTree = "<group>"; };
		66C746B51401C14E00C6FE04 /* DamageArea.m */ = {isa = PBXFileReference; fileEncoding = 4; lastKnownFileType = sourcecode.c.objc; path = DamageArea.m; sourceTree = "<group>"; };
		66C75B8A13BE801C002D8411 /* AppDelegate.h */ = {isa = PBXFileReference; fileEncoding = 4; lastKnownFileType = sourcecode.c.h; path = AppDelegate.h; sourceTree = "<group>"; };
		66C75B8B13BE801C002D8411 /* AppDelegate.m */ = {isa = PBXFileReference; fileEncoding = 4; lastKnownFileType = sourcecode.c.objc; path = AppDelegate.m; sourceTree = "<group>"; };
		66C75B9213BE8060002D8411 /* Info.plist */ = {isa = PBXFileReference; fileEncoding = 4; lastKnownFileType = text.plist.xml; path = Info.plist; sourceTree = "<group>"; };
		66C75BF313BE83A0002D8411 /* main.m */ = {isa = PBXFileReference; fileEncoding = 4; lastKnownFileType = sourcecode.c.objc; path = main.m; sourceTree = "<group>"; };
		66C75BFD13BE83F8002D8411 /* chipmunk.h */ = {isa = PBXFileReference; fileEncoding = 4; lastKnownFileType = sourcecode.c.h; path = chipmunk.h; sourceTree = "<group>"; };
		66C75BFE13BE83F8002D8411 /* chipmunk_ffi.h */ = {isa = PBXFileReference; fileEncoding = 4; lastKnownFileType = sourcecode.c.h; path = chipmunk_ffi.h; sourceTree = "<group>"; };
		66C75BFF13BE83F8002D8411 /* chipmunk_private.h */ = {isa = PBXFileReference; fileEncoding = 4; lastKnownFileType = sourcecode.c.h; path = chipmunk_private.h; sourceTree = "<group>"; };
		66C75C0013BE83F8002D8411 /* chipmunk_types.h */ = {isa = PBXFileReference; fileEncoding = 4; lastKnownFileType = sourcecode.c.h; path = chipmunk_types.h; sourceTree = "<group>"; };
		66C75C0113BE83F8002D8411 /* chipmunk_unsafe.h */ = {isa = PBXFileReference; fileEncoding = 4; lastKnownFileType = sourcecode.c.h; path = chipmunk_unsafe.h; sourceTree = "<group>"; };
		66C75C0313BE83F8002D8411 /* cpConstraint.h */ = {isa = PBXFileReference; fileEncoding = 4; lastKnownFileType = sourcecode.c.h; path = cpConstraint.h; sourceTree = "<group>"; };
		66C75C0413BE83F8002D8411 /* cpDampedRotarySpring.h */ = {isa = PBXFileReference; fileEncoding = 4; lastKnownFileType = sourcecode.c.h; path = cpDampedRotarySpring.h; sourceTree = "<group>"; };
		66C75C0513BE83F8002D8411 /* cpDampedSpring.h */ = {isa = PBXFileReference; fileEncoding = 4; lastKnownFileType = sourcecode.c.h; path = cpDampedSpring.h; sourceTree = "<group>"; };
		66C75C0613BE83F8002D8411 /* cpGearJoint.h */ = {isa = PBXFileReference; fileEncoding = 4; lastKnownFileType = sourcecode.c.h; path = cpGearJoint.h; sourceTree = "<group>"; };
		66C75C0713BE83F8002D8411 /* cpGrooveJoint.h */ = {isa = PBXFileReference; fileEncoding = 4; lastKnownFileType = sourcecode.c.h; path = cpGrooveJoint.h; sourceTree = "<group>"; };
		66C75C0813BE83F8002D8411 /* cpPinJoint.h */ = {isa = PBXFileReference; fileEncoding = 4; lastKnownFileType = sourcecode.c.h; path = cpPinJoint.h; sourceTree = "<group>"; };
		66C75C0913BE83F8002D8411 /* cpPivotJoint.h */ = {isa = PBXFileReference; fileEncoding = 4; lastKnownFileType = sourcecode.c.h; path = cpPivotJoint.h; sourceTree = "<group>"; };
		66C75C0A13BE83F8002D8411 /* cpRatchetJoint.h */ = {isa = PBXFileReference; fileEncoding = 4; lastKnownFileType = sourcecode.c.h; path = cpRatchetJoint.h; sourceTree = "<group>"; };
		66C75C0B13BE83F8002D8411 /* cpRotaryLimitJoint.h */ = {isa = PBXFileReference; fileEncoding = 4; lastKnownFileType = sourcecode.c.h; path = cpRotaryLimitJoint.h; sourceTree = "<group>"; };
		66C75C0C13BE83F8002D8411 /* cpSimpleMotor.h */ = {isa = PBXFileReference; fileEncoding = 4; lastKnownFileType = sourcecode.c.h; path = cpSimpleMotor.h; sourceTree = "<group>"; };
		66C75C0D13BE83F8002D8411 /* cpSlideJoint.h */ = {isa = PBXFileReference; fileEncoding = 4; lastKnownFileType = sourcecode.c.h; path = cpSlideJoint.h; sourceTree = "<group>"; };
		66C75C0E13BE83F8002D8411 /* util.h */ = {isa = PBXFileReference; fileEncoding = 4; lastKnownFileType = sourcecode.c.h; path = util.h; sourceTree = "<group>"; };
		66C75C0F13BE83F8002D8411 /* cpArbiter.h */ = {isa = PBXFileReference; fileEncoding = 4; lastKnownFileType = sourcecode.c.h; path = cpArbiter.h; sourceTree = "<group>"; };
		66C75C1013BE83F8002D8411 /* cpBB.h */ = {isa = PBXFileReference; fileEncoding = 4; lastKnownFileType = sourcecode.c.h; path = cpBB.h; sourceTree = "<group>"; };
		66C75C1113BE83F8002D8411 /* cpBody.h */ = {isa = PBXFileReference; fileEncoding = 4; lastKnownFileType = sourcecode.c.h; path = cpBody.h; sourceTree = "<group>"; };
		66C75C1213BE83F8002D8411 /* cpPolyShape.h */ = {isa = PBXFileReference; fileEncoding = 4; lastKnownFileType = sourcecode.c.h; path = cpPolyShape.h; sourceTree = "<group>"; };
		66C75C1313BE83F8002D8411 /* cpShape.h */ = {isa = PBXFileReference; fileEncoding = 4; lastKnownFileType = sourcecode.c.h; path = cpShape.h; sourceTree = "<group>"; };
		66C75C1413BE83F8002D8411 /* cpSpace.h */ = {isa = PBXFileReference; fileEncoding = 4; lastKnownFileType = sourcecode.c.h; path = cpSpace.h; sourceTree = "<group>"; };
		66C75C1513BE83F8002D8411 /* cpSpatialIndex.h */ = {isa = PBXFileReference; fileEncoding = 4; lastKnownFileType = sourcecode.c.h; path = cpSpatialIndex.h; sourceTree = "<group>"; };
		66C75C1613BE83F8002D8411 /* cpVect.h */ = {isa = PBXFileReference; fileEncoding = 4; lastKnownFileType = sourcecode.c.h; path = cpVect.h; sourceTree = "<group>"; };
		66C75C1813BE83F8002D8411 /* chipmunk.c */ = {isa = PBXFileReference; fileEncoding = 4; lastKnownFileType = sourcecode.c.c; path = chipmunk.c; sourceTree = "<group>"; };
		66C75C1913BE83F8002D8411 /* CMakeLists.txt */ = {isa = PBXFileReference; fileEncoding = 4; lastKnownFileType = text; path = CMakeLists.txt; sourceTree = "<group>"; };
		66C75C1B13BE83F8002D8411 /* cpConstraint.c */ = {isa = PBXFileReference; fileEncoding = 4; lastKnownFileType = sourcecode.c.c; path = cpConstraint.c; sourceTree = "<group>"; };
		66C75C1C13BE83F8002D8411 /* cpDampedRotarySpring.c */ = {isa = PBXFileReference; fileEncoding = 4; lastKnownFileType = sourcecode.c.c; path = cpDampedRotarySpring.c; sourceTree = "<group>"; };
		66C75C1D13BE83F8002D8411 /* cpDampedSpring.c */ = {isa = PBXFileReference; fileEncoding = 4; lastKnownFileType = sourcecode.c.c; path = cpDampedSpring.c; sourceTree = "<group>"; };
		66C75C1E13BE83F8002D8411 /* cpGearJoint.c */ = {isa = PBXFileReference; fileEncoding = 4; lastKnownFileType = sourcecode.c.c; path = cpGearJoint.c; sourceTree = "<group>"; };
		66C75C1F13BE83F8002D8411 /* cpGrooveJoint.c */ = {isa = PBXFileReference; fileEncoding = 4; lastKnownFileType = sourcecode.c.c; path = cpGrooveJoint.c; sourceTree = "<group>"; };
		66C75C2013BE83F8002D8411 /* cpPinJoint.c */ = {isa = PBXFileReference; fileEncoding = 4; lastKnownFileType = sourcecode.c.c; path = cpPinJoint.c; sourceTree = "<group>"; };
		66C75C2113BE83F8002D8411 /* cpPivotJoint.c */ = {isa = PBXFileReference; fileEncoding = 4; lastKnownFileType = sourcecode.c.c; path = cpPivotJoint.c; sourceTree = "<group>"; };
		66C75C2213BE83F8002D8411 /* cpRatchetJoint.c */ = {isa = PBXFileReference; fileEncoding = 4; lastKnownFileType = sourcecode.c.c; path = cpRatchetJoint.c; sourceTree = "<group>"; };
		66C75C2313BE83F8002D8411 /* cpRotaryLimitJoint.c */ = {isa = PBXFileReference; fileEncoding = 4; lastKnownFileType = sourcecode.c.c; path = cpRotaryLimitJoint.c; sourceTree = "<group>"; };
		66C75C2413BE83F8002D8411 /* cpSimpleMotor.c */ = {isa = PBXFileReference; fileEncoding = 4; lastKnownFileType = sourcecode.c.c; path = cpSimpleMotor.c; sourceTree = "<group>"; };
		66C75C2513BE83F8002D8411 /* cpSlideJoint.c */ = {isa = PBXFileReference; fileEncoding = 4; lastKnownFileType = sourcecode.c.c; path = cpSlideJoint.c; sourceTree = "<group>"; };
		66C75C2613BE83F8002D8411 /* cpArbiter.c */ = {isa = PBXFileReference; fileEncoding = 4; lastKnownFileType = sourcecode.c.c; path = cpArbiter.c; sourceTree = "<group>"; };
		66C75C2713BE83F8002D8411 /* cpArray.c */ = {isa = PBXFileReference; fileEncoding = 4; lastKnownFileType = sourcecode.c.c; path = cpArray.c; sourceTree = "<group>"; };
		66C75C2813BE83F8002D8411 /* cpBB.c */ = {isa = PBXFileReference; fileEncoding = 4; lastKnownFileType = sourcecode.c.c; path = cpBB.c; sourceTree = "<group>"; };
		66C75C2913BE83F8002D8411 /* cpBBTree.c */ = {isa = PBXFileReference; fileEncoding = 4; lastKnownFileType = sourcecode.c.c; path = cpBBTree.c; sourceTree = "<group>"; };
		66C75C2A13BE83F8002D8411 /* cpBody.c */ = {isa = PBXFileReference; fileEncoding = 4; lastKnownFileType = sourcecode.c.c; path = cpBody.c; sourceTree = "<group>"; };
		66C75C2B13BE83F8002D8411 /* cpCollision.c */ = {isa = PBXFileReference; fileEncoding = 4; lastKnownFileType = sourcecode.c.c; path = cpCollision.c; sourceTree = "<group>"; };
		66C75C2C13BE83F8002D8411 /* cpHashSet.c */ = {isa = PBXFileReference; fileEncoding = 4; lastKnownFileType = sourcecode.c.c; path = cpHashSet.c; sourceTree = "<group>"; };
		66C75C2D13BE83F8002D8411 /* cpPolyShape.c */ = {isa = PBXFileReference; fileEncoding = 4; lastKnownFileType = sourcecode.c.c; path = cpPolyShape.c; sourceTree = "<group>"; };
		66C75C2E13BE83F8002D8411 /* cpShape.c */ = {isa = PBXFileReference; fileEncoding = 4; lastKnownFileType = sourcecode.c.c; path = cpShape.c; sourceTree = "<group>"; };
		66C75C2F13BE83F8002D8411 /* cpSpace.c */ = {isa = PBXFileReference; fileEncoding = 4; lastKnownFileType = sourcecode.c.c; path = cpSpace.c; sourceTree = "<group>"; };
		66C75C3013BE83F8002D8411 /* cpSpaceComponent.c */ = {isa = PBXFileReference; fileEncoding = 4; lastKnownFileType = sourcecode.c.c; path = cpSpaceComponent.c; sourceTree = "<group>"; };
		66C75C3113BE83F8002D8411 /* cpSpaceHash.c */ = {isa = PBXFileReference; fileEncoding = 4; lastKnownFileType = sourcecode.c.c; path = cpSpaceHash.c; sourceTree = "<group>"; };
		66C75C3213BE83F8002D8411 /* cpSpaceQuery.c */ = {isa = PBXFileReference; fileEncoding = 4; lastKnownFileType = sourcecode.c.c; path = cpSpaceQuery.c; sourceTree = "<group>"; };
		66C75C3313BE83F8002D8411 /* cpSpaceStep.c */ = {isa = PBXFileReference; fileEncoding = 4; lastKnownFileType = sourcecode.c.c; path = cpSpaceStep.c; sourceTree = "<group>"; };
		66C75C3413BE83F8002D8411 /* cpSpatialIndex.c */ = {isa = PBXFileReference; fileEncoding = 4; lastKnownFileType = sourcecode.c.c; path = cpSpatialIndex.c; sourceTree = "<group>"; };
		66C75C3513BE83F8002D8411 /* cpSweep1D.c */ = {isa = PBXFileReference; fileEncoding = 4; lastKnownFileType = sourcecode.c.c; path = cpSweep1D.c; sourceTree = "<group>"; };
		66C75C3613BE83F8002D8411 /* cpVect.c */ = {isa = PBXFileReference; fileEncoding = 4; lastKnownFileType = sourcecode.c.c; path = cpVect.c; sourceTree = "<group>"; };
		66C75C3713BE83F8002D8411 /* LICENSE.txt */ = {isa = PBXFileReference; fileEncoding = 4; lastKnownFileType = text; path = LICENSE.txt; sourceTree = "<group>"; };
		66C75C3813BE83F8002D8411 /* prime.h */ = {isa = PBXFileReference; fileEncoding = 4; lastKnownFileType = sourcecode.c.h; path = prime.h; sourceTree = "<group>"; };
		66C75C8E13BE87EA002D8411 /* OpenGL.framework */ = {isa = PBXFileReference; lastKnownFileType = wrapper.framework; name = OpenGL.framework; path = System/Library/Frameworks/OpenGL.framework; sourceTree = SDKROOT; };
		66C7B0D51405B2EC0079E164 /* Connections.plist */ = {isa = PBXFileReference; fileEncoding = 4; lastKnownFileType = text.plist.xml; path = Connections.plist; sourceTree = "<group>"; };
		66CA1F9513FDC07D003DF8A2 /* ItemClasses.plist */ = {isa = PBXFileReference; fileEncoding = 4; lastKnownFileType = text.plist.xml; path = ItemClasses.plist; sourceTree = "<group>"; };
		66CA29D813EA15440022E906 /* Messing.ysroom */ = {isa = PBXFileReference; fileEncoding = 4; lastKnownFileType = text.xml; path = Messing.ysroom; sourceTree = "<group>"; };
		66CB1477140706840089FDDC /* Particle.h */ = {isa = PBXFileReference; fileEncoding = 4; lastKnownFileType = sourcecode.c.h; path = Particle.h; sourceTree = "<group>"; };
		66CB1478140706840089FDDC /* Particle.m */ = {isa = PBXFileReference; fileEncoding = 4; lastKnownFileType = sourcecode.c.objc; path = Particle.m; sourceTree = "<group>"; };
		66CB14B7140714EC0089FDDC /* RandomTools.h */ = {isa = PBXFileReference; fileEncoding = 4; lastKnownFileType = sourcecode.c.h; path = RandomTools.h; sourceTree = "<group>"; };
		66CB16D6140BE4DF0089FDDC /* Spawn.h */ = {isa = PBXFileReference; fileEncoding = 4; lastKnownFileType = sourcecode.c.h; path = Spawn.h; sourceTree = "<group>"; };
		66CB16D7140BE4DF0089FDDC /* Spawn.m */ = {isa = PBXFileReference; fileEncoding = 4; lastKnownFileType = sourcecode.c.objc; path = Spawn.m; sourceTree = "<group>"; };
		66CC26BE1403024900252B96 /* Health.h */ = {isa = PBXFileReference; fileEncoding = 4; lastKnownFileType = sourcecode.c.h; path = Health.h; sourceTree = "<group>"; };
		66CC26BF1403024900252B96 /* Health.m */ = {isa = PBXFileReference; fileEncoding = 4; lastKnownFileType = sourcecode.c.objc; path = Health.m; sourceTree = "<group>"; };
		66CD97DA140060370089AFED /* ItemTiles.psd */ = {isa = PBXFileReference; lastKnownFileType = file; path = ItemTiles.psd; sourceTree = "<group>"; };
		66CDF22313CB8EC80097FBF8 /* Constants.h */ = {isa = PBXFileReference; fileEncoding = 4; lastKnownFileType = sourcecode.c.h; path = Constants.h; sourceTree = "<group>"; };
		8D1107320486CEB800E47090 /* Your Story.app */ = {isa = PBXFileReference; explicitFileType = wrapper.application; includeInIndex = 0; path = "Your Story.app"; sourceTree = BUILT_PRODUCTS_DIR; };
		D34FF3A7140AC6F000BF9C33 /* Ogg.framework */ = {isa = PBXFileReference; lastKnownFileType = wrapper.framework; path = Ogg.framework; sourceTree = "<group>"; };
		D34FF3A8140AC6F000BF9C33 /* Vorbis.framework */ = {isa = PBXFileReference; lastKnownFileType = wrapper.framework; path = Vorbis.framework; sourceTree = "<group>"; };
		D34FF3AD140AC77C00BF9C33 /* Sound.h */ = {isa = PBXFileReference; fileEncoding = 4; lastKnownFileType = sourcecode.c.h; path = Sound.h; sourceTree = "<group>"; };
		D34FF3AE140AC77C00BF9C33 /* Sound.m */ = {isa = PBXFileReference; fileEncoding = 4; lastKnownFileType = sourcecode.c.objc; path = Sound.m; sourceTree = "<group>"; };
		D34FF3B0140AC83400BF9C33 /* OpenAL.framework */ = {isa = PBXFileReference; lastKnownFileType = wrapper.framework; name = OpenAL.framework; path = ../../../../System/Library/Frameworks/OpenAL.framework; sourceTree = "<group>"; };
		D34FF3B3140B134500BF9C33 /* Creepy.ogg */ = {isa = PBXFileReference; lastKnownFileType = file; path = Creepy.ogg; sourceTree = "<group>"; };
		D34FF3B4140B134500BF9C33 /* PlayerJump.ogg */ = {isa = PBXFileReference; lastKnownFileType = file; path = PlayerJump.ogg; sourceTree = "<group>"; };
		D34FF3B5140B134500BF9C33 /* PlayerLand.ogg */ = {isa = PBXFileReference; lastKnownFileType = file; path = PlayerLand.ogg; sourceTree = "<group>"; };
		D34FF3BC140B1D5F00BF9C33 /* Heart.ogg */ = {isa = PBXFileReference; lastKnownFileType = file; path = Heart.ogg; sourceTree = "<group>"; };
		D34FF3BD140B1D5F00BF9C33 /* JumperJump.ogg */ = {isa = PBXFileReference; lastKnownFileType = file; path = JumperJump.ogg; sourceTree = "<group>"; };
		D34FF3BE140B1D5F00BF9C33 /* PlayerHit.ogg */ = {isa = PBXFileReference; lastKnownFileType = file; path = PlayerHit.ogg; sourceTree = "<group>"; };
		D34FF3BF140B1D5F00BF9C33 /* PlayerShotgun.ogg */ = {isa = PBXFileReference; lastKnownFileType = file; path = PlayerShotgun.ogg; sourceTree = "<group>"; };
		D370023B14021319005C3A57 /* light-point.psd */ = {isa = PBXFileReference; lastKnownFileType = file; path = "light-point.psd"; sourceTree = "<group>"; };
		D3BA93CB13FB11360005173B /* ChipmunkDebugDraw.c */ = {isa = PBXFileReference; fileEncoding = 4; lastKnownFileType = sourcecode.c.c; path = ChipmunkDebugDraw.c; sourceTree = "<group>"; };
		D3BA93CC13FB11360005173B /* ChipmunkDebugDraw.h */ = {isa = PBXFileReference; fileEncoding = 4; lastKnownFileType = sourcecode.c.h; path = ChipmunkDebugDraw.h; sourceTree = "<group>"; };
		D3BA942713FE61010005173B /* libTileVectorizer.a */ = {isa = PBXFileReference; lastKnownFileType = archive.ar; path = libTileVectorizer.a; sourceTree = "<group>"; };
/* End PBXFileReference section */

/* Begin PBXFrameworksBuildPhase section */
		8D11072E0486CEB800E47090 /* Frameworks */ = {
			isa = PBXFrameworksBuildPhase;
			buildActionMask = 2147483647;
			files = (
				D34FF3B1140AC83400BF9C33 /* OpenAL.framework in Frameworks */,
				8D11072F0486CEB800E47090 /* Cocoa.framework in Frameworks */,
				66C75C8F13BE87EB002D8411 /* OpenGL.framework in Frameworks */,
				D3BA942813FE61010005173B /* libTileVectorizer.a in Frameworks */,
				D34FF3A9140AC6F000BF9C33 /* Ogg.framework in Frameworks */,
				D34FF3AA140AC6F000BF9C33 /* Vorbis.framework in Frameworks */,
			);
			runOnlyForDeploymentPostprocessing = 0;
		};
/* End PBXFrameworksBuildPhase section */

/* Begin PBXGroup section */
		080E96DDFE201D6D7F000001 /* Classes */ = {
			isa = PBXGroup;
			children = (
				D34FF3AC140AC76800BF9C33 /* Audio */,
				66C745DC1401AE5A00C6FE04 /* Enemies */,
				66C745DF1401AE5A00C6FE04 /* Game */,
				66C745E41401AE5A00C6FE04 /* Game Classes */,
				66C745EB1401AE5A00C6FE04 /* Graphics */,
				66CC26BD1403022300252B96 /* Pickups */,
				66C745F81401AE5A00C6FE04 /* Player */,
				66C745FD1401AE5A00C6FE04 /* Structure */,
				66C75B8A13BE801C002D8411 /* AppDelegate.h */,
				66C75B8B13BE801C002D8411 /* AppDelegate.m */,
				66CDF22313CB8EC80097FBF8 /* Constants.h */,
				66C746171401AE8400C6FE04 /* Types.h */,
				66CB14B7140714EC0089FDDC /* RandomTools.h */,
			);
			path = Classes;
			sourceTree = "<group>";
		};
		1058C7A0FEA54F0111CA2CBB /* Linked Frameworks */ = {
			isa = PBXGroup;
			children = (
				1058C7A1FEA54F0111CA2CBB /* Cocoa.framework */,
			);
			name = "Linked Frameworks";
			sourceTree = "<group>";
		};
		1058C7A2FEA54F0111CA2CBB /* Other Frameworks */ = {
			isa = PBXGroup;
			children = (
				29B97324FDCFA39411CA2CEA /* AppKit.framework */,
				13E42FB307B3F0F600E4EEF1 /* CoreData.framework */,
				29B97325FDCFA39411CA2CEA /* Foundation.framework */,
				66C75C8E13BE87EA002D8411 /* OpenGL.framework */,
			);
			name = "Other Frameworks";
			sourceTree = "<group>";
		};
		19C28FACFE9D520D11CA2CBB /* Products */ = {
			isa = PBXGroup;
			children = (
				8D1107320486CEB800E47090 /* Your Story.app */,
			);
			name = Products;
			sourceTree = "<group>";
		};
		29B97314FDCFA39411CA2CEA /* Untitled */ = {
			isa = PBXGroup;
			children = (
				D34FF3B0140AC83400BF9C33 /* OpenAL.framework */,
				080E96DDFE201D6D7F000001 /* Classes */,
				29B97317FDCFA39411CA2CEA /* Crap */,
				29B97323FDCFA39411CA2CEA /* Frameworks */,
				66C75BB113BE8385002D8411 /* Other Sources */,
				660B7FA213BFBC31001ECF63 /* Resources */,
				19C28FACFE9D520D11CA2CBB /* Products */,
			);
			name = Untitled;
			sourceTree = "<group>";
		};
		29B97317FDCFA39411CA2CEA /* Crap */ = {
			isa = PBXGroup;
			children = (
				66C75B9213BE8060002D8411 /* Info.plist */,
				089C165CFE840E0CC02AAC07 /* InfoPlist.strings */,
				1DDD58140DA1D0A300B32029 /* MainMenu.xib */,
			);
			path = Crap;
			sourceTree = "<group>";
		};
		29B97323FDCFA39411CA2CEA /* Frameworks */ = {
			isa = PBXGroup;
			children = (
				1058C7A0FEA54F0111CA2CBB /* Linked Frameworks */,
				1058C7A2FEA54F0111CA2CBB /* Other Frameworks */,
			);
			name = Frameworks;
			sourceTree = "<group>";
		};
		66011CDD13F89AFA009B2CBC /* Sprites */ = {
			isa = PBXGroup;
			children = (
				66011CDE13F89AFA009B2CBC /* MainSprites.psd */,
			);
			path = Sprites;
			sourceTree = "<group>";
		};
		660B7FA213BFBC31001ECF63 /* Resources */ = {
			isa = PBXGroup;
			children = (
				D34FF3B2140B134500BF9C33 /* Sounds */,
				66011CDD13F89AFA009B2CBC /* Sprites */,
				6677DDE513D2F51F00A43DF4 /* Stuff */,
				660B803813BFD4AF001ECF63 /* Rooms */,
				660B7FA313BFBC31001ECF63 /* Tiles */,
			);
			path = Resources;
			sourceTree = "<group>";
		};
		660B7FA313BFBC31001ECF63 /* Tiles */ = {
			isa = PBXGroup;
			children = (
				66CD97DA140060370089AFED /* ItemTiles.psd */,
				66C3D93313EE0811007CBD54 /* WhoKnows.psd */,
				660B7FA413BFBC31001ECF63 /* Test.psd */,
				6658F23313F08C40007588D1 /* UI.psd */,
			);
			path = Tiles;
			sourceTree = "<group>";
		};
		660B803813BFD4AF001ECF63 /* Rooms */ = {
			isa = PBXGroup;
			children = (
				66C3D93113EE0809007CBD54 /* Another.ysroom */,
				66CA29D813EA15440022E906 /* Messing.ysroom */,
				660B803913BFD4C0001ECF63 /* Test.ysroom */,
			);
			path = Rooms;
			sourceTree = "<group>";
		};
		6677DDE513D2F51F00A43DF4 /* Stuff */ = {
			isa = PBXGroup;
			children = (
				D370023B14021319005C3A57 /* light-point.psd */,
				6677DDE613D2F51F00A43DF4 /* Collision Data.plist */,
				66CA1F9513FDC07D003DF8A2 /* ItemClasses.plist */,
				6677DDE713D2F51F00A43DF4 /* Collision Shapes.psd */,
				66C7B0D51405B2EC0079E164 /* Connections.plist */,
			);
			path = Stuff;
			sourceTree = "<group>";
		};
		66C745DC1401AE5A00C6FE04 /* Enemies */ = {
			isa = PBXGroup;
			children = (
				66C745DD1401AE5A00C6FE04 /* Jumper.h */,
				66C745DE1401AE5A00C6FE04 /* Jumper.m */,
			);
			path = Enemies;
			sourceTree = "<group>";
		};
		66C745DF1401AE5A00C6FE04 /* Game */ = {
			isa = PBXGroup;
			children = (
				66C745E01401AE5A00C6FE04 /* Game+Editor.h */,
				66C745E11401AE5A00C6FE04 /* Game+Editor.m */,
				66C745E21401AE5A00C6FE04 /* Game.h */,
				66C745E31401AE5A00C6FE04 /* Game.m */,
				66C746221401AF2000C6FE04 /* Game+Items.h */,
				66C746231401AF2000C6FE04 /* Game+Items.m */,
				66C746271401B08F00C6FE04 /* Game+Input.h */,
				66C746281401B08F00C6FE04 /* Game+Input.m */,
				66C7467D1401B76B00C6FE04 /* Game+Drawing.h */,
				66C7467E1401B76B00C6FE04 /* Game+Drawing.m */,
			);
			path = Game;
			sourceTree = "<group>";
		};
		66C745E41401AE5A00C6FE04 /* Game Classes */ = {
			isa = PBXGroup;
			children = (
				66C745E71401AE5A00C6FE04 /* Item.h */,
				66C745E81401AE5A00C6FE04 /* Item.m */,
				66C745E91401AE5A00C6FE04 /* PhysicsObject.h */,
				66C745EA1401AE5A00C6FE04 /* PhysicsObject.m */,
			);
			path = "Game Classes";
			sourceTree = "<group>";
		};
		66C745EB1401AE5A00C6FE04 /* Graphics */ = {
			isa = PBXGroup;
			children = (
				66C745EC1401AE5A00C6FE04 /* Collision.h */,
				66C745ED1401AE5A00C6FE04 /* Collision.m */,
				66C745EE1401AE5A00C6FE04 /* FBO.h */,
				66C745EF1401AE5A00C6FE04 /* FBO.m */,
				66C745F01401AE5A00C6FE04 /* MainView.h */,
				66C745F11401AE5A00C6FE04 /* MainView.m */,
				66CB1477140706840089FDDC /* Particle.h */,
				66CB1478140706840089FDDC /* Particle.m */,
				66C745F21401AE5A00C6FE04 /* Sprite.h */,
				66C745F31401AE5A00C6FE04 /* Sprite.m */,
				66C745F41401AE5A00C6FE04 /* Texture.h */,
				66C745F51401AE5A00C6FE04 /* Texture.m */,
				66C745F61401AE5A00C6FE04 /* TileMap.h */,
				66C745F71401AE5A00C6FE04 /* TileMap.m */,
			);
			path = Graphics;
			sourceTree = "<group>";
		};
		66C745F81401AE5A00C6FE04 /* Player */ = {
			isa = PBXGroup;
			children = (
				66C745FB1401AE5A00C6FE04 /* Player.h */,
				66C745FC1401AE5A00C6FE04 /* Player.m */,
				66C745F91401AE5A00C6FE04 /* Character.h */,
				66C745FA1401AE5A00C6FE04 /* Character.m */,
				66C746B41401C14E00C6FE04 /* DamageArea.h */,
				66C746B51401C14E00C6FE04 /* DamageArea.m */,
				66CB16D6140BE4DF0089FDDC /* Spawn.h */,
				66CB16D7140BE4DF0089FDDC /* Spawn.m */,
			);
			path = Player;
			sourceTree = "<group>";
		};
		66C745FD1401AE5A00C6FE04 /* Structure */ = {
			isa = PBXGroup;
			children = (
				66C745FE1401AE5A00C6FE04 /* ItemLayer.h */,
				66C745FF1401AE5A00C6FE04 /* ItemLayer.m */,
				66C746001401AE5A00C6FE04 /* Layer.h */,
				66C746011401AE5A00C6FE04 /* Layer.m */,
				66C746021401AE5A00C6FE04 /* Room.h */,
				66C746031401AE5A00C6FE04 /* Room.m */,
			);
			path = Structure;
			sourceTree = "<group>";
		};
		66C75BB113BE8385002D8411 /* Other Sources */ = {
			isa = PBXGroup;
			children = (
				D34FF3A7140AC6F000BF9C33 /* Ogg.framework */,
				D34FF3A8140AC6F000BF9C33 /* Vorbis.framework */,
				D3BA942713FE61010005173B /* libTileVectorizer.a */,
				D3BA93CC13FB11360005173B /* ChipmunkDebugDraw.h */,
				D3BA93CB13FB11360005173B /* ChipmunkDebugDraw.c */,
				66C75BFC13BE83F8002D8411 /* Chipmunk */,
				66C75BF313BE83A0002D8411 /* main.m */,
			);
			path = "Other Sources";
			sourceTree = "<group>";
		};
		66C75BFC13BE83F8002D8411 /* Chipmunk */ = {
			isa = PBXGroup;
			children = (
				66C75BFD13BE83F8002D8411 /* chipmunk.h */,
				66C75BFE13BE83F8002D8411 /* chipmunk_ffi.h */,
				66C75BFF13BE83F8002D8411 /* chipmunk_private.h */,
				66C75C0013BE83F8002D8411 /* chipmunk_types.h */,
				66C75C0113BE83F8002D8411 /* chipmunk_unsafe.h */,
				66C75C0213BE83F8002D8411 /* constraints */,
				66C75C0F13BE83F8002D8411 /* cpArbiter.h */,
				66C75C1013BE83F8002D8411 /* cpBB.h */,
				66C75C1113BE83F8002D8411 /* cpBody.h */,
				66C75C1213BE83F8002D8411 /* cpPolyShape.h */,
				66C75C1313BE83F8002D8411 /* cpShape.h */,
				66C75C1413BE83F8002D8411 /* cpSpace.h */,
				66C75C1513BE83F8002D8411 /* cpSpatialIndex.h */,
				66C75C1613BE83F8002D8411 /* cpVect.h */,
				66C75C1713BE83F8002D8411 /* src */,
			);
			path = Chipmunk;
			sourceTree = "<group>";
		};
		66C75C0213BE83F8002D8411 /* constraints */ = {
			isa = PBXGroup;
			children = (
				66C75C0313BE83F8002D8411 /* cpConstraint.h */,
				66C75C0413BE83F8002D8411 /* cpDampedRotarySpring.h */,
				66C75C0513BE83F8002D8411 /* cpDampedSpring.h */,
				66C75C0613BE83F8002D8411 /* cpGearJoint.h */,
				66C75C0713BE83F8002D8411 /* cpGrooveJoint.h */,
				66C75C0813BE83F8002D8411 /* cpPinJoint.h */,
				66C75C0913BE83F8002D8411 /* cpPivotJoint.h */,
				66C75C0A13BE83F8002D8411 /* cpRatchetJoint.h */,
				66C75C0B13BE83F8002D8411 /* cpRotaryLimitJoint.h */,
				66C75C0C13BE83F8002D8411 /* cpSimpleMotor.h */,
				66C75C0D13BE83F8002D8411 /* cpSlideJoint.h */,
				66C75C0E13BE83F8002D8411 /* util.h */,
			);
			path = constraints;
			sourceTree = "<group>";
		};
		66C75C1713BE83F8002D8411 /* src */ = {
			isa = PBXGroup;
			children = (
				66C75C1813BE83F8002D8411 /* chipmunk.c */,
				66C75C1913BE83F8002D8411 /* CMakeLists.txt */,
				66C75C1A13BE83F8002D8411 /* constraints */,
				66C75C2613BE83F8002D8411 /* cpArbiter.c */,
				66C75C2713BE83F8002D8411 /* cpArray.c */,
				66C75C2813BE83F8002D8411 /* cpBB.c */,
				66C75C2913BE83F8002D8411 /* cpBBTree.c */,
				66C75C2A13BE83F8002D8411 /* cpBody.c */,
				66C75C2B13BE83F8002D8411 /* cpCollision.c */,
				66C75C2C13BE83F8002D8411 /* cpHashSet.c */,
				66C75C2D13BE83F8002D8411 /* cpPolyShape.c */,
				66C75C2E13BE83F8002D8411 /* cpShape.c */,
				66C75C2F13BE83F8002D8411 /* cpSpace.c */,
				66C75C3013BE83F8002D8411 /* cpSpaceComponent.c */,
				66C75C3113BE83F8002D8411 /* cpSpaceHash.c */,
				66C75C3213BE83F8002D8411 /* cpSpaceQuery.c */,
				66C75C3313BE83F8002D8411 /* cpSpaceStep.c */,
				66C75C3413BE83F8002D8411 /* cpSpatialIndex.c */,
				66C75C3513BE83F8002D8411 /* cpSweep1D.c */,
				66C75C3613BE83F8002D8411 /* cpVect.c */,
				66C75C3713BE83F8002D8411 /* LICENSE.txt */,
				66C75C3813BE83F8002D8411 /* prime.h */,
			);
			path = src;
			sourceTree = "<group>";
		};
		66C75C1A13BE83F8002D8411 /* constraints */ = {
			isa = PBXGroup;
			children = (
				66C75C1B13BE83F8002D8411 /* cpConstraint.c */,
				66C75C1C13BE83F8002D8411 /* cpDampedRotarySpring.c */,
				66C75C1D13BE83F8002D8411 /* cpDampedSpring.c */,
				66C75C1E13BE83F8002D8411 /* cpGearJoint.c */,
				66C75C1F13BE83F8002D8411 /* cpGrooveJoint.c */,
				66C75C2013BE83F8002D8411 /* cpPinJoint.c */,
				66C75C2113BE83F8002D8411 /* cpPivotJoint.c */,
				66C75C2213BE83F8002D8411 /* cpRatchetJoint.c */,
				66C75C2313BE83F8002D8411 /* cpRotaryLimitJoint.c */,
				66C75C2413BE83F8002D8411 /* cpSimpleMotor.c */,
				66C75C2513BE83F8002D8411 /* cpSlideJoint.c */,
			);
			path = constraints;
			sourceTree = "<group>";
		};
		66CC26BD1403022300252B96 /* Pickups */ = {
			isa = PBXGroup;
			children = (
				66CC26BE1403024900252B96 /* Health.h */,
				66CC26BF1403024900252B96 /* Health.m */,
			);
			path = Pickups;
			sourceTree = "<group>";
		};
		D34FF3AC140AC76800BF9C33 /* Audio */ = {
			isa = PBXGroup;
			children = (
				D34FF3AD140AC77C00BF9C33 /* Sound.h */,
				D34FF3AE140AC77C00BF9C33 /* Sound.m */,
			);
			name = Audio;
			sourceTree = "<group>";
		};
		D34FF3B2140B134500BF9C33 /* Sounds */ = {
			isa = PBXGroup;
			children = (
				D34FF3BC140B1D5F00BF9C33 /* Heart.ogg */,
				D34FF3BD140B1D5F00BF9C33 /* JumperJump.ogg */,
				D34FF3BE140B1D5F00BF9C33 /* PlayerHit.ogg */,
				D34FF3BF140B1D5F00BF9C33 /* PlayerShotgun.ogg */,
				D34FF3B3140B134500BF9C33 /* Creepy.ogg */,
				D34FF3B4140B134500BF9C33 /* PlayerJump.ogg */,
				D34FF3B5140B134500BF9C33 /* PlayerLand.ogg */,
			);
			path = Sounds;
			sourceTree = "<group>";
		};
/* End PBXGroup section */

/* Begin PBXNativeTarget section */
		8D1107260486CEB800E47090 /* Your Story */ = {
			isa = PBXNativeTarget;
			buildConfigurationList = C01FCF4A08A954540054247B /* Build configuration list for PBXNativeTarget "Your Story" */;
			buildPhases = (
				8D1107290486CEB800E47090 /* Resources */,
				8D11072C0486CEB800E47090 /* Sources */,
				8D11072E0486CEB800E47090 /* Frameworks */,
				D34FF3B9140B137E00BF9C33 /* CopyFiles */,
			);
			buildRules = (
			);
			dependencies = (
			);
			name = "Your Story";
			productInstallPath = "$(HOME)/Applications";
			productName = Untitled;
			productReference = 8D1107320486CEB800E47090 /* Your Story.app */;
			productType = "com.apple.product-type.application";
		};
/* End PBXNativeTarget section */

/* Begin PBXProject section */
		29B97313FDCFA39411CA2CEA /* Project object */ = {
			isa = PBXProject;
			attributes = {
				ORGANIZATIONNAME = "Max Williams";
			};
			buildConfigurationList = C01FCF4E08A954540054247B /* Build configuration list for PBXProject "Your Story" */;
			compatibilityVersion = "Xcode 3.1";
			developmentRegion = English;
			hasScannedForEncodings = 1;
			knownRegions = (
				English,
				Japanese,
				French,
				German,
			);
			mainGroup = 29B97314FDCFA39411CA2CEA /* Untitled */;
			projectDirPath = "";
			projectRoot = "";
			targets = (
				8D1107260486CEB800E47090 /* Your Story */,
			);
		};
/* End PBXProject section */

/* Begin PBXResourcesBuildPhase section */
		8D1107290486CEB800E47090 /* Resources */ = {
			isa = PBXResourcesBuildPhase;
			buildActionMask = 2147483647;
			files = (
				8D11072B0486CEB800E47090 /* InfoPlist.strings in Resources */,
				1DDD58160DA1D0A300B32029 /* MainMenu.xib in Resources */,
				66C75C3A13BE83F8002D8411 /* CMakeLists.txt in Resources */,
				66C75C5713BE83F8002D8411 /* LICENSE.txt in Resources */,
				660B7FA513BFBC31001ECF63 /* Test.psd in Resources */,
				660B803A13BFD4C0001ECF63 /* Test.ysroom in Resources */,
				6677DDE813D2F51F00A43DF4 /* Collision Data.plist in Resources */,
				6677DDE913D2F51F00A43DF4 /* Collision Shapes.psd in Resources */,
				66CA29D913EA15440022E906 /* Messing.ysroom in Resources */,
				66C3D93213EE0809007CBD54 /* Another.ysroom in Resources */,
				66C3D93413EE0811007CBD54 /* WhoKnows.psd in Resources */,
				6658F23413F08C40007588D1 /* UI.psd in Resources */,
				66011CDF13F89AFA009B2CBC /* MainSprites.psd in Resources */,
				66CA1F9613FDC07D003DF8A2 /* ItemClasses.plist in Resources */,
				66CD97DB140060370089AFED /* ItemTiles.psd in Resources */,
				D370023C14021319005C3A57 /* light-point.psd in Resources */,
				66C7B0D61405B2EC0079E164 /* Connections.plist in Resources */,
				D34FF3B6140B134500BF9C33 /* Creepy.ogg in Resources */,
				D34FF3B7140B134500BF9C33 /* PlayerJump.ogg in Resources */,
				D34FF3B8140B134500BF9C33 /* PlayerLand.ogg in Resources */,
				D34FF3C0140B1D5F00BF9C33 /* Heart.ogg in Resources */,
				D34FF3C1140B1D5F00BF9C33 /* JumperJump.ogg in Resources */,
				D34FF3C2140B1D5F00BF9C33 /* PlayerHit.ogg in Resources */,
				D34FF3C3140B1D5F00BF9C33 /* PlayerShotgun.ogg in Resources */,
			);
			runOnlyForDeploymentPostprocessing = 0;
		};
/* End PBXResourcesBuildPhase section */

/* Begin PBXSourcesBuildPhase section */
		8D11072C0486CEB800E47090 /* Sources */ = {
			isa = PBXSourcesBuildPhase;
			buildActionMask = 2147483647;
			files = (
				66C75B8C13BE801C002D8411 /* AppDelegate.m in Sources */,
				66C75BF413BE83A0002D8411 /* main.m in Sources */,
				66C75C3913BE83F8002D8411 /* chipmunk.c in Sources */,
				66C75C3B13BE83F8002D8411 /* cpConstraint.c in Sources */,
				66C75C3C13BE83F8002D8411 /* cpDampedRotarySpring.c in Sources */,
				66C75C3D13BE83F8002D8411 /* cpDampedSpring.c in Sources */,
				66C75C3E13BE83F8002D8411 /* cpGearJoint.c in Sources */,
				66C75C3F13BE83F8002D8411 /* cpGrooveJoint.c in Sources */,
				66C75C4013BE83F8002D8411 /* cpPinJoint.c in Sources */,
				66C75C4113BE83F8002D8411 /* cpPivotJoint.c in Sources */,
				66C75C4213BE83F8002D8411 /* cpRatchetJoint.c in Sources */,
				66C75C4313BE83F8002D8411 /* cpRotaryLimitJoint.c in Sources */,
				66C75C4413BE83F8002D8411 /* cpSimpleMotor.c in Sources */,
				66C75C4513BE83F8002D8411 /* cpSlideJoint.c in Sources */,
				66C75C4613BE83F8002D8411 /* cpArbiter.c in Sources */,
				66C75C4713BE83F8002D8411 /* cpArray.c in Sources */,
				66C75C4813BE83F8002D8411 /* cpBB.c in Sources */,
				66C75C4913BE83F8002D8411 /* cpBBTree.c in Sources */,
				66C75C4A13BE83F8002D8411 /* cpBody.c in Sources */,
				66C75C4B13BE83F8002D8411 /* cpCollision.c in Sources */,
				66C75C4C13BE83F8002D8411 /* cpHashSet.c in Sources */,
				66C75C4D13BE83F8002D8411 /* cpPolyShape.c in Sources */,
				66C75C4E13BE83F8002D8411 /* cpShape.c in Sources */,
				66C75C4F13BE83F8002D8411 /* cpSpace.c in Sources */,
				66C75C5013BE83F8002D8411 /* cpSpaceComponent.c in Sources */,
				66C75C5113BE83F8002D8411 /* cpSpaceHash.c in Sources */,
				66C75C5213BE83F8002D8411 /* cpSpaceQuery.c in Sources */,
				66C75C5313BE83F8002D8411 /* cpSpaceStep.c in Sources */,
				66C75C5413BE83F8002D8411 /* cpSpatialIndex.c in Sources */,
				66C75C5513BE83F8002D8411 /* cpSweep1D.c in Sources */,
				66C75C5613BE83F8002D8411 /* cpVect.c in Sources */,
				D3BA93CD13FB11360005173B /* ChipmunkDebugDraw.c in Sources */,
				66C746041401AE5A00C6FE04 /* Jumper.m in Sources */,
				66C746051401AE5A00C6FE04 /* Game+Editor.m in Sources */,
				66C746061401AE5A00C6FE04 /* Game.m in Sources */,
				66C746081401AE5A00C6FE04 /* Item.m in Sources */,
				66C746091401AE5A00C6FE04 /* PhysicsObject.m in Sources */,
				66C7460A1401AE5A00C6FE04 /* Collision.m in Sources */,
				66C7460B1401AE5A00C6FE04 /* FBO.m in Sources */,
				66C7460C1401AE5A00C6FE04 /* MainView.m in Sources */,
				66C7460D1401AE5A00C6FE04 /* Sprite.m in Sources */,
				66C7460E1401AE5A00C6FE04 /* Texture.m in Sources */,
				66C7460F1401AE5A00C6FE04 /* TileMap.m in Sources */,
				66C746101401AE5A00C6FE04 /* Character.m in Sources */,
				66C746111401AE5A00C6FE04 /* Player.m in Sources */,
				66C746121401AE5A00C6FE04 /* ItemLayer.m in Sources */,
				66C746131401AE5A00C6FE04 /* Layer.m in Sources */,
				66C746141401AE5A00C6FE04 /* Room.m in Sources */,
				66C746241401AF2000C6FE04 /* Game+Items.m in Sources */,
				66C746291401B08F00C6FE04 /* Game+Input.m in Sources */,
				66C7467F1401B76B00C6FE04 /* Game+Drawing.m in Sources */,
				66C746B61401C14E00C6FE04 /* DamageArea.m in Sources */,
				66CC26C01403024900252B96 /* Health.m in Sources */,
				66CB1479140706840089FDDC /* Particle.m in Sources */,
				66CB16D8140BE4DF0089FDDC /* Spawn.m in Sources */,
				D34FF3AF140AC77C00BF9C33 /* Sound.m in Sources */,
			);
			runOnlyForDeploymentPostprocessing = 0;
		};
/* End PBXSourcesBuildPhase section */

/* Begin PBXVariantGroup section */
		089C165CFE840E0CC02AAC07 /* InfoPlist.strings */ = {
			isa = PBXVariantGroup;
			children = (
				089C165DFE840E0CC02AAC07 /* English */,
			);
			name = InfoPlist.strings;
			sourceTree = "<group>";
		};
		1DDD58140DA1D0A300B32029 /* MainMenu.xib */ = {
			isa = PBXVariantGroup;
			children = (
				1DDD58150DA1D0A300B32029 /* English */,
			);
			name = MainMenu.xib;
			sourceTree = "<group>";
		};
/* End PBXVariantGroup section */

/* Begin XCBuildConfiguration section */
		C01FCF4B08A954540054247B /* Debug */ = {
			isa = XCBuildConfiguration;
			buildSettings = {
				ALWAYS_SEARCH_USER_PATHS = NO;
				COPY_PHASE_STRIP = NO;
				FRAMEWORK_SEARCH_PATHS = (
					"$(inherited)",
					"\"$(SRCROOT)/Other Sources\"",
				);
				GCC_DYNAMIC_NO_PIC = NO;
				GCC_ENABLE_FIX_AND_CONTINUE = YES;
				GCC_MODEL_TUNING = G5;
				GCC_OPTIMIZATION_LEVEL = 0;
				GCC_PRECOMPILE_PREFIX_HEADER = YES;
				GCC_PREFIX_HEADER = Crap/Prefix.pch;
				INFOPLIST_FILE = Crap/Info.plist;
				INSTALL_PATH = "$(HOME)/Applications";
				LIBRARY_SEARCH_PATHS = (
					"$(inherited)",
					"\"$(SRCROOT)/Crap\"",
					"\"$(SRCROOT)/Other Sources\"",
				);
				PRODUCT_NAME = "Your Story";
			};
			name = Debug;
		};
		C01FCF4C08A954540054247B /* Release */ = {
			isa = XCBuildConfiguration;
			buildSettings = {
				ALWAYS_SEARCH_USER_PATHS = NO;
				DEBUG_INFORMATION_FORMAT = "dwarf-with-dsym";
				FRAMEWORK_SEARCH_PATHS = (
					"$(inherited)",
					"\"$(SRCROOT)/Other Sources\"",
				);
				GCC_MODEL_TUNING = G5;
				GCC_PRECOMPILE_PREFIX_HEADER = YES;
				GCC_PREFIX_HEADER = Crap/Prefix.pch;
				INFOPLIST_FILE = Crap/Info.plist;
				INSTALL_PATH = "$(HOME)/Applications";
				LIBRARY_SEARCH_PATHS = (
					"$(inherited)",
					"\"$(SRCROOT)/Crap\"",
					"\"$(SRCROOT)/Other Sources\"",
				);
				PRODUCT_NAME = "Your Story";
			};
			name = Release;
		};
		C01FCF4F08A954540054247B /* Debug */ = {
			isa = XCBuildConfiguration;
			buildSettings = {
				ARCHS = "$(ARCHS_STANDARD_32_64_BIT)";
				GCC_C_LANGUAGE_STANDARD = gnu99;
				GCC_ENABLE_OBJC_GC = supported;
				GCC_OPTIMIZATION_LEVEL = 0;
				GCC_TREAT_WARNINGS_AS_ERRORS = YES;
				GCC_VERSION = com.apple.compilers.llvm.clang.1_0;
				GCC_WARN_ABOUT_RETURN_TYPE = YES;
				GCC_WARN_UNUSED_VARIABLE = YES;
				INFOPLIST_OUTPUT_FORMAT = xml;
				ONLY_ACTIVE_ARCH = YES;
				PREBINDING = NO;
				SDKROOT = "";
				STRINGS_FILE_OUTPUT_ENCODING = "UTF-8";
				SYMROOT = Build;
			};
			name = Debug;
		};
		C01FCF5008A954540054247B /* Release */ = {
			isa = XCBuildConfiguration;
			buildSettings = {
				ARCHS = "$(ARCHS_STANDARD_32_64_BIT)";
				GCC_C_LANGUAGE_STANDARD = gnu99;
				GCC_ENABLE_OBJC_GC = supported;
				GCC_TREAT_WARNINGS_AS_ERRORS = YES;
				GCC_VERSION = com.apple.compilers.llvm.clang.1_0;
				GCC_WARN_ABOUT_RETURN_TYPE = YES;
				GCC_WARN_UNUSED_VARIABLE = YES;
				INFOPLIST_OUTPUT_FORMAT = xml;
				PREBINDING = NO;
				SDKROOT = "";
				STRINGS_FILE_OUTPUT_ENCODING = "UTF-8";
				SYMROOT = Build;
			};
			name = Release;
		};
/* End XCBuildConfiguration section */

/* Begin XCConfigurationList section */
		C01FCF4A08A954540054247B /* Build configuration list for PBXNativeTarget "Your Story" */ = {
			isa = XCConfigurationList;
			buildConfigurations = (
				C01FCF4B08A954540054247B /* Debug */,
				C01FCF4C08A954540054247B /* Release */,
			);
			defaultConfigurationIsVisible = 0;
			defaultConfigurationName = Release;
		};
		C01FCF4E08A954540054247B /* Build configuration list for PBXProject "Your Story" */ = {
			isa = XCConfigurationList;
			buildConfigurations = (
				C01FCF4F08A954540054247B /* Debug */,
				C01FCF5008A954540054247B /* Release */,
			);
			defaultConfigurationIsVisible = 0;
			defaultConfigurationName = Release;
		};
/* End XCConfigurationList section */
	};
	rootObject = 29B97313FDCFA39411CA2CEA /* Project object */;
}
